// !$*UTF8*$!
{
	archiveVersion = 1;
	classes = {
	};
	objectVersion = 46;
	objects = {

/* Begin PBXBuildFile section */
		142E4D3619E3410900C22B7E /* NSDate+REMAISO8601.m in Sources */ = {isa = PBXBuildFile; fileRef = 142E4D3519E3410900C22B7E /* NSDate+REMAISO8601.m */; };
		142E4D3F19E3419900C22B7E /* UIColor+Colors.m in Sources */ = {isa = PBXBuildFile; fileRef = 142E4D3E19E3419900C22B7E /* UIColor+Colors.m */; };
		142E4D4E19E3433E00C22B7E /* NSString+ANDYSizes.m in Sources */ = {isa = PBXBuildFile; fileRef = 142E4D4D19E3433E00C22B7E /* NSString+ANDYSizes.m */; };
		143549B519E266410021A84E /* REMAFielsetBackgroundView.m in Sources */ = {isa = PBXBuildFile; fileRef = 143549B419E266410021A84E /* REMAFielsetBackgroundView.m */; };
		146D7A9B19E09801004A31CE /* REMAValidator.m in Sources */ = {isa = PBXBuildFile; fileRef = 146D7A9A19E09801004A31CE /* REMAValidator.m */; };
		146D7AA819E0983C004A31CE /* REMABankAccountNumberFormatter.m in Sources */ = {isa = PBXBuildFile; fileRef = 146D7AA119E0983C004A31CE /* REMABankAccountNumberFormatter.m */; };
		146D7AA919E0983C004A31CE /* REMAFormatter.m in Sources */ = {isa = PBXBuildFile; fileRef = 146D7AA319E0983C004A31CE /* REMAFormatter.m */; };
		146D7AAA19E0983C004A31CE /* REMAPhoneNumberFormatter.m in Sources */ = {isa = PBXBuildFile; fileRef = 146D7AA519E0983C004A31CE /* REMAPhoneNumberFormatter.m */; };
		146D7AAB19E0983C004A31CE /* REMASocialSecurityNumberFormatter.m in Sources */ = {isa = PBXBuildFile; fileRef = 146D7AA719E0983C004A31CE /* REMASocialSecurityNumberFormatter.m */; };
		146D7ABD19E09853004A31CE /* REMABankAccountNumberInputValidator.m in Sources */ = {isa = PBXBuildFile; fileRef = 146D7AAE19E09853004A31CE /* REMABankAccountNumberInputValidator.m */; };
		146D7ABE19E09853004A31CE /* REMAFloatInputValidator.m in Sources */ = {isa = PBXBuildFile; fileRef = 146D7AB019E09853004A31CE /* REMAFloatInputValidator.m */; };
		146D7ABF19E09853004A31CE /* REMAInputValidator.m in Sources */ = {isa = PBXBuildFile; fileRef = 146D7AB219E09853004A31CE /* REMAInputValidator.m */; };
		146D7AC019E09853004A31CE /* REMANameInputValidator.m in Sources */ = {isa = PBXBuildFile; fileRef = 146D7AB419E09853004A31CE /* REMANameInputValidator.m */; };
		146D7AC119E09853004A31CE /* REMANumberInputValidator.m in Sources */ = {isa = PBXBuildFile; fileRef = 146D7AB619E09853004A31CE /* REMANumberInputValidator.m */; };
		146D7AC219E09853004A31CE /* REMAPhoneNumberInputValidator.m in Sources */ = {isa = PBXBuildFile; fileRef = 146D7AB819E09853004A31CE /* REMAPhoneNumberInputValidator.m */; };
		146D7AC319E09853004A31CE /* REMAPostalCodeInputValidator.m in Sources */ = {isa = PBXBuildFile; fileRef = 146D7ABA19E09853004A31CE /* REMAPostalCodeInputValidator.m */; };
		146D7AC419E09853004A31CE /* REMASocialSecurityNumberInputValidator.m in Sources */ = {isa = PBXBuildFile; fileRef = 146D7ABC19E09853004A31CE /* REMASocialSecurityNumberInputValidator.m */; };
		146D7AD419E09953004A31CE /* NSDictionary+Networking.m in Sources */ = {isa = PBXBuildFile; fileRef = 146D7ACD19E09953004A31CE /* NSDictionary+Networking.m */; };
		146D7AD619E09953004A31CE /* NSString+ZENInflections.m in Sources */ = {isa = PBXBuildFile; fileRef = 146D7AD119E09953004A31CE /* NSString+ZENInflections.m */; };
		146DEA3819E0929B00D9E3FF /* REMAFieldRule.m in Sources */ = {isa = PBXBuildFile; fileRef = 146DEA2D19E0929B00D9E3FF /* REMAFieldRule.m */; };
		146DEA3919E0929B00D9E3FF /* REMAFieldset.m in Sources */ = {isa = PBXBuildFile; fileRef = 146DEA2F19E0929B00D9E3FF /* REMAFieldset.m */; };
		146DEA3A19E0929B00D9E3FF /* REMAFieldValue.m in Sources */ = {isa = PBXBuildFile; fileRef = 146DEA3119E0929B00D9E3FF /* REMAFieldValue.m */; };
		146DEA3B19E0929B00D9E3FF /* REMAFormField.m in Sources */ = {isa = PBXBuildFile; fileRef = 146DEA3319E0929B00D9E3FF /* REMAFormField.m */; };
		146DEA3C19E0929B00D9E3FF /* REMAFormSection.m in Sources */ = {isa = PBXBuildFile; fileRef = 146DEA3519E0929B00D9E3FF /* REMAFormSection.m */; };
		1478934C19DFCC9000BC2497 /* forms.json in Resources */ = {isa = PBXBuildFile; fileRef = 1478934B19DFCC9000BC2497 /* forms.json */; };
		14AD563819E301D60099DB09 /* REMAFielsetsCollectionViewDataSource.m in Sources */ = {isa = PBXBuildFile; fileRef = 14AD563719E301D60099DB09 /* REMAFielsetsCollectionViewDataSource.m */; };
		441B77A619DEC4F4006AF67C /* main.m in Sources */ = {isa = PBXBuildFile; fileRef = 441B77A519DEC4F4006AF67C /* main.m */; };
		441B77A919DEC4F4006AF67C /* AppDelegate.m in Sources */ = {isa = PBXBuildFile; fileRef = 441B77A819DEC4F4006AF67C /* AppDelegate.m */; };
		441B77B119DEC4F4006AF67C /* Images.xcassets in Resources */ = {isa = PBXBuildFile; fileRef = 441B77B019DEC4F4006AF67C /* Images.xcassets */; };
		441B77C019DEC4F4006AF67C /* REMAFormsTests.m in Sources */ = {isa = PBXBuildFile; fileRef = 441B77BF19DEC4F4006AF67C /* REMAFormsTests.m */; };
		441B77CB19DEC647006AF67C /* REMAFielsetsCollectionViewController.m in Sources */ = {isa = PBXBuildFile; fileRef = 441B77CA19DEC647006AF67C /* REMAFielsetsCollectionViewController.m */; };
		441B77CE19DED095006AF67C /* REMAFieldsetHeaderView.m in Sources */ = {isa = PBXBuildFile; fileRef = 441B77CD19DED095006AF67C /* REMAFieldsetHeaderView.m */; };
		441F3F7E19E560300055F1FD /* REMATextFormFieldCell.m in Sources */ = {isa = PBXBuildFile; fileRef = 441F3F7D19E560300055F1FD /* REMATextFormFieldCell.m */; };
		441F3F8419E560480055F1FD /* REMADropdownFormFieldCell.m in Sources */ = {isa = PBXBuildFile; fileRef = 441F3F8119E560480055F1FD /* REMADropdownFormFieldCell.m */; };
		441F3F8519E560480055F1FD /* REMAFieldValuesTableViewController.m in Sources */ = {isa = PBXBuildFile; fileRef = 441F3F8319E560480055F1FD /* REMAFieldValuesTableViewController.m */; };
		441F3F8919E560840055F1FD /* REMADateFormFieldCell.m in Sources */ = {isa = PBXBuildFile; fileRef = 441F3F8819E560840055F1FD /* REMADateFormFieldCell.m */; };
		441F3F8C19E5618D0055F1FD /* HYPTimeViewController.m in Sources */ = {isa = PBXBuildFile; fileRef = 441F3F8B19E5618D0055F1FD /* HYPTimeViewController.m */; };
		441F3F8F19E566610055F1FD /* REMAPopoverFormFieldCell.m in Sources */ = {isa = PBXBuildFile; fileRef = 441F3F8E19E566610055F1FD /* REMAPopoverFormFieldCell.m */; };
		4441A9E119E2B9490068498D /* UIColor+ANDYHex.m in Sources */ = {isa = PBXBuildFile; fileRef = 4441A9E019E2B9490068498D /* UIColor+ANDYHex.m */; };
		4441A9E819E2BBC50068498D /* DIN-BLAC.OTF in Resources */ = {isa = PBXBuildFile; fileRef = 4441A9E319E2BBC50068498D /* DIN-BLAC.OTF */; };
		4441A9E919E2BBC50068498D /* DIN-BOLD.OTF in Resources */ = {isa = PBXBuildFile; fileRef = 4441A9E419E2BBC50068498D /* DIN-BOLD.OTF */; };
		4441A9EA19E2BBC50068498D /* DIN-LIGH.OTF in Resources */ = {isa = PBXBuildFile; fileRef = 4441A9E519E2BBC50068498D /* DIN-LIGH.OTF */; };
		4441A9EB19E2BBC50068498D /* DIN-MEDI.OTF in Resources */ = {isa = PBXBuildFile; fileRef = 4441A9E619E2BBC50068498D /* DIN-MEDI.OTF */; };
		4441A9EC19E2BBC50068498D /* DIN-REGU.OTF in Resources */ = {isa = PBXBuildFile; fileRef = 4441A9E719E2BBC50068498D /* DIN-REGU.OTF */; };
		4441A9EF19E2BC140068498D /* UIFont+Styles.m in Sources */ = {isa = PBXBuildFile; fileRef = 4441A9EE19E2BC140068498D /* UIFont+Styles.m */; };
		445DAF8B19E529B0006F8052 /* REMABaseFormFieldCell.m in Sources */ = {isa = PBXBuildFile; fileRef = 445DAF8419E529B0006F8052 /* REMABaseFormFieldCell.m */; };
		445DAF8C19E529B0006F8052 /* REMAFormFieldHeadingLabel.m in Sources */ = {isa = PBXBuildFile; fileRef = 445DAF8619E529B0006F8052 /* REMAFormFieldHeadingLabel.m */; };
		445DAF8D19E529B0006F8052 /* REMATextFieldTypeManager.m in Sources */ = {isa = PBXBuildFile; fileRef = 445DAF8819E529B0006F8052 /* REMATextFieldTypeManager.m */; };
		445DAF8E19E529B0006F8052 /* REMATextFormField.m in Sources */ = {isa = PBXBuildFile; fileRef = 445DAF8A19E529B0006F8052 /* REMATextFormField.m */; };
		445DAF9519E52D76006F8052 /* ic_mini_arrow_down.png in Resources */ = {isa = PBXBuildFile; fileRef = 445DAF9319E52D76006F8052 /* ic_mini_arrow_down.png */; };
		445DAF9619E52D76006F8052 /* ic_mini_arrow_down@2x.png in Resources */ = {isa = PBXBuildFile; fileRef = 445DAF9419E52D76006F8052 /* ic_mini_arrow_down@2x.png */; };
		446364CD19E2BE3F005D04AD /* UIScreen+HYPLiveBounds.m in Sources */ = {isa = PBXBuildFile; fileRef = 446364CC19E2BE3F005D04AD /* UIScreen+HYPLiveBounds.m */; };
		44D0384A19E54A4A006EB644 /* REMABaseTableViewCell.m in Sources */ = {isa = PBXBuildFile; fileRef = 44D0384919E54A4A006EB644 /* REMABaseTableViewCell.m */; };
		44F244A919E2914D00146A01 /* REMAFielsetsLayout.m in Sources */ = {isa = PBXBuildFile; fileRef = 44F244A819E2914D00146A01 /* REMAFielsetsLayout.m */; };
/* End PBXBuildFile section */

/* Begin PBXContainerItemProxy section */
		441B77BA19DEC4F4006AF67C /* PBXContainerItemProxy */ = {
			isa = PBXContainerItemProxy;
			containerPortal = 441B779819DEC4F3006AF67C /* Project object */;
			proxyType = 1;
			remoteGlobalIDString = 441B779F19DEC4F3006AF67C;
			remoteInfo = REMAForms;
		};
/* End PBXContainerItemProxy section */

/* Begin PBXFileReference section */
		142E4D3419E3410900C22B7E /* NSDate+REMAISO8601.h */ = {isa = PBXFileReference; fileEncoding = 4; lastKnownFileType = sourcecode.c.h; path = "NSDate+REMAISO8601.h"; sourceTree = "<group>"; };
		142E4D3519E3410900C22B7E /* NSDate+REMAISO8601.m */ = {isa = PBXFileReference; fileEncoding = 4; lastKnownFileType = sourcecode.c.objc; path = "NSDate+REMAISO8601.m"; sourceTree = "<group>"; };
		142E4D3D19E3419900C22B7E /* UIColor+Colors.h */ = {isa = PBXFileReference; fileEncoding = 4; lastKnownFileType = sourcecode.c.h; path = "UIColor+Colors.h"; sourceTree = "<group>"; };
		142E4D3E19E3419900C22B7E /* UIColor+Colors.m */ = {isa = PBXFileReference; fileEncoding = 4; lastKnownFileType = sourcecode.c.objc; path = "UIColor+Colors.m"; sourceTree = "<group>"; };
		142E4D4C19E3433E00C22B7E /* NSString+ANDYSizes.h */ = {isa = PBXFileReference; fileEncoding = 4; lastKnownFileType = sourcecode.c.h; path = "NSString+ANDYSizes.h"; sourceTree = "<group>"; };
		142E4D4D19E3433E00C22B7E /* NSString+ANDYSizes.m */ = {isa = PBXFileReference; fileEncoding = 4; lastKnownFileType = sourcecode.c.objc; path = "NSString+ANDYSizes.m"; sourceTree = "<group>"; };
		142E4D4F19E3437500C22B7E /* REMAObserverCenter.h */ = {isa = PBXFileReference; lastKnownFileType = sourcecode.c.h; path = REMAObserverCenter.h; sourceTree = "<group>"; };
		143549B319E266410021A84E /* REMAFielsetBackgroundView.h */ = {isa = PBXFileReference; fileEncoding = 4; lastKnownFileType = sourcecode.c.h; path = REMAFielsetBackgroundView.h; sourceTree = "<group>"; };
		143549B419E266410021A84E /* REMAFielsetBackgroundView.m */ = {isa = PBXFileReference; fileEncoding = 4; lastKnownFileType = sourcecode.c.objc; path = REMAFielsetBackgroundView.m; sourceTree = "<group>"; };
		146D7A9919E09801004A31CE /* REMAValidator.h */ = {isa = PBXFileReference; fileEncoding = 4; lastKnownFileType = sourcecode.c.h; path = REMAValidator.h; sourceTree = "<group>"; };
		146D7A9A19E09801004A31CE /* REMAValidator.m */ = {isa = PBXFileReference; fileEncoding = 4; lastKnownFileType = sourcecode.c.objc; path = REMAValidator.m; sourceTree = "<group>"; };
		146D7AA019E0983C004A31CE /* REMABankAccountNumberFormatter.h */ = {isa = PBXFileReference; fileEncoding = 4; lastKnownFileType = sourcecode.c.h; path = REMABankAccountNumberFormatter.h; sourceTree = "<group>"; };
		146D7AA119E0983C004A31CE /* REMABankAccountNumberFormatter.m */ = {isa = PBXFileReference; fileEncoding = 4; lastKnownFileType = sourcecode.c.objc; path = REMABankAccountNumberFormatter.m; sourceTree = "<group>"; };
		146D7AA219E0983C004A31CE /* REMAFormatter.h */ = {isa = PBXFileReference; fileEncoding = 4; lastKnownFileType = sourcecode.c.h; path = REMAFormatter.h; sourceTree = "<group>"; };
		146D7AA319E0983C004A31CE /* REMAFormatter.m */ = {isa = PBXFileReference; fileEncoding = 4; lastKnownFileType = sourcecode.c.objc; path = REMAFormatter.m; sourceTree = "<group>"; };
		146D7AA419E0983C004A31CE /* REMAPhoneNumberFormatter.h */ = {isa = PBXFileReference; fileEncoding = 4; lastKnownFileType = sourcecode.c.h; path = REMAPhoneNumberFormatter.h; sourceTree = "<group>"; };
		146D7AA519E0983C004A31CE /* REMAPhoneNumberFormatter.m */ = {isa = PBXFileReference; fileEncoding = 4; lastKnownFileType = sourcecode.c.objc; path = REMAPhoneNumberFormatter.m; sourceTree = "<group>"; };
		146D7AA619E0983C004A31CE /* REMASocialSecurityNumberFormatter.h */ = {isa = PBXFileReference; fileEncoding = 4; lastKnownFileType = sourcecode.c.h; path = REMASocialSecurityNumberFormatter.h; sourceTree = "<group>"; };
		146D7AA719E0983C004A31CE /* REMASocialSecurityNumberFormatter.m */ = {isa = PBXFileReference; fileEncoding = 4; lastKnownFileType = sourcecode.c.objc; path = REMASocialSecurityNumberFormatter.m; sourceTree = "<group>"; };
		146D7AAD19E09853004A31CE /* REMABankAccountNumberInputValidator.h */ = {isa = PBXFileReference; fileEncoding = 4; lastKnownFileType = sourcecode.c.h; path = REMABankAccountNumberInputValidator.h; sourceTree = "<group>"; };
		146D7AAE19E09853004A31CE /* REMABankAccountNumberInputValidator.m */ = {isa = PBXFileReference; fileEncoding = 4; lastKnownFileType = sourcecode.c.objc; path = REMABankAccountNumberInputValidator.m; sourceTree = "<group>"; };
		146D7AAF19E09853004A31CE /* REMAFloatInputValidator.h */ = {isa = PBXFileReference; fileEncoding = 4; lastKnownFileType = sourcecode.c.h; path = REMAFloatInputValidator.h; sourceTree = "<group>"; };
		146D7AB019E09853004A31CE /* REMAFloatInputValidator.m */ = {isa = PBXFileReference; fileEncoding = 4; lastKnownFileType = sourcecode.c.objc; path = REMAFloatInputValidator.m; sourceTree = "<group>"; };
		146D7AB119E09853004A31CE /* REMAInputValidator.h */ = {isa = PBXFileReference; fileEncoding = 4; lastKnownFileType = sourcecode.c.h; path = REMAInputValidator.h; sourceTree = "<group>"; };
		146D7AB219E09853004A31CE /* REMAInputValidator.m */ = {isa = PBXFileReference; fileEncoding = 4; lastKnownFileType = sourcecode.c.objc; path = REMAInputValidator.m; sourceTree = "<group>"; };
		146D7AB319E09853004A31CE /* REMANameInputValidator.h */ = {isa = PBXFileReference; fileEncoding = 4; lastKnownFileType = sourcecode.c.h; path = REMANameInputValidator.h; sourceTree = "<group>"; };
		146D7AB419E09853004A31CE /* REMANameInputValidator.m */ = {isa = PBXFileReference; fileEncoding = 4; lastKnownFileType = sourcecode.c.objc; path = REMANameInputValidator.m; sourceTree = "<group>"; };
		146D7AB519E09853004A31CE /* REMANumberInputValidator.h */ = {isa = PBXFileReference; fileEncoding = 4; lastKnownFileType = sourcecode.c.h; path = REMANumberInputValidator.h; sourceTree = "<group>"; };
		146D7AB619E09853004A31CE /* REMANumberInputValidator.m */ = {isa = PBXFileReference; fileEncoding = 4; lastKnownFileType = sourcecode.c.objc; path = REMANumberInputValidator.m; sourceTree = "<group>"; };
		146D7AB719E09853004A31CE /* REMAPhoneNumberInputValidator.h */ = {isa = PBXFileReference; fileEncoding = 4; lastKnownFileType = sourcecode.c.h; path = REMAPhoneNumberInputValidator.h; sourceTree = "<group>"; };
		146D7AB819E09853004A31CE /* REMAPhoneNumberInputValidator.m */ = {isa = PBXFileReference; fileEncoding = 4; lastKnownFileType = sourcecode.c.objc; path = REMAPhoneNumberInputValidator.m; sourceTree = "<group>"; };
		146D7AB919E09853004A31CE /* REMAPostalCodeInputValidator.h */ = {isa = PBXFileReference; fileEncoding = 4; lastKnownFileType = sourcecode.c.h; path = REMAPostalCodeInputValidator.h; sourceTree = "<group>"; };
		146D7ABA19E09853004A31CE /* REMAPostalCodeInputValidator.m */ = {isa = PBXFileReference; fileEncoding = 4; lastKnownFileType = sourcecode.c.objc; path = REMAPostalCodeInputValidator.m; sourceTree = "<group>"; };
		146D7ABB19E09853004A31CE /* REMASocialSecurityNumberInputValidator.h */ = {isa = PBXFileReference; fileEncoding = 4; lastKnownFileType = sourcecode.c.h; path = REMASocialSecurityNumberInputValidator.h; sourceTree = "<group>"; };
		146D7ABC19E09853004A31CE /* REMASocialSecurityNumberInputValidator.m */ = {isa = PBXFileReference; fileEncoding = 4; lastKnownFileType = sourcecode.c.objc; path = REMASocialSecurityNumberInputValidator.m; sourceTree = "<group>"; };
		146D7ACC19E09953004A31CE /* NSDictionary+Networking.h */ = {isa = PBXFileReference; fileEncoding = 4; lastKnownFileType = sourcecode.c.h; path = "NSDictionary+Networking.h"; sourceTree = "<group>"; };
		146D7ACD19E09953004A31CE /* NSDictionary+Networking.m */ = {isa = PBXFileReference; fileEncoding = 4; lastKnownFileType = sourcecode.c.objc; path = "NSDictionary+Networking.m"; sourceTree = "<group>"; };
		146D7AD019E09953004A31CE /* NSString+ZENInflections.h */ = {isa = PBXFileReference; fileEncoding = 4; lastKnownFileType = sourcecode.c.h; path = "NSString+ZENInflections.h"; sourceTree = "<group>"; };
		146D7AD119E09953004A31CE /* NSString+ZENInflections.m */ = {isa = PBXFileReference; fileEncoding = 4; lastKnownFileType = sourcecode.c.objc; path = "NSString+ZENInflections.m"; sourceTree = "<group>"; };
		146DEA2C19E0929B00D9E3FF /* REMAFieldRule.h */ = {isa = PBXFileReference; fileEncoding = 4; lastKnownFileType = sourcecode.c.h; path = REMAFieldRule.h; sourceTree = "<group>"; };
		146DEA2D19E0929B00D9E3FF /* REMAFieldRule.m */ = {isa = PBXFileReference; fileEncoding = 4; lastKnownFileType = sourcecode.c.objc; path = REMAFieldRule.m; sourceTree = "<group>"; };
		146DEA2E19E0929B00D9E3FF /* REMAFieldset.h */ = {isa = PBXFileReference; fileEncoding = 4; lastKnownFileType = sourcecode.c.h; path = REMAFieldset.h; sourceTree = "<group>"; };
		146DEA2F19E0929B00D9E3FF /* REMAFieldset.m */ = {isa = PBXFileReference; fileEncoding = 4; lastKnownFileType = sourcecode.c.objc; path = REMAFieldset.m; sourceTree = "<group>"; };
		146DEA3019E0929B00D9E3FF /* REMAFieldValue.h */ = {isa = PBXFileReference; fileEncoding = 4; lastKnownFileType = sourcecode.c.h; path = REMAFieldValue.h; sourceTree = "<group>"; };
		146DEA3119E0929B00D9E3FF /* REMAFieldValue.m */ = {isa = PBXFileReference; fileEncoding = 4; lastKnownFileType = sourcecode.c.objc; path = REMAFieldValue.m; sourceTree = "<group>"; };
		146DEA3219E0929B00D9E3FF /* REMAFormField.h */ = {isa = PBXFileReference; fileEncoding = 4; lastKnownFileType = sourcecode.c.h; path = REMAFormField.h; sourceTree = "<group>"; };
		146DEA3319E0929B00D9E3FF /* REMAFormField.m */ = {isa = PBXFileReference; fileEncoding = 4; lastKnownFileType = sourcecode.c.objc; path = REMAFormField.m; sourceTree = "<group>"; };
		146DEA3419E0929B00D9E3FF /* REMAFormSection.h */ = {isa = PBXFileReference; fileEncoding = 4; lastKnownFileType = sourcecode.c.h; path = REMAFormSection.h; sourceTree = "<group>"; };
		146DEA3519E0929B00D9E3FF /* REMAFormSection.m */ = {isa = PBXFileReference; fileEncoding = 4; lastKnownFileType = sourcecode.c.objc; path = REMAFormSection.m; sourceTree = "<group>"; };
		1478934B19DFCC9000BC2497 /* forms.json */ = {isa = PBXFileReference; fileEncoding = 4; lastKnownFileType = text.json; path = forms.json; sourceTree = "<group>"; };
		14AD563619E301D60099DB09 /* REMAFielsetsCollectionViewDataSource.h */ = {isa = PBXFileReference; fileEncoding = 4; lastKnownFileType = sourcecode.c.h; path = REMAFielsetsCollectionViewDataSource.h; sourceTree = "<group>"; };
		14AD563719E301D60099DB09 /* REMAFielsetsCollectionViewDataSource.m */ = {isa = PBXFileReference; fileEncoding = 4; lastKnownFileType = sourcecode.c.objc; path = REMAFielsetsCollectionViewDataSource.m; sourceTree = "<group>"; };
		441B77A019DEC4F3006AF67C /* REMAForms.app */ = {isa = PBXFileReference; explicitFileType = wrapper.application; includeInIndex = 0; path = REMAForms.app; sourceTree = BUILT_PRODUCTS_DIR; };
		441B77A419DEC4F4006AF67C /* Info.plist */ = {isa = PBXFileReference; lastKnownFileType = text.plist.xml; path = Info.plist; sourceTree = "<group>"; };
		441B77A519DEC4F4006AF67C /* main.m */ = {isa = PBXFileReference; lastKnownFileType = sourcecode.c.objc; path = main.m; sourceTree = "<group>"; };
		441B77A719DEC4F4006AF67C /* AppDelegate.h */ = {isa = PBXFileReference; lastKnownFileType = sourcecode.c.h; path = AppDelegate.h; sourceTree = "<group>"; };
		441B77A819DEC4F4006AF67C /* AppDelegate.m */ = {isa = PBXFileReference; lastKnownFileType = sourcecode.c.objc; path = AppDelegate.m; sourceTree = "<group>"; };
		441B77B019DEC4F4006AF67C /* Images.xcassets */ = {isa = PBXFileReference; lastKnownFileType = folder.assetcatalog; path = Images.xcassets; sourceTree = "<group>"; };
		441B77B919DEC4F4006AF67C /* REMAFormsTests.xctest */ = {isa = PBXFileReference; explicitFileType = wrapper.cfbundle; includeInIndex = 0; path = REMAFormsTests.xctest; sourceTree = BUILT_PRODUCTS_DIR; };
		441B77BE19DEC4F4006AF67C /* Info.plist */ = {isa = PBXFileReference; lastKnownFileType = text.plist.xml; path = Info.plist; sourceTree = "<group>"; };
		441B77BF19DEC4F4006AF67C /* REMAFormsTests.m */ = {isa = PBXFileReference; lastKnownFileType = sourcecode.c.objc; path = REMAFormsTests.m; sourceTree = "<group>"; };
		441B77C919DEC647006AF67C /* REMAFielsetsCollectionViewController.h */ = {isa = PBXFileReference; fileEncoding = 4; lastKnownFileType = sourcecode.c.h; path = REMAFielsetsCollectionViewController.h; sourceTree = "<group>"; };
		441B77CA19DEC647006AF67C /* REMAFielsetsCollectionViewController.m */ = {isa = PBXFileReference; fileEncoding = 4; lastKnownFileType = sourcecode.c.objc; path = REMAFielsetsCollectionViewController.m; sourceTree = "<group>"; };
		441B77CC19DED095006AF67C /* REMAFieldsetHeaderView.h */ = {isa = PBXFileReference; fileEncoding = 4; lastKnownFileType = sourcecode.c.h; path = REMAFieldsetHeaderView.h; sourceTree = "<group>"; };
		441B77CD19DED095006AF67C /* REMAFieldsetHeaderView.m */ = {isa = PBXFileReference; fileEncoding = 4; lastKnownFileType = sourcecode.c.objc; path = REMAFieldsetHeaderView.m; sourceTree = "<group>"; };
		441F3F7C19E560300055F1FD /* REMATextFormFieldCell.h */ = {isa = PBXFileReference; fileEncoding = 4; lastKnownFileType = sourcecode.c.h; path = REMATextFormFieldCell.h; sourceTree = "<group>"; };
		441F3F7D19E560300055F1FD /* REMATextFormFieldCell.m */ = {isa = PBXFileReference; fileEncoding = 4; lastKnownFileType = sourcecode.c.objc; path = REMATextFormFieldCell.m; sourceTree = "<group>"; };
		441F3F8019E560480055F1FD /* REMADropdownFormFieldCell.h */ = {isa = PBXFileReference; fileEncoding = 4; lastKnownFileType = sourcecode.c.h; path = REMADropdownFormFieldCell.h; sourceTree = "<group>"; };
		441F3F8119E560480055F1FD /* REMADropdownFormFieldCell.m */ = {isa = PBXFileReference; fileEncoding = 4; lastKnownFileType = sourcecode.c.objc; path = REMADropdownFormFieldCell.m; sourceTree = "<group>"; };
		441F3F8219E560480055F1FD /* REMAFieldValuesTableViewController.h */ = {isa = PBXFileReference; fileEncoding = 4; lastKnownFileType = sourcecode.c.h; path = REMAFieldValuesTableViewController.h; sourceTree = "<group>"; };
		441F3F8319E560480055F1FD /* REMAFieldValuesTableViewController.m */ = {isa = PBXFileReference; fileEncoding = 4; lastKnownFileType = sourcecode.c.objc; path = REMAFieldValuesTableViewController.m; sourceTree = "<group>"; };
		441F3F8719E560840055F1FD /* REMADateFormFieldCell.h */ = {isa = PBXFileReference; fileEncoding = 4; lastKnownFileType = sourcecode.c.h; name = REMADateFormFieldCell.h; path = REMAForms/Cells/Date/REMADateFormFieldCell.h; sourceTree = SOURCE_ROOT; };
		441F3F8819E560840055F1FD /* REMADateFormFieldCell.m */ = {isa = PBXFileReference; fileEncoding = 4; lastKnownFileType = sourcecode.c.objc; name = REMADateFormFieldCell.m; path = REMAForms/Cells/Date/REMADateFormFieldCell.m; sourceTree = SOURCE_ROOT; };
		441F3F8A19E5618D0055F1FD /* HYPTimeViewController.h */ = {isa = PBXFileReference; fileEncoding = 4; lastKnownFileType = sourcecode.c.h; path = HYPTimeViewController.h; sourceTree = "<group>"; };
		441F3F8B19E5618D0055F1FD /* HYPTimeViewController.m */ = {isa = PBXFileReference; fileEncoding = 4; lastKnownFileType = sourcecode.c.objc; path = HYPTimeViewController.m; sourceTree = "<group>"; };
		441F3F8D19E566610055F1FD /* REMAPopoverFormFieldCell.h */ = {isa = PBXFileReference; fileEncoding = 4; lastKnownFileType = sourcecode.c.h; name = REMAPopoverFormFieldCell.h; path = REMAForms/Cells/Base/REMAPopoverFormFieldCell.h; sourceTree = SOURCE_ROOT; };
		441F3F8E19E566610055F1FD /* REMAPopoverFormFieldCell.m */ = {isa = PBXFileReference; fileEncoding = 4; lastKnownFileType = sourcecode.c.objc; name = REMAPopoverFormFieldCell.m; path = REMAForms/Cells/Base/REMAPopoverFormFieldCell.m; sourceTree = SOURCE_ROOT; };
		4441A9DF19E2B9490068498D /* UIColor+ANDYHex.h */ = {isa = PBXFileReference; fileEncoding = 4; lastKnownFileType = sourcecode.c.h; path = "UIColor+ANDYHex.h"; sourceTree = "<group>"; };
		4441A9E019E2B9490068498D /* UIColor+ANDYHex.m */ = {isa = PBXFileReference; fileEncoding = 4; lastKnownFileType = sourcecode.c.objc; path = "UIColor+ANDYHex.m"; sourceTree = "<group>"; };
		4441A9E319E2BBC50068498D /* DIN-BLAC.OTF */ = {isa = PBXFileReference; lastKnownFileType = file; path = "DIN-BLAC.OTF"; sourceTree = "<group>"; };
		4441A9E419E2BBC50068498D /* DIN-BOLD.OTF */ = {isa = PBXFileReference; lastKnownFileType = file; path = "DIN-BOLD.OTF"; sourceTree = "<group>"; };
		4441A9E519E2BBC50068498D /* DIN-LIGH.OTF */ = {isa = PBXFileReference; lastKnownFileType = file; path = "DIN-LIGH.OTF"; sourceTree = "<group>"; };
		4441A9E619E2BBC50068498D /* DIN-MEDI.OTF */ = {isa = PBXFileReference; lastKnownFileType = file; path = "DIN-MEDI.OTF"; sourceTree = "<group>"; };
		4441A9E719E2BBC50068498D /* DIN-REGU.OTF */ = {isa = PBXFileReference; lastKnownFileType = file; path = "DIN-REGU.OTF"; sourceTree = "<group>"; };
		4441A9ED19E2BC140068498D /* UIFont+Styles.h */ = {isa = PBXFileReference; fileEncoding = 4; lastKnownFileType = sourcecode.c.h; path = "UIFont+Styles.h"; sourceTree = "<group>"; };
		4441A9EE19E2BC140068498D /* UIFont+Styles.m */ = {isa = PBXFileReference; fileEncoding = 4; lastKnownFileType = sourcecode.c.objc; path = "UIFont+Styles.m"; sourceTree = "<group>"; };
		445DAF8319E529B0006F8052 /* REMABaseFormFieldCell.h */ = {isa = PBXFileReference; fileEncoding = 4; lastKnownFileType = sourcecode.c.h; path = REMABaseFormFieldCell.h; sourceTree = "<group>"; };
		445DAF8419E529B0006F8052 /* REMABaseFormFieldCell.m */ = {isa = PBXFileReference; fileEncoding = 4; lastKnownFileType = sourcecode.c.objc; path = REMABaseFormFieldCell.m; sourceTree = "<group>"; };
		445DAF8519E529B0006F8052 /* REMAFormFieldHeadingLabel.h */ = {isa = PBXFileReference; fileEncoding = 4; lastKnownFileType = sourcecode.c.h; path = REMAFormFieldHeadingLabel.h; sourceTree = "<group>"; };
		445DAF8619E529B0006F8052 /* REMAFormFieldHeadingLabel.m */ = {isa = PBXFileReference; fileEncoding = 4; lastKnownFileType = sourcecode.c.objc; path = REMAFormFieldHeadingLabel.m; sourceTree = "<group>"; };
		445DAF8719E529B0006F8052 /* REMATextFieldTypeManager.h */ = {isa = PBXFileReference; fileEncoding = 4; lastKnownFileType = sourcecode.c.h; path = REMATextFieldTypeManager.h; sourceTree = "<group>"; };
		445DAF8819E529B0006F8052 /* REMATextFieldTypeManager.m */ = {isa = PBXFileReference; fileEncoding = 4; lastKnownFileType = sourcecode.c.objc; path = REMATextFieldTypeManager.m; sourceTree = "<group>"; };
		445DAF8919E529B0006F8052 /* REMATextFormField.h */ = {isa = PBXFileReference; fileEncoding = 4; lastKnownFileType = sourcecode.c.h; path = REMATextFormField.h; sourceTree = "<group>"; };
		445DAF8A19E529B0006F8052 /* REMATextFormField.m */ = {isa = PBXFileReference; fileEncoding = 4; lastKnownFileType = sourcecode.c.objc; path = REMATextFormField.m; sourceTree = "<group>"; };
		445DAF9319E52D76006F8052 /* ic_mini_arrow_down.png */ = {isa = PBXFileReference; lastKnownFileType = image.png; path = ic_mini_arrow_down.png; sourceTree = "<group>"; };
		445DAF9419E52D76006F8052 /* ic_mini_arrow_down@2x.png */ = {isa = PBXFileReference; lastKnownFileType = image.png; path = "ic_mini_arrow_down@2x.png"; sourceTree = "<group>"; };
		446364CB19E2BE3F005D04AD /* UIScreen+HYPLiveBounds.h */ = {isa = PBXFileReference; fileEncoding = 4; lastKnownFileType = sourcecode.c.h; path = "UIScreen+HYPLiveBounds.h"; sourceTree = "<group>"; };
		446364CC19E2BE3F005D04AD /* UIScreen+HYPLiveBounds.m */ = {isa = PBXFileReference; fileEncoding = 4; lastKnownFileType = sourcecode.c.objc; path = "UIScreen+HYPLiveBounds.m"; sourceTree = "<group>"; };
		44D0384819E54A4A006EB644 /* REMABaseTableViewCell.h */ = {isa = PBXFileReference; fileEncoding = 4; lastKnownFileType = sourcecode.c.h; path = REMABaseTableViewCell.h; sourceTree = "<group>"; };
		44D0384919E54A4A006EB644 /* REMABaseTableViewCell.m */ = {isa = PBXFileReference; fileEncoding = 4; lastKnownFileType = sourcecode.c.objc; path = REMABaseTableViewCell.m; sourceTree = "<group>"; };
		44F244A719E2914D00146A01 /* REMAFielsetsLayout.h */ = {isa = PBXFileReference; fileEncoding = 4; lastKnownFileType = sourcecode.c.h; path = REMAFielsetsLayout.h; sourceTree = "<group>"; };
		44F244A819E2914D00146A01 /* REMAFielsetsLayout.m */ = {isa = PBXFileReference; fileEncoding = 4; lastKnownFileType = sourcecode.c.objc; path = REMAFielsetsLayout.m; sourceTree = "<group>"; };
/* End PBXFileReference section */

/* Begin PBXFrameworksBuildPhase section */
		441B779D19DEC4F3006AF67C /* Frameworks */ = {
			isa = PBXFrameworksBuildPhase;
			buildActionMask = 2147483647;
			files = (
			);
			runOnlyForDeploymentPostprocessing = 0;
		};
		441B77B619DEC4F4006AF67C /* Frameworks */ = {
			isa = PBXFrameworksBuildPhase;
			buildActionMask = 2147483647;
			files = (
			);
			runOnlyForDeploymentPostprocessing = 0;
		};
/* End PBXFrameworksBuildPhase section */

/* Begin PBXGroup section */
		146D7A9F19E0983C004A31CE /* Formatters */ = {
			isa = PBXGroup;
			children = (
				146D7AA019E0983C004A31CE /* REMABankAccountNumberFormatter.h */,
				146D7AA119E0983C004A31CE /* REMABankAccountNumberFormatter.m */,
				146D7AA219E0983C004A31CE /* REMAFormatter.h */,
				146D7AA319E0983C004A31CE /* REMAFormatter.m */,
				146D7AA419E0983C004A31CE /* REMAPhoneNumberFormatter.h */,
				146D7AA519E0983C004A31CE /* REMAPhoneNumberFormatter.m */,
				146D7AA619E0983C004A31CE /* REMASocialSecurityNumberFormatter.h */,
				146D7AA719E0983C004A31CE /* REMASocialSecurityNumberFormatter.m */,
			);
			path = Formatters;
			sourceTree = "<group>";
		};
		146D7AAC19E09853004A31CE /* Input Validators */ = {
			isa = PBXGroup;
			children = (
				146D7AAD19E09853004A31CE /* REMABankAccountNumberInputValidator.h */,
				146D7AAE19E09853004A31CE /* REMABankAccountNumberInputValidator.m */,
				146D7AAF19E09853004A31CE /* REMAFloatInputValidator.h */,
				146D7AB019E09853004A31CE /* REMAFloatInputValidator.m */,
				146D7AB119E09853004A31CE /* REMAInputValidator.h */,
				146D7AB219E09853004A31CE /* REMAInputValidator.m */,
				146D7AB319E09853004A31CE /* REMANameInputValidator.h */,
				146D7AB419E09853004A31CE /* REMANameInputValidator.m */,
				146D7AB519E09853004A31CE /* REMANumberInputValidator.h */,
				146D7AB619E09853004A31CE /* REMANumberInputValidator.m */,
				146D7AB719E09853004A31CE /* REMAPhoneNumberInputValidator.h */,
				146D7AB819E09853004A31CE /* REMAPhoneNumberInputValidator.m */,
				146D7AB919E09853004A31CE /* REMAPostalCodeInputValidator.h */,
				146D7ABA19E09853004A31CE /* REMAPostalCodeInputValidator.m */,
				146D7ABB19E09853004A31CE /* REMASocialSecurityNumberInputValidator.h */,
				146D7ABC19E09853004A31CE /* REMASocialSecurityNumberInputValidator.m */,
			);
			path = "Input Validators";
			sourceTree = "<group>";
		};
		146D7ACB19E09953004A31CE /* Categories */ = {
			isa = PBXGroup;
			children = (
				142E4D3D19E3419900C22B7E /* UIColor+Colors.h */,
				142E4D3E19E3419900C22B7E /* UIColor+Colors.m */,
				142E4D3419E3410900C22B7E /* NSDate+REMAISO8601.h */,
				142E4D3519E3410900C22B7E /* NSDate+REMAISO8601.m */,
				446364CB19E2BE3F005D04AD /* UIScreen+HYPLiveBounds.h */,
				446364CC19E2BE3F005D04AD /* UIScreen+HYPLiveBounds.m */,
				4441A9ED19E2BC140068498D /* UIFont+Styles.h */,
				4441A9EE19E2BC140068498D /* UIFont+Styles.m */,
				4441A9DF19E2B9490068498D /* UIColor+ANDYHex.h */,
				4441A9E019E2B9490068498D /* UIColor+ANDYHex.m */,
				146D7ACC19E09953004A31CE /* NSDictionary+Networking.h */,
				146D7ACD19E09953004A31CE /* NSDictionary+Networking.m */,
				142E4D4C19E3433E00C22B7E /* NSString+ANDYSizes.h */,
				142E4D4D19E3433E00C22B7E /* NSString+ANDYSizes.m */,
				146D7AD019E09953004A31CE /* NSString+ZENInflections.h */,
				146D7AD119E09953004A31CE /* NSString+ZENInflections.m */,
			);
			path = Categories;
			sourceTree = "<group>";
		};
		146DEA2B19E0929B00D9E3FF /* Form */ = {
			isa = PBXGroup;
			children = (
				146DEA2C19E0929B00D9E3FF /* REMAFieldRule.h */,
				146DEA2D19E0929B00D9E3FF /* REMAFieldRule.m */,
				146DEA2E19E0929B00D9E3FF /* REMAFieldset.h */,
				146DEA2F19E0929B00D9E3FF /* REMAFieldset.m */,
				146DEA3019E0929B00D9E3FF /* REMAFieldValue.h */,
				146DEA3119E0929B00D9E3FF /* REMAFieldValue.m */,
				146DEA3219E0929B00D9E3FF /* REMAFormField.h */,
				146DEA3319E0929B00D9E3FF /* REMAFormField.m */,
				146DEA3419E0929B00D9E3FF /* REMAFormSection.h */,
				146DEA3519E0929B00D9E3FF /* REMAFormSection.m */,
			);
			path = Form;
			sourceTree = "<group>";
		};
		441B779719DEC4F3006AF67C = {
			isa = PBXGroup;
			children = (
				441B77A219DEC4F3006AF67C /* REMAForms */,
				441B77BC19DEC4F4006AF67C /* REMAFormsTests */,
				441B77A119DEC4F3006AF67C /* Products */,
			);
			sourceTree = "<group>";
		};
		441B77A119DEC4F3006AF67C /* Products */ = {
			isa = PBXGroup;
			children = (
				441B77A019DEC4F3006AF67C /* REMAForms.app */,
				441B77B919DEC4F4006AF67C /* REMAFormsTests.xctest */,
			);
			name = Products;
			sourceTree = "<group>";
		};
		441B77A219DEC4F3006AF67C /* REMAForms */ = {
			isa = PBXGroup;
			children = (
				445DAF9219E52D76006F8052 /* Images */,
				4426BF5E19E3D4140048A596 /* Cells */,
				4441A9E219E2BBC50068498D /* Fonts */,
				146D7ACB19E09953004A31CE /* Categories */,
				146D7AAC19E09853004A31CE /* Input Validators */,
				146D7A9F19E0983C004A31CE /* Formatters */,
				146DEA2B19E0929B00D9E3FF /* Form */,
				441B77A719DEC4F4006AF67C /* AppDelegate.h */,
				441B77A819DEC4F4006AF67C /* AppDelegate.m */,
				142E4D4F19E3437500C22B7E /* REMAObserverCenter.h */,
				441B77CC19DED095006AF67C /* REMAFieldsetHeaderView.h */,
				441B77CD19DED095006AF67C /* REMAFieldsetHeaderView.m */,
				143549B319E266410021A84E /* REMAFielsetBackgroundView.h */,
				143549B419E266410021A84E /* REMAFielsetBackgroundView.m */,
				441B77C919DEC647006AF67C /* REMAFielsetsCollectionViewController.h */,
				441B77CA19DEC647006AF67C /* REMAFielsetsCollectionViewController.m */,
				14AD563619E301D60099DB09 /* REMAFielsetsCollectionViewDataSource.h */,
				14AD563719E301D60099DB09 /* REMAFielsetsCollectionViewDataSource.m */,
				44F244A719E2914D00146A01 /* REMAFielsetsLayout.h */,
				44F244A819E2914D00146A01 /* REMAFielsetsLayout.m */,
				146D7A9919E09801004A31CE /* REMAValidator.h */,
				146D7A9A19E09801004A31CE /* REMAValidator.m */,
				1478934B19DFCC9000BC2497 /* forms.json */,
				441B77B019DEC4F4006AF67C /* Images.xcassets */,
				441B77A319DEC4F3006AF67C /* Supporting Files */,
			);
			path = REMAForms;
			sourceTree = "<group>";
		};
		441B77A319DEC4F3006AF67C /* Supporting Files */ = {
			isa = PBXGroup;
			children = (
				441B77A419DEC4F4006AF67C /* Info.plist */,
				441B77A519DEC4F4006AF67C /* main.m */,
			);
			name = "Supporting Files";
			sourceTree = "<group>";
		};
		441B77BC19DEC4F4006AF67C /* REMAFormsTests */ = {
			isa = PBXGroup;
			children = (
				441B77BF19DEC4F4006AF67C /* REMAFormsTests.m */,
				441B77BD19DEC4F4006AF67C /* Supporting Files */,
			);
			path = REMAFormsTests;
			sourceTree = "<group>";
		};
		441B77BD19DEC4F4006AF67C /* Supporting Files */ = {
			isa = PBXGroup;
			children = (
				441B77BE19DEC4F4006AF67C /* Info.plist */,
			);
			name = "Supporting Files";
			sourceTree = "<group>";
		};
		441F3F7B19E560300055F1FD /* Text */ = {
			isa = PBXGroup;
			children = (
				441F3F7C19E560300055F1FD /* REMATextFormFieldCell.h */,
				441F3F7D19E560300055F1FD /* REMATextFormFieldCell.m */,
			);
			name = Text;
			path = ../../../REMAforms/REMAForms/Cells/Text;
			sourceTree = "<group>";
		};
		441F3F7F19E560480055F1FD /* Dropdown */ = {
			isa = PBXGroup;
			children = (
				441F3F8019E560480055F1FD /* REMADropdownFormFieldCell.h */,
				441F3F8119E560480055F1FD /* REMADropdownFormFieldCell.m */,
				441F3F8219E560480055F1FD /* REMAFieldValuesTableViewController.h */,
				441F3F8319E560480055F1FD /* REMAFieldValuesTableViewController.m */,
			);
			name = Dropdown;
			path = ../../../REMAforms/REMAForms/Cells/Dropdown;
			sourceTree = "<group>";
		};
		441F3F8619E560710055F1FD /* Date */ = {
			isa = PBXGroup;
			children = (
				441F3F8A19E5618D0055F1FD /* HYPTimeViewController.h */,
				441F3F8B19E5618D0055F1FD /* HYPTimeViewController.m */,
				441F3F8719E560840055F1FD /* REMADateFormFieldCell.h */,
				441F3F8819E560840055F1FD /* REMADateFormFieldCell.m */,
			);
			name = Date;
			path = ../../../REMAforms/REMAForms/Cells/Date;
			sourceTree = "<group>";
		};
		4426BF5E19E3D4140048A596 /* Cells */ = {
			isa = PBXGroup;
			children = (
				445DAF8219E5298C006F8052 /* Base */,
				441F3F7B19E560300055F1FD /* Text */,
				441F3F7F19E560480055F1FD /* Dropdown */,
				441F3F8619E560710055F1FD /* Date */,
			);
			path = Cells;
			sourceTree = "<group>";
		};
		4441A9E219E2BBC50068498D /* Fonts */ = {
			isa = PBXGroup;
			children = (
				4441A9E319E2BBC50068498D /* DIN-BLAC.OTF */,
				4441A9E419E2BBC50068498D /* DIN-BOLD.OTF */,
				4441A9E519E2BBC50068498D /* DIN-LIGH.OTF */,
				4441A9E619E2BBC50068498D /* DIN-MEDI.OTF */,
				4441A9E719E2BBC50068498D /* DIN-REGU.OTF */,
			);
			path = Fonts;
			sourceTree = "<group>";
		};
		445DAF8219E5298C006F8052 /* Base */ = {
			isa = PBXGroup;
			children = (
				44D0384819E54A4A006EB644 /* REMABaseTableViewCell.h */,
				44D0384919E54A4A006EB644 /* REMABaseTableViewCell.m */,
				445DAF8319E529B0006F8052 /* REMABaseFormFieldCell.h */,
				445DAF8419E529B0006F8052 /* REMABaseFormFieldCell.m */,
				445DAF8519E529B0006F8052 /* REMAFormFieldHeadingLabel.h */,
				445DAF8619E529B0006F8052 /* REMAFormFieldHeadingLabel.m */,
				445DAF8719E529B0006F8052 /* REMATextFieldTypeManager.h */,
				445DAF8819E529B0006F8052 /* REMATextFieldTypeManager.m */,
				445DAF8919E529B0006F8052 /* REMATextFormField.h */,
				445DAF8A19E529B0006F8052 /* REMATextFormField.m */,
				441F3F8D19E566610055F1FD /* REMAPopoverFormFieldCell.h */,
				441F3F8E19E566610055F1FD /* REMAPopoverFormFieldCell.m */,
			);
			name = Base;
			path = ../../../REMAforms/REMAForms/Cells/Base;
			sourceTree = "<group>";
		};
		445DAF9219E52D76006F8052 /* Images */ = {
			isa = PBXGroup;
			children = (
				445DAF9319E52D76006F8052 /* ic_mini_arrow_down.png */,
				445DAF9419E52D76006F8052 /* ic_mini_arrow_down@2x.png */,
			);
			name = Images;
			path = ../../REMAforms/REMAForms/Images;
			sourceTree = "<group>";
		};
/* End PBXGroup section */

/* Begin PBXNativeTarget section */
		441B779F19DEC4F3006AF67C /* REMAForms */ = {
			isa = PBXNativeTarget;
			buildConfigurationList = 441B77C319DEC4F4006AF67C /* Build configuration list for PBXNativeTarget "REMAForms" */;
			buildPhases = (
				441B779C19DEC4F3006AF67C /* Sources */,
				441B779D19DEC4F3006AF67C /* Frameworks */,
				441B779E19DEC4F3006AF67C /* Resources */,
			);
			buildRules = (
			);
			dependencies = (
			);
			name = REMAForms;
			productName = REMAForms;
			productReference = 441B77A019DEC4F3006AF67C /* REMAForms.app */;
			productType = "com.apple.product-type.application";
		};
		441B77B819DEC4F4006AF67C /* REMAFormsTests */ = {
			isa = PBXNativeTarget;
			buildConfigurationList = 441B77C619DEC4F4006AF67C /* Build configuration list for PBXNativeTarget "REMAFormsTests" */;
			buildPhases = (
				441B77B519DEC4F4006AF67C /* Sources */,
				441B77B619DEC4F4006AF67C /* Frameworks */,
				441B77B719DEC4F4006AF67C /* Resources */,
			);
			buildRules = (
			);
			dependencies = (
				441B77BB19DEC4F4006AF67C /* PBXTargetDependency */,
			);
			name = REMAFormsTests;
			productName = REMAFormsTests;
			productReference = 441B77B919DEC4F4006AF67C /* REMAFormsTests.xctest */;
			productType = "com.apple.product-type.bundle.unit-test";
		};
/* End PBXNativeTarget section */

/* Begin PBXProject section */
		441B779819DEC4F3006AF67C /* Project object */ = {
			isa = PBXProject;
			attributes = {
				LastUpgradeCheck = 0600;
				ORGANIZATIONNAME = Hyper;
				TargetAttributes = {
					441B779F19DEC4F3006AF67C = {
						CreatedOnToolsVersion = 6.0.1;
					};
					441B77B819DEC4F4006AF67C = {
						CreatedOnToolsVersion = 6.0.1;
						TestTargetID = 441B779F19DEC4F3006AF67C;
					};
				};
			};
			buildConfigurationList = 441B779B19DEC4F3006AF67C /* Build configuration list for PBXProject "REMAForms" */;
			compatibilityVersion = "Xcode 3.2";
			developmentRegion = English;
			hasScannedForEncodings = 0;
			knownRegions = (
				en,
				Base,
			);
			mainGroup = 441B779719DEC4F3006AF67C;
			productRefGroup = 441B77A119DEC4F3006AF67C /* Products */;
			projectDirPath = "";
			projectRoot = "";
			targets = (
				441B779F19DEC4F3006AF67C /* REMAForms */,
				441B77B819DEC4F4006AF67C /* REMAFormsTests */,
			);
		};
/* End PBXProject section */

/* Begin PBXResourcesBuildPhase section */
		441B779E19DEC4F3006AF67C /* Resources */ = {
			isa = PBXResourcesBuildPhase;
			buildActionMask = 2147483647;
			files = (
				4441A9E919E2BBC50068498D /* DIN-BOLD.OTF in Resources */,
				4441A9EA19E2BBC50068498D /* DIN-LIGH.OTF in Resources */,
				445DAF9519E52D76006F8052 /* ic_mini_arrow_down.png in Resources */,
				4441A9EC19E2BBC50068498D /* DIN-REGU.OTF in Resources */,
				4441A9EB19E2BBC50068498D /* DIN-MEDI.OTF in Resources */,
				441B77B119DEC4F4006AF67C /* Images.xcassets in Resources */,
				1478934C19DFCC9000BC2497 /* forms.json in Resources */,
				445DAF9619E52D76006F8052 /* ic_mini_arrow_down@2x.png in Resources */,
				4441A9E819E2BBC50068498D /* DIN-BLAC.OTF in Resources */,
			);
			runOnlyForDeploymentPostprocessing = 0;
		};
		441B77B719DEC4F4006AF67C /* Resources */ = {
			isa = PBXResourcesBuildPhase;
			buildActionMask = 2147483647;
			files = (
			);
			runOnlyForDeploymentPostprocessing = 0;
		};
/* End PBXResourcesBuildPhase section */

/* Begin PBXSourcesBuildPhase section */
		441B779C19DEC4F3006AF67C /* Sources */ = {
			isa = PBXSourcesBuildPhase;
			buildActionMask = 2147483647;
			files = (
				441F3F8419E560480055F1FD /* REMADropdownFormFieldCell.m in Sources */,
				146D7AC319E09853004A31CE /* REMAPostalCodeInputValidator.m in Sources */,
				441B77A919DEC4F4006AF67C /* AppDelegate.m in Sources */,
				146DEA3819E0929B00D9E3FF /* REMAFieldRule.m in Sources */,
				44F244A919E2914D00146A01 /* REMAFielsetsLayout.m in Sources */,
				14AD563819E301D60099DB09 /* REMAFielsetsCollectionViewDataSource.m in Sources */,
				441F3F8C19E5618D0055F1FD /* HYPTimeViewController.m in Sources */,
				44D0384A19E54A4A006EB644 /* REMABaseTableViewCell.m in Sources */,
				445DAF8E19E529B0006F8052 /* REMATextFormField.m in Sources */,
				445DAF8D19E529B0006F8052 /* REMATextFieldTypeManager.m in Sources */,
				146D7AC419E09853004A31CE /* REMASocialSecurityNumberInputValidator.m in Sources */,
				142E4D3619E3410900C22B7E /* NSDate+REMAISO8601.m in Sources */,
				146D7AD619E09953004A31CE /* NSString+ZENInflections.m in Sources */,
				441F3F8F19E566610055F1FD /* REMAPopoverFormFieldCell.m in Sources */,
				146D7AD419E09953004A31CE /* NSDictionary+Networking.m in Sources */,
				441F3F7E19E560300055F1FD /* REMATextFormFieldCell.m in Sources */,
				446364CD19E2BE3F005D04AD /* UIScreen+HYPLiveBounds.m in Sources */,
				146DEA3C19E0929B00D9E3FF /* REMAFormSection.m in Sources */,
				4441A9E119E2B9490068498D /* UIColor+ANDYHex.m in Sources */,
				441F3F8519E560480055F1FD /* REMAFieldValuesTableViewController.m in Sources */,
				146D7ABD19E09853004A31CE /* REMABankAccountNumberInputValidator.m in Sources */,
				146DEA3A19E0929B00D9E3FF /* REMAFieldValue.m in Sources */,
				146D7AA919E0983C004A31CE /* REMAFormatter.m in Sources */,
				441B77CE19DED095006AF67C /* REMAFieldsetHeaderView.m in Sources */,
				146DEA3B19E0929B00D9E3FF /* REMAFormField.m in Sources */,
				146D7ABF19E09853004A31CE /* REMAInputValidator.m in Sources */,
				441B77A619DEC4F4006AF67C /* main.m in Sources */,
				146D7AA819E0983C004A31CE /* REMABankAccountNumberFormatter.m in Sources */,
				4441A9EF19E2BC140068498D /* UIFont+Styles.m in Sources */,
				146D7AC019E09853004A31CE /* REMANameInputValidator.m in Sources */,
				445DAF8C19E529B0006F8052 /* REMAFormFieldHeadingLabel.m in Sources */,
				146D7AC119E09853004A31CE /* REMANumberInputValidator.m in Sources */,
				146DEA3919E0929B00D9E3FF /* REMAFieldset.m in Sources */,
				146D7AAA19E0983C004A31CE /* REMAPhoneNumberFormatter.m in Sources */,
				146D7ABE19E09853004A31CE /* REMAFloatInputValidator.m in Sources */,
				143549B519E266410021A84E /* REMAFielsetBackgroundView.m in Sources */,
				146D7AAB19E0983C004A31CE /* REMASocialSecurityNumberFormatter.m in Sources */,
				441B77CB19DEC647006AF67C /* REMAFielsetsCollectionViewController.m in Sources */,
				445DAF8B19E529B0006F8052 /* REMABaseFormFieldCell.m in Sources */,
				142E4D3F19E3419900C22B7E /* UIColor+Colors.m in Sources */,
				142E4D4E19E3433E00C22B7E /* NSString+ANDYSizes.m in Sources */,
				146D7A9B19E09801004A31CE /* REMAValidator.m in Sources */,
				146D7AC219E09853004A31CE /* REMAPhoneNumberInputValidator.m in Sources */,
				441F3F8919E560840055F1FD /* REMADateFormFieldCell.m in Sources */,
			);
			runOnlyForDeploymentPostprocessing = 0;
		};
		441B77B519DEC4F4006AF67C /* Sources */ = {
			isa = PBXSourcesBuildPhase;
			buildActionMask = 2147483647;
			files = (
				441B77C019DEC4F4006AF67C /* REMAFormsTests.m in Sources */,
			);
			runOnlyForDeploymentPostprocessing = 0;
		};
/* End PBXSourcesBuildPhase section */

/* Begin PBXTargetDependency section */
		441B77BB19DEC4F4006AF67C /* PBXTargetDependency */ = {
			isa = PBXTargetDependency;
			target = 441B779F19DEC4F3006AF67C /* REMAForms */;
			targetProxy = 441B77BA19DEC4F4006AF67C /* PBXContainerItemProxy */;
		};
/* End PBXTargetDependency section */

/* Begin XCBuildConfiguration section */
		441B77C119DEC4F4006AF67C /* Debug */ = {
			isa = XCBuildConfiguration;
			buildSettings = {
				ALWAYS_SEARCH_USER_PATHS = NO;
				CLANG_CXX_LANGUAGE_STANDARD = "gnu++0x";
				CLANG_CXX_LIBRARY = "libc++";
				CLANG_ENABLE_MODULES = YES;
				CLANG_ENABLE_OBJC_ARC = YES;
				CLANG_WARN_BOOL_CONVERSION = YES;
				CLANG_WARN_CONSTANT_CONVERSION = YES;
				CLANG_WARN_DIRECT_OBJC_ISA_USAGE = YES_ERROR;
				CLANG_WARN_EMPTY_BODY = YES;
				CLANG_WARN_ENUM_CONVERSION = YES;
				CLANG_WARN_INT_CONVERSION = YES;
				CLANG_WARN_OBJC_ROOT_CLASS = YES_ERROR;
				CLANG_WARN_UNREACHABLE_CODE = YES;
				CLANG_WARN__DUPLICATE_METHOD_MATCH = YES;
				"CODE_SIGN_IDENTITY[sdk=iphoneos*]" = "iPhone Developer";
				COPY_PHASE_STRIP = NO;
				ENABLE_STRICT_OBJC_MSGSEND = YES;
				GCC_C_LANGUAGE_STANDARD = gnu99;
				GCC_DYNAMIC_NO_PIC = NO;
				GCC_OPTIMIZATION_LEVEL = 0;
				GCC_PREPROCESSOR_DEFINITIONS = (
					"DEBUG=1",
					"$(inherited)",
				);
				GCC_SYMBOLS_PRIVATE_EXTERN = NO;
				GCC_WARN_64_TO_32_BIT_CONVERSION = YES;
				GCC_WARN_ABOUT_RETURN_TYPE = YES_ERROR;
				GCC_WARN_UNDECLARED_SELECTOR = YES;
				GCC_WARN_UNINITIALIZED_AUTOS = YES_AGGRESSIVE;
				GCC_WARN_UNUSED_FUNCTION = YES;
				GCC_WARN_UNUSED_VARIABLE = YES;
				IPHONEOS_DEPLOYMENT_TARGET = 7.0;
				MTL_ENABLE_DEBUG_INFO = YES;
				ONLY_ACTIVE_ARCH = YES;
				SDKROOT = iphoneos;
			};
			name = Debug;
		};
		441B77C219DEC4F4006AF67C /* Release */ = {
			isa = XCBuildConfiguration;
			buildSettings = {
				ALWAYS_SEARCH_USER_PATHS = NO;
				CLANG_CXX_LANGUAGE_STANDARD = "gnu++0x";
				CLANG_CXX_LIBRARY = "libc++";
				CLANG_ENABLE_MODULES = YES;
				CLANG_ENABLE_OBJC_ARC = YES;
				CLANG_WARN_BOOL_CONVERSION = YES;
				CLANG_WARN_CONSTANT_CONVERSION = YES;
				CLANG_WARN_DIRECT_OBJC_ISA_USAGE = YES_ERROR;
				CLANG_WARN_EMPTY_BODY = YES;
				CLANG_WARN_ENUM_CONVERSION = YES;
				CLANG_WARN_INT_CONVERSION = YES;
				CLANG_WARN_OBJC_ROOT_CLASS = YES_ERROR;
				CLANG_WARN_UNREACHABLE_CODE = YES;
				CLANG_WARN__DUPLICATE_METHOD_MATCH = YES;
				"CODE_SIGN_IDENTITY[sdk=iphoneos*]" = "iPhone Developer";
				COPY_PHASE_STRIP = YES;
				ENABLE_NS_ASSERTIONS = NO;
				ENABLE_STRICT_OBJC_MSGSEND = YES;
				GCC_C_LANGUAGE_STANDARD = gnu99;
				GCC_WARN_64_TO_32_BIT_CONVERSION = YES;
				GCC_WARN_ABOUT_RETURN_TYPE = YES_ERROR;
				GCC_WARN_UNDECLARED_SELECTOR = YES;
				GCC_WARN_UNINITIALIZED_AUTOS = YES_AGGRESSIVE;
				GCC_WARN_UNUSED_FUNCTION = YES;
				GCC_WARN_UNUSED_VARIABLE = YES;
				IPHONEOS_DEPLOYMENT_TARGET = 7.0;
				MTL_ENABLE_DEBUG_INFO = NO;
				SDKROOT = iphoneos;
				VALIDATE_PRODUCT = YES;
			};
			name = Release;
		};
		441B77C419DEC4F4006AF67C /* Debug */ = {
			isa = XCBuildConfiguration;
			buildSettings = {
				ASSETCATALOG_COMPILER_APPICON_NAME = AppIcon;
				ASSETCATALOG_COMPILER_LAUNCHIMAGE_NAME = LaunchImage;
				INFOPLIST_FILE = REMAForms/Info.plist;
				LD_RUNPATH_SEARCH_PATHS = "$(inherited) @executable_path/Frameworks";
				PRODUCT_NAME = "$(TARGET_NAME)";
				TARGETED_DEVICE_FAMILY = 2;
			};
			name = Debug;
		};
		441B77C519DEC4F4006AF67C /* Release */ = {
			isa = XCBuildConfiguration;
			buildSettings = {
				ASSETCATALOG_COMPILER_APPICON_NAME = AppIcon;
				ASSETCATALOG_COMPILER_LAUNCHIMAGE_NAME = LaunchImage;
				INFOPLIST_FILE = REMAForms/Info.plist;
				LD_RUNPATH_SEARCH_PATHS = "$(inherited) @executable_path/Frameworks";
				PRODUCT_NAME = "$(TARGET_NAME)";
				TARGETED_DEVICE_FAMILY = 2;
			};
			name = Release;
		};
		441B77C719DEC4F4006AF67C /* Debug */ = {
			isa = XCBuildConfiguration;
			buildSettings = {
				BUNDLE_LOADER = "$(TEST_HOST)";
				FRAMEWORK_SEARCH_PATHS = (
					"$(SDKROOT)/Developer/Library/Frameworks",
					"$(inherited)",
				);
				GCC_PREPROCESSOR_DEFINITIONS = (
					"DEBUG=1",
					"$(inherited)",
				);
				INFOPLIST_FILE = REMAFormsTests/Info.plist;
				LD_RUNPATH_SEARCH_PATHS = "$(inherited) @executable_path/Frameworks @loader_path/Frameworks";
				PRODUCT_NAME = "$(TARGET_NAME)";
				TEST_HOST = "$(BUILT_PRODUCTS_DIR)/REMAForms.app/REMAForms";
			};
			name = Debug;
		};
		441B77C819DEC4F4006AF67C /* Release */ = {
			isa = XCBuildConfiguration;
			buildSettings = {
				BUNDLE_LOADER = "$(TEST_HOST)";
				FRAMEWORK_SEARCH_PATHS = (
					"$(SDKROOT)/Developer/Library/Frameworks",
					"$(inherited)",
				);
				INFOPLIST_FILE = REMAFormsTests/Info.plist;
				LD_RUNPATH_SEARCH_PATHS = "$(inherited) @executable_path/Frameworks @loader_path/Frameworks";
				PRODUCT_NAME = "$(TARGET_NAME)";
				TEST_HOST = "$(BUILT_PRODUCTS_DIR)/REMAForms.app/REMAForms";
			};
			name = Release;
		};
/* End XCBuildConfiguration section */

/* Begin XCConfigurationList section */
		441B779B19DEC4F3006AF67C /* Build configuration list for PBXProject "REMAForms" */ = {
			isa = XCConfigurationList;
			buildConfigurations = (
				441B77C119DEC4F4006AF67C /* Debug */,
				441B77C219DEC4F4006AF67C /* Release */,
			);
			defaultConfigurationIsVisible = 0;
			defaultConfigurationName = Release;
		};
		441B77C319DEC4F4006AF67C /* Build configuration list for PBXNativeTarget "REMAForms" */ = {
			isa = XCConfigurationList;
			buildConfigurations = (
				441B77C419DEC4F4006AF67C /* Debug */,
				441B77C519DEC4F4006AF67C /* Release */,
			);
			defaultConfigurationIsVisible = 0;
			defaultConfigurationName = Release;
		};
		441B77C619DEC4F4006AF67C /* Build configuration list for PBXNativeTarget "REMAFormsTests" */ = {
			isa = XCConfigurationList;
			buildConfigurations = (
				441B77C719DEC4F4006AF67C /* Debug */,
				441B77C819DEC4F4006AF67C /* Release */,
			);
			defaultConfigurationIsVisible = 0;
			defaultConfigurationName = Release;
		};
/* End XCConfigurationList section */
	};
	rootObject = 441B779819DEC4F3006AF67C /* Project object */;
}
