// !$*UTF8*$!
{
	archiveVersion = 1;
	classes = {
	};
	objectVersion = 46;
	objects = {

/* Begin PBXBuildFile section */
		14E49BFC1A99B75500F19988 /* main.m in Sources */ = {isa = PBXBuildFile; fileRef = 14E49BFB1A99B75500F19988 /* main.m */; };
		14E49C071A99B75500F19988 /* Images.xcassets in Resources */ = {isa = PBXBuildFile; fileRef = 14E49C061A99B75500F19988 /* Images.xcassets */; };
		14E49C351A99B7D600F19988 /* AppDelegate.m in Sources */ = {isa = PBXBuildFile; fileRef = 14E49C211A99B7D600F19988 /* AppDelegate.m */; };
		14E49C3B1A99B7D600F19988 /* forms.json in Resources */ = {isa = PBXBuildFile; fileRef = 14E49C291A99B7D600F19988 /* forms.json */; };
		14E49C3C1A99B7D600F19988 /* camera-icon@2x.png in Resources */ = {isa = PBXBuildFile; fileRef = 14E49C2B1A99B7D600F19988 /* camera-icon@2x.png */; };
		14E49C401A99B7D600F19988 /* HYPSampleCollectionViewController.m in Sources */ = {isa = PBXBuildFile; fileRef = 14E49C311A99B7D600F19988 /* HYPSampleCollectionViewController.m */; };
		14E49C411A99B7D600F19988 /* HYPImageFormFieldCell.m in Sources */ = {isa = PBXBuildFile; fileRef = 14E49C341A99B7D600F19988 /* HYPImageFormFieldCell.m */; };
		1E5444BD0389FFEFBB7186A2 /* Pods.framework in Frameworks */ = {isa = PBXBuildFile; fileRef = 45445B9B2AF71C6EB29E5561 /* Pods.framework */; settings = {ATTRIBUTES = (Weak, ); }; };
/* End PBXBuildFile section */

/* Begin PBXFileReference section */
		14E49BF61A99B75500F19988 /* Basic-ObjC.app */ = {isa = PBXFileReference; explicitFileType = wrapper.application; includeInIndex = 0; path = "Basic-ObjC.app"; sourceTree = BUILT_PRODUCTS_DIR; };
		14E49BFA1A99B75500F19988 /* Info.plist */ = {isa = PBXFileReference; lastKnownFileType = text.plist.xml; path = Info.plist; sourceTree = "<group>"; };
		14E49BFB1A99B75500F19988 /* main.m */ = {isa = PBXFileReference; lastKnownFileType = sourcecode.c.objc; path = main.m; sourceTree = "<group>"; };
		14E49C061A99B75500F19988 /* Images.xcassets */ = {isa = PBXFileReference; lastKnownFileType = folder.assetcatalog; path = Images.xcassets; sourceTree = "<group>"; };
		14E49C201A99B7D600F19988 /* AppDelegate.h */ = {isa = PBXFileReference; fileEncoding = 4; lastKnownFileType = sourcecode.c.h; path = AppDelegate.h; sourceTree = "<group>"; };
		14E49C211A99B7D600F19988 /* AppDelegate.m */ = {isa = PBXFileReference; fileEncoding = 4; lastKnownFileType = sourcecode.c.objc; path = AppDelegate.m; sourceTree = "<group>"; };
		14E49C291A99B7D600F19988 /* forms.json */ = {isa = PBXFileReference; fileEncoding = 4; lastKnownFileType = text.json; path = forms.json; sourceTree = "<group>"; };
		14E49C2B1A99B7D600F19988 /* camera-icon@2x.png */ = {isa = PBXFileReference; lastKnownFileType = image.png; path = "camera-icon@2x.png"; sourceTree = "<group>"; };
		14E49C301A99B7D600F19988 /* HYPSampleCollectionViewController.h */ = {isa = PBXFileReference; fileEncoding = 4; lastKnownFileType = sourcecode.c.h; path = HYPSampleCollectionViewController.h; sourceTree = "<group>"; };
		14E49C311A99B7D600F19988 /* HYPSampleCollectionViewController.m */ = {isa = PBXFileReference; fileEncoding = 4; lastKnownFileType = sourcecode.c.objc; path = HYPSampleCollectionViewController.m; sourceTree = "<group>"; };
		14E49C331A99B7D600F19988 /* HYPImageFormFieldCell.h */ = {isa = PBXFileReference; fileEncoding = 4; lastKnownFileType = sourcecode.c.h; path = HYPImageFormFieldCell.h; sourceTree = "<group>"; };
		14E49C341A99B7D600F19988 /* HYPImageFormFieldCell.m */ = {isa = PBXFileReference; fileEncoding = 4; lastKnownFileType = sourcecode.c.objc; path = HYPImageFormFieldCell.m; sourceTree = "<group>"; };
		24255EE596DCD2C0FE5C4CFB /* Pods.release.xcconfig */ = {isa = PBXFileReference; includeInIndex = 1; lastKnownFileType = text.xcconfig; name = Pods.release.xcconfig; path = "Pods/Target Support Files/Pods/Pods.release.xcconfig"; sourceTree = "<group>"; };
		45445B9B2AF71C6EB29E5561 /* Pods.framework */ = {isa = PBXFileReference; explicitFileType = wrapper.framework; includeInIndex = 0; path = Pods.framework; sourceTree = BUILT_PRODUCTS_DIR; };
		5C74849DF53D9C3C7FE00770 /* Pods.debug.xcconfig */ = {isa = PBXFileReference; includeInIndex = 1; lastKnownFileType = text.xcconfig; name = Pods.debug.xcconfig; path = "Pods/Target Support Files/Pods/Pods.debug.xcconfig"; sourceTree = "<group>"; };
/* End PBXFileReference section */

/* Begin PBXFrameworksBuildPhase section */
		14E49BF31A99B75500F19988 /* Frameworks */ = {
			isa = PBXFrameworksBuildPhase;
			buildActionMask = 2147483647;
			files = (
				1E5444BD0389FFEFBB7186A2 /* Pods.framework in Frameworks */,
			);
			runOnlyForDeploymentPostprocessing = 0;
		};
/* End PBXFrameworksBuildPhase section */

/* Begin PBXGroup section */
		14E49BED1A99B75500F19988 = {
			isa = PBXGroup;
			children = (
				14E49BF81A99B75500F19988 /* Basic-ObjC */,
				14E49BF71A99B75500F19988 /* Products */,
				9A2CB4BACB8976C31DF24BCC /* Pods */,
				9661221E81F7A73DE1DDD54C /* Frameworks */,
			);
			sourceTree = "<group>";
		};
		14E49BF71A99B75500F19988 /* Products */ = {
			isa = PBXGroup;
			children = (
				14E49BF61A99B75500F19988 /* Basic-ObjC.app */,
			);
			name = Products;
			sourceTree = "<group>";
		};
		14E49BF81A99B75500F19988 /* Basic-ObjC */ = {
			isa = PBXGroup;
			children = (
				14E49C1F1A99B7D600F19988 /* AppDelegate */,
				14E49C221A99B7D600F19988 /* Assets */,
				14E49C2F1A99B7D600F19988 /* Controllers */,
				14E49C321A99B7D600F19988 /* Views */,
				14E49BF91A99B75500F19988 /* Supporting Files */,
			);
			path = "Basic-ObjC";
			sourceTree = "<group>";
		};
		14E49BF91A99B75500F19988 /* Supporting Files */ = {
			isa = PBXGroup;
			children = (
				14E49C061A99B75500F19988 /* Images.xcassets */,
				14E49BFA1A99B75500F19988 /* Info.plist */,
				14E49BFB1A99B75500F19988 /* main.m */,
			);
			name = "Supporting Files";
			sourceTree = "<group>";
		};
		14E49C1F1A99B7D600F19988 /* AppDelegate */ = {
			isa = PBXGroup;
			children = (
				14E49C201A99B7D600F19988 /* AppDelegate.h */,
				14E49C211A99B7D600F19988 /* AppDelegate.m */,
			);
			path = AppDelegate;
			sourceTree = "<group>";
		};
		14E49C221A99B7D600F19988 /* Assets */ = {
			isa = PBXGroup;
			children = (
				14E49C291A99B7D600F19988 /* forms.json */,
				14E49C2A1A99B7D600F19988 /* Images */,
			);
			path = Assets;
			sourceTree = "<group>";
		};
		14E49C2A1A99B7D600F19988 /* Images */ = {
			isa = PBXGroup;
			children = (
				14E49C2B1A99B7D600F19988 /* camera-icon@2x.png */,
			);
			path = Images;
			sourceTree = "<group>";
		};
		14E49C2F1A99B7D600F19988 /* Controllers */ = {
			isa = PBXGroup;
			children = (
				14E49C301A99B7D600F19988 /* HYPSampleCollectionViewController.h */,
				14E49C311A99B7D600F19988 /* HYPSampleCollectionViewController.m */,
			);
			path = Controllers;
			sourceTree = "<group>";
		};
		14E49C321A99B7D600F19988 /* Views */ = {
			isa = PBXGroup;
			children = (
				14E49C331A99B7D600F19988 /* HYPImageFormFieldCell.h */,
				14E49C341A99B7D600F19988 /* HYPImageFormFieldCell.m */,
			);
			path = Views;
			sourceTree = "<group>";
		};
		9661221E81F7A73DE1DDD54C /* Frameworks */ = {
			isa = PBXGroup;
			children = (
				45445B9B2AF71C6EB29E5561 /* Pods.framework */,
			);
			name = Frameworks;
			sourceTree = "<group>";
		};
		9A2CB4BACB8976C31DF24BCC /* Pods */ = {
			isa = PBXGroup;
			children = (
				5C74849DF53D9C3C7FE00770 /* Pods.debug.xcconfig */,
				24255EE596DCD2C0FE5C4CFB /* Pods.release.xcconfig */,
			);
			name = Pods;
			sourceTree = "<group>";
		};
/* End PBXGroup section */

/* Begin PBXNativeTarget section */
		14E49BF51A99B75500F19988 /* Basic-ObjC */ = {
			isa = PBXNativeTarget;
			buildConfigurationList = 14E49C191A99B75500F19988 /* Build configuration list for PBXNativeTarget "Basic-ObjC" */;
			buildPhases = (
				59B737624E5F197F9DC7808B /* Check Pods Manifest.lock */,
				14E49BF21A99B75500F19988 /* Sources */,
				14E49BF31A99B75500F19988 /* Frameworks */,
				14E49BF41A99B75500F19988 /* Resources */,
				5363A2951A16517EF2EF62A6 /* Copy Pods Resources */,
				5BD4AC1D4F92BDB1F7552BF0 /* Embed Pods Frameworks */,
			);
			buildRules = (
			);
			dependencies = (
			);
			name = "Basic-ObjC";
			productName = "Basic-ObjC";
			productReference = 14E49BF61A99B75500F19988 /* Basic-ObjC.app */;
			productType = "com.apple.product-type.application";
		};
/* End PBXNativeTarget section */

/* Begin PBXProject section */
		14E49BEE1A99B75500F19988 /* Project object */ = {
			isa = PBXProject;
			attributes = {
				LastUpgradeCheck = 0610;
				ORGANIZATIONNAME = Hyper;
				TargetAttributes = {
					14E49BF51A99B75500F19988 = {
						CreatedOnToolsVersion = 6.1.1;
					};
				};
			};
			buildConfigurationList = 14E49BF11A99B75500F19988 /* Build configuration list for PBXProject "Basic-ObjC" */;
			compatibilityVersion = "Xcode 3.2";
			developmentRegion = English;
			hasScannedForEncodings = 0;
			knownRegions = (
				en,
				Base,
			);
			mainGroup = 14E49BED1A99B75500F19988;
			productRefGroup = 14E49BF71A99B75500F19988 /* Products */;
			projectDirPath = "";
			projectRoot = "";
			targets = (
				14E49BF51A99B75500F19988 /* Basic-ObjC */,
			);
		};
/* End PBXProject section */

/* Begin PBXResourcesBuildPhase section */
		14E49BF41A99B75500F19988 /* Resources */ = {
			isa = PBXResourcesBuildPhase;
			buildActionMask = 2147483647;
			files = (
				14E49C3B1A99B7D600F19988 /* forms.json in Resources */,
				14E49C071A99B75500F19988 /* Images.xcassets in Resources */,
				14E49C3C1A99B7D600F19988 /* camera-icon@2x.png in Resources */,
			);
			runOnlyForDeploymentPostprocessing = 0;
		};
/* End PBXResourcesBuildPhase section */

/* Begin PBXShellScriptBuildPhase section */
		5363A2951A16517EF2EF62A6 /* Copy Pods Resources */ = {
			isa = PBXShellScriptBuildPhase;
			buildActionMask = 2147483647;
			files = (
			);
			inputPaths = (
			);
			name = "Copy Pods Resources";
			outputPaths = (
			);
			runOnlyForDeploymentPostprocessing = 0;
			shellPath = /bin/sh;
			shellScript = "\"${SRCROOT}/Pods/Target Support Files/Pods/Pods-resources.sh\"\n";
			showEnvVarsInLog = 0;
		};
		59B737624E5F197F9DC7808B /* Check Pods Manifest.lock */ = {
			isa = PBXShellScriptBuildPhase;
			buildActionMask = 2147483647;
			files = (
			);
			inputPaths = (
			);
			name = "Check Pods Manifest.lock";
			outputPaths = (
			);
			runOnlyForDeploymentPostprocessing = 0;
			shellPath = /bin/sh;
			shellScript = "diff \"${PODS_ROOT}/../Podfile.lock\" \"${PODS_ROOT}/Manifest.lock\" > /dev/null\nif [[ $? != 0 ]] ; then\n    cat << EOM\nerror: The sandbox is not in sync with the Podfile.lock. Run 'pod install' or update your CocoaPods installation.\nEOM\n    exit 1\nfi\n";
			showEnvVarsInLog = 0;
		};
		5BD4AC1D4F92BDB1F7552BF0 /* Embed Pods Frameworks */ = {
			isa = PBXShellScriptBuildPhase;
			buildActionMask = 2147483647;
			files = (
			);
			inputPaths = (
			);
			name = "Embed Pods Frameworks";
			outputPaths = (
			);
			runOnlyForDeploymentPostprocessing = 0;
			shellPath = /bin/sh;
			shellScript = "\"${SRCROOT}/Pods/Target Support Files/Pods/Pods-frameworks.sh\"\n";
			showEnvVarsInLog = 0;
		};
/* End PBXShellScriptBuildPhase section */

/* Begin PBXSourcesBuildPhase section */
		14E49BF21A99B75500F19988 /* Sources */ = {
			isa = PBXSourcesBuildPhase;
			buildActionMask = 2147483647;
			files = (
				14E49C351A99B7D600F19988 /* AppDelegate.m in Sources */,
				14E49C401A99B7D600F19988 /* HYPSampleCollectionViewController.m in Sources */,
				14E49C411A99B7D600F19988 /* HYPImageFormFieldCell.m in Sources */,
				14E49BFC1A99B75500F19988 /* main.m in Sources */,
			);
			runOnlyForDeploymentPostprocessing = 0;
		};
/* End PBXSourcesBuildPhase section */

/* Begin XCBuildConfiguration section */
		14E49C171A99B75500F19988 /* Debug */ = {
			isa = XCBuildConfiguration;
			buildSettings = {
				ALWAYS_SEARCH_USER_PATHS = NO;
				CLANG_CXX_LANGUAGE_STANDARD = "gnu++0x";
				CLANG_CXX_LIBRARY = "libc++";
				CLANG_ENABLE_MODULES = YES;
				CLANG_ENABLE_OBJC_ARC = YES;
				CLANG_WARN_BOOL_CONVERSION = YES;
				CLANG_WARN_CONSTANT_CONVERSION = YES;
				CLANG_WARN_DIRECT_OBJC_ISA_USAGE = YES_ERROR;
				CLANG_WARN_EMPTY_BODY = YES;
				CLANG_WARN_ENUM_CONVERSION = YES;
				CLANG_WARN_INT_CONVERSION = YES;
				CLANG_WARN_OBJC_ROOT_CLASS = YES_ERROR;
				CLANG_WARN_UNREACHABLE_CODE = YES;
				CLANG_WARN__DUPLICATE_METHOD_MATCH = YES;
				"CODE_SIGN_IDENTITY[sdk=iphoneos*]" = "iPhone Developer";
				COPY_PHASE_STRIP = NO;
				ENABLE_STRICT_OBJC_MSGSEND = YES;
				GCC_C_LANGUAGE_STANDARD = gnu99;
				GCC_DYNAMIC_NO_PIC = NO;
				GCC_OPTIMIZATION_LEVEL = 0;
				GCC_PREPROCESSOR_DEFINITIONS = (
					"DEBUG=1",
					"$(inherited)",
				);
				GCC_SYMBOLS_PRIVATE_EXTERN = NO;
				GCC_WARN_64_TO_32_BIT_CONVERSION = YES;
				GCC_WARN_ABOUT_RETURN_TYPE = YES_ERROR;
				GCC_WARN_UNDECLARED_SELECTOR = YES;
				GCC_WARN_UNINITIALIZED_AUTOS = YES_AGGRESSIVE;
				GCC_WARN_UNUSED_FUNCTION = YES;
				GCC_WARN_UNUSED_VARIABLE = YES;
				IPHONEOS_DEPLOYMENT_TARGET = 8.1;
				MTL_ENABLE_DEBUG_INFO = YES;
				ONLY_ACTIVE_ARCH = YES;
				SDKROOT = iphoneos;
				TARGETED_DEVICE_FAMILY = 2;
			};
			name = Debug;
		};
		14E49C181A99B75500F19988 /* Release */ = {
			isa = XCBuildConfiguration;
			buildSettings = {
				ALWAYS_SEARCH_USER_PATHS = NO;
				CLANG_CXX_LANGUAGE_STANDARD = "gnu++0x";
				CLANG_CXX_LIBRARY = "libc++";
				CLANG_ENABLE_MODULES = YES;
				CLANG_ENABLE_OBJC_ARC = YES;
				CLANG_WARN_BOOL_CONVERSION = YES;
				CLANG_WARN_CONSTANT_CONVERSION = YES;
				CLANG_WARN_DIRECT_OBJC_ISA_USAGE = YES_ERROR;
				CLANG_WARN_EMPTY_BODY = YES;
				CLANG_WARN_ENUM_CONVERSION = YES;
				CLANG_WARN_INT_CONVERSION = YES;
				CLANG_WARN_OBJC_ROOT_CLASS = YES_ERROR;
				CLANG_WARN_UNREACHABLE_CODE = YES;
				CLANG_WARN__DUPLICATE_METHOD_MATCH = YES;
				"CODE_SIGN_IDENTITY[sdk=iphoneos*]" = "iPhone Developer";
				COPY_PHASE_STRIP = YES;
				ENABLE_NS_ASSERTIONS = NO;
				ENABLE_STRICT_OBJC_MSGSEND = YES;
				GCC_C_LANGUAGE_STANDARD = gnu99;
				GCC_WARN_64_TO_32_BIT_CONVERSION = YES;
				GCC_WARN_ABOUT_RETURN_TYPE = YES_ERROR;
				GCC_WARN_UNDECLARED_SELECTOR = YES;
				GCC_WARN_UNINITIALIZED_AUTOS = YES_AGGRESSIVE;
				GCC_WARN_UNUSED_FUNCTION = YES;
				GCC_WARN_UNUSED_VARIABLE = YES;
				IPHONEOS_DEPLOYMENT_TARGET = 8.1;
				MTL_ENABLE_DEBUG_INFO = NO;
				SDKROOT = iphoneos;
				TARGETED_DEVICE_FAMILY = 2;
				VALIDATE_PRODUCT = YES;
			};
			name = Release;
		};
		14E49C1A1A99B75500F19988 /* Debug */ = {
			isa = XCBuildConfiguration;
			baseConfigurationReference = 5C74849DF53D9C3C7FE00770 /* Pods.debug.xcconfig */;
			buildSettings = {
				ASSETCATALOG_COMPILER_APPICON_NAME = AppIcon;
				ASSETCATALOG_COMPILER_LAUNCHIMAGE_NAME = LaunchImage;
				INFOPLIST_FILE = "Basic-ObjC/Info.plist";
				LD_RUNPATH_SEARCH_PATHS = "$(inherited) @executable_path/Frameworks";
				PRODUCT_NAME = "$(TARGET_NAME)";
			};
			name = Debug;
		};
		14E49C1B1A99B75500F19988 /* Release */ = {
			isa = XCBuildConfiguration;
			baseConfigurationReference = 24255EE596DCD2C0FE5C4CFB /* Pods.release.xcconfig */;
			buildSettings = {
				ASSETCATALOG_COMPILER_APPICON_NAME = AppIcon;
				ASSETCATALOG_COMPILER_LAUNCHIMAGE_NAME = LaunchImage;
				INFOPLIST_FILE = "Basic-ObjC/Info.plist";
				LD_RUNPATH_SEARCH_PATHS = "$(inherited) @executable_path/Frameworks";
				PRODUCT_NAME = "$(TARGET_NAME)";
			};
			name = Release;
		};
/* End XCBuildConfiguration section */

/* Begin XCConfigurationList section */
		14E49BF11A99B75500F19988 /* Build configuration list for PBXProject "Basic-ObjC" */ = {
			isa = XCConfigurationList;
			buildConfigurations = (
				14E49C171A99B75500F19988 /* Debug */,
				14E49C181A99B75500F19988 /* Release */,
			);
			defaultConfigurationIsVisible = 0;
			defaultConfigurationName = Release;
		};
		14E49C191A99B75500F19988 /* Build configuration list for PBXNativeTarget "Basic-ObjC" */ = {
			isa = XCConfigurationList;
			buildConfigurations = (
				14E49C1A1A99B75500F19988 /* Debug */,
				14E49C1B1A99B75500F19988 /* Release */,
			);
			defaultConfigurationIsVisible = 0;
			defaultConfigurationName = Release;
		};
/* End XCConfigurationList section */
	};
	rootObject = 14E49BEE1A99B75500F19988 /* Project object */;
}
