// !$*UTF8*$!
{
	archiveVersion = 1;
	classes = {
	};
	objectVersion = 46;
	objects = {

/* Begin PBXBuildFile section */
		142E4D3F19E3419900C22B7E /* UIColor+Colors.m in Sources */ = {isa = PBXBuildFile; fileRef = 142E4D3E19E3419900C22B7E /* UIColor+Colors.m */; };
		1478934C19DFCC9000BC2497 /* forms.json in Resources */ = {isa = PBXBuildFile; fileRef = 1478934B19DFCC9000BC2497 /* forms.json */; };
		4408F15A19E81E2F005AE53F /* NSDate+HYPISO8601.m in Sources */ = {isa = PBXBuildFile; fileRef = 4408F15919E81E2F005AE53F /* NSDate+HYPISO8601.m */; };
		4408F18A19E81EA6005AE53F /* HYPBaseFormFieldCell.m in Sources */ = {isa = PBXBuildFile; fileRef = 4408F15F19E81EA6005AE53F /* HYPBaseFormFieldCell.m */; };
		4408F18B19E81EA6005AE53F /* HYPFormFieldHeadingLabel.m in Sources */ = {isa = PBXBuildFile; fileRef = 4408F16119E81EA6005AE53F /* HYPFormFieldHeadingLabel.m */; };
		4408F18C19E81EA6005AE53F /* HYPPopoverFormFieldCell.m in Sources */ = {isa = PBXBuildFile; fileRef = 4408F16319E81EA6005AE53F /* HYPPopoverFormFieldCell.m */; };
		4408F18D19E81EA6005AE53F /* HYPTextFieldTypeManager.m in Sources */ = {isa = PBXBuildFile; fileRef = 4408F16519E81EA6005AE53F /* HYPTextFieldTypeManager.m */; };
		4408F18E19E81EA6005AE53F /* HYPTextFormField.m in Sources */ = {isa = PBXBuildFile; fileRef = 4408F16719E81EA6005AE53F /* HYPTextFormField.m */; };
		4408F18F19E81EA6005AE53F /* HYPDateFormFieldCell.m in Sources */ = {isa = PBXBuildFile; fileRef = 4408F16A19E81EA6005AE53F /* HYPDateFormFieldCell.m */; };
		4408F19019E81EA6005AE53F /* HYPDropdownFormFieldCell.m in Sources */ = {isa = PBXBuildFile; fileRef = 4408F16D19E81EA6005AE53F /* HYPDropdownFormFieldCell.m */; };
		4408F19119E81EA6005AE53F /* HYPFieldValuesTableViewController.m in Sources */ = {isa = PBXBuildFile; fileRef = 4408F16F19E81EA6005AE53F /* HYPFieldValuesTableViewController.m */; };
		4408F19219E81EA6005AE53F /* HYPTextFormFieldCell.m in Sources */ = {isa = PBXBuildFile; fileRef = 4408F17219E81EA6005AE53F /* HYPTextFormFieldCell.m */; };
		4408F19319E81EA6005AE53F /* HYPFormBackgroundView.m in Sources */ = {isa = PBXBuildFile; fileRef = 4408F17419E81EA6005AE53F /* HYPFormBackgroundView.m */; };
		4408F19419E81EA6005AE53F /* HYPFormHeaderView.m in Sources */ = {isa = PBXBuildFile; fileRef = 4408F17619E81EA6005AE53F /* HYPFormHeaderView.m */; };
		4408F19619E81EA6005AE53F /* HYPFormsCollectionViewDataSource.m in Sources */ = {isa = PBXBuildFile; fileRef = 4408F17A19E81EA6005AE53F /* HYPFormsCollectionViewDataSource.m */; };
		4408F19719E81EA6005AE53F /* HYPFormsLayout.m in Sources */ = {isa = PBXBuildFile; fileRef = 4408F17C19E81EA6005AE53F /* HYPFormsLayout.m */; };
		4408F19819E81EA6005AE53F /* HYPFieldRule.m in Sources */ = {isa = PBXBuildFile; fileRef = 4408F17F19E81EA6005AE53F /* HYPFieldRule.m */; };
		4408F19919E81EA6005AE53F /* HYPFieldValue.m in Sources */ = {isa = PBXBuildFile; fileRef = 4408F18119E81EA6005AE53F /* HYPFieldValue.m */; };
		4408F19A19E81EA6005AE53F /* HYPForm.m in Sources */ = {isa = PBXBuildFile; fileRef = 4408F18319E81EA6005AE53F /* HYPForm.m */; };
		4408F19B19E81EA6005AE53F /* HYPFormField.m in Sources */ = {isa = PBXBuildFile; fileRef = 4408F18519E81EA6005AE53F /* HYPFormField.m */; };
		4408F19C19E81EA6005AE53F /* HYPFormSection.m in Sources */ = {isa = PBXBuildFile; fileRef = 4408F18719E81EA6005AE53F /* HYPFormSection.m */; };
		4408F19D19E81EA6005AE53F /* HYPValidator.m in Sources */ = {isa = PBXBuildFile; fileRef = 4408F18919E81EA6005AE53F /* HYPValidator.m */; };
		4408F1B819E81F67005AE53F /* HYPBankAccountNumberFormatter.m in Sources */ = {isa = PBXBuildFile; fileRef = 4408F1A019E81F67005AE53F /* HYPBankAccountNumberFormatter.m */; };
		4408F1B919E81F67005AE53F /* HYPFormatter.m in Sources */ = {isa = PBXBuildFile; fileRef = 4408F1A219E81F67005AE53F /* HYPFormatter.m */; };
		4408F1BA19E81F67005AE53F /* HYPPhoneNumberFormatter.m in Sources */ = {isa = PBXBuildFile; fileRef = 4408F1A419E81F67005AE53F /* HYPPhoneNumberFormatter.m */; };
		4408F1BB19E81F67005AE53F /* HYPSocialSecurityNumberFormatter.m in Sources */ = {isa = PBXBuildFile; fileRef = 4408F1A619E81F67005AE53F /* HYPSocialSecurityNumberFormatter.m */; };
		4408F1BC19E81F67005AE53F /* HYPBankAccountNumberInputValidator.m in Sources */ = {isa = PBXBuildFile; fileRef = 4408F1A919E81F67005AE53F /* HYPBankAccountNumberInputValidator.m */; };
		4408F1BD19E81F67005AE53F /* HYPFloatInputValidator.m in Sources */ = {isa = PBXBuildFile; fileRef = 4408F1AB19E81F67005AE53F /* HYPFloatInputValidator.m */; };
		4408F1BE19E81F67005AE53F /* HYPInputValidator.m in Sources */ = {isa = PBXBuildFile; fileRef = 4408F1AD19E81F67005AE53F /* HYPInputValidator.m */; };
		4408F1BF19E81F67005AE53F /* HYPNameInputValidator.m in Sources */ = {isa = PBXBuildFile; fileRef = 4408F1AF19E81F67005AE53F /* HYPNameInputValidator.m */; };
		4408F1C019E81F67005AE53F /* HYPNumberInputValidator.m in Sources */ = {isa = PBXBuildFile; fileRef = 4408F1B119E81F67005AE53F /* HYPNumberInputValidator.m */; };
		4408F1C119E81F67005AE53F /* HYPPhoneNumberInputValidator.m in Sources */ = {isa = PBXBuildFile; fileRef = 4408F1B319E81F67005AE53F /* HYPPhoneNumberInputValidator.m */; };
		4408F1C219E81F67005AE53F /* HYPPostalCodeInputValidator.m in Sources */ = {isa = PBXBuildFile; fileRef = 4408F1B519E81F67005AE53F /* HYPPostalCodeInputValidator.m */; };
		4408F1C319E81F67005AE53F /* HYPSocialSecurityNumberInputValidator.m in Sources */ = {isa = PBXBuildFile; fileRef = 4408F1B719E81F67005AE53F /* HYPSocialSecurityNumberInputValidator.m */; };
		4408F1C719E8244E005AE53F /* HYPFormsCollectionViewController.m in Sources */ = {isa = PBXBuildFile; fileRef = 4408F1C619E8244E005AE53F /* HYPFormsCollectionViewController.m */; };
		441B77A619DEC4F4006AF67C /* main.m in Sources */ = {isa = PBXBuildFile; fileRef = 441B77A519DEC4F4006AF67C /* main.m */; };
		441B77A919DEC4F4006AF67C /* AppDelegate.m in Sources */ = {isa = PBXBuildFile; fileRef = 441B77A819DEC4F4006AF67C /* AppDelegate.m */; };
		441B77B119DEC4F4006AF67C /* Images.xcassets in Resources */ = {isa = PBXBuildFile; fileRef = 441B77B019DEC4F4006AF67C /* Images.xcassets */; };
		4441A9E819E2BBC50068498D /* DIN-BLAC.OTF in Resources */ = {isa = PBXBuildFile; fileRef = 4441A9E319E2BBC50068498D /* DIN-BLAC.OTF */; };
		4441A9E919E2BBC50068498D /* DIN-BOLD.OTF in Resources */ = {isa = PBXBuildFile; fileRef = 4441A9E419E2BBC50068498D /* DIN-BOLD.OTF */; };
		4441A9EA19E2BBC50068498D /* DIN-LIGH.OTF in Resources */ = {isa = PBXBuildFile; fileRef = 4441A9E519E2BBC50068498D /* DIN-LIGH.OTF */; };
		4441A9EB19E2BBC50068498D /* DIN-MEDI.OTF in Resources */ = {isa = PBXBuildFile; fileRef = 4441A9E619E2BBC50068498D /* DIN-MEDI.OTF */; };
		4441A9EC19E2BBC50068498D /* DIN-REGU.OTF in Resources */ = {isa = PBXBuildFile; fileRef = 4441A9E719E2BBC50068498D /* DIN-REGU.OTF */; };
		4441A9EF19E2BC140068498D /* UIFont+Styles.m in Sources */ = {isa = PBXBuildFile; fileRef = 4441A9EE19E2BC140068498D /* UIFont+Styles.m */; };
		445DAF9519E52D76006F8052 /* ic_mini_arrow_down.png in Resources */ = {isa = PBXBuildFile; fileRef = 445DAF9319E52D76006F8052 /* ic_mini_arrow_down.png */; };
		445DAF9619E52D76006F8052 /* ic_mini_arrow_down@2x.png in Resources */ = {isa = PBXBuildFile; fileRef = 445DAF9419E52D76006F8052 /* ic_mini_arrow_down@2x.png */; };
		44D6B67F19E578490009BB07 /* HYPTimeViewController.m in Sources */ = {isa = PBXBuildFile; fileRef = 44D6B67E19E578490009BB07 /* HYPTimeViewController.m */; };
		890DF4637B5C51A0210949DE /* libPods.a in Frameworks */ = {isa = PBXBuildFile; fileRef = B9243ED4871CF70DD889729A /* libPods.a */; };
/* End PBXBuildFile section */

/* Begin PBXFileReference section */
		07105CF419C6385F89E04B13 /* Pods.release.xcconfig */ = {isa = PBXFileReference; includeInIndex = 1; lastKnownFileType = text.xcconfig; name = Pods.release.xcconfig; path = "Pods/Target Support Files/Pods/Pods.release.xcconfig"; sourceTree = "<group>"; };
		142E4D3D19E3419900C22B7E /* UIColor+Colors.h */ = {isa = PBXFileReference; fileEncoding = 4; lastKnownFileType = sourcecode.c.h; path = "UIColor+Colors.h"; sourceTree = "<group>"; };
		142E4D3E19E3419900C22B7E /* UIColor+Colors.m */ = {isa = PBXFileReference; fileEncoding = 4; lastKnownFileType = sourcecode.c.objc; path = "UIColor+Colors.m"; sourceTree = "<group>"; };
		1478934B19DFCC9000BC2497 /* forms.json */ = {isa = PBXFileReference; fileEncoding = 4; lastKnownFileType = text.json; path = forms.json; sourceTree = "<group>"; };
		4408F15819E81E2F005AE53F /* NSDate+HYPISO8601.h */ = {isa = PBXFileReference; fileEncoding = 4; lastKnownFileType = sourcecode.c.h; path = "NSDate+HYPISO8601.h"; sourceTree = "<group>"; };
		4408F15919E81E2F005AE53F /* NSDate+HYPISO8601.m */ = {isa = PBXFileReference; fileEncoding = 4; lastKnownFileType = sourcecode.c.objc; path = "NSDate+HYPISO8601.m"; sourceTree = "<group>"; };
		4408F15E19E81EA6005AE53F /* HYPBaseFormFieldCell.h */ = {isa = PBXFileReference; fileEncoding = 4; lastKnownFileType = sourcecode.c.h; path = HYPBaseFormFieldCell.h; sourceTree = "<group>"; };
		4408F15F19E81EA6005AE53F /* HYPBaseFormFieldCell.m */ = {isa = PBXFileReference; fileEncoding = 4; lastKnownFileType = sourcecode.c.objc; path = HYPBaseFormFieldCell.m; sourceTree = "<group>"; };
		4408F16019E81EA6005AE53F /* HYPFormFieldHeadingLabel.h */ = {isa = PBXFileReference; fileEncoding = 4; lastKnownFileType = sourcecode.c.h; path = HYPFormFieldHeadingLabel.h; sourceTree = "<group>"; };
		4408F16119E81EA6005AE53F /* HYPFormFieldHeadingLabel.m */ = {isa = PBXFileReference; fileEncoding = 4; lastKnownFileType = sourcecode.c.objc; path = HYPFormFieldHeadingLabel.m; sourceTree = "<group>"; };
		4408F16219E81EA6005AE53F /* HYPPopoverFormFieldCell.h */ = {isa = PBXFileReference; fileEncoding = 4; lastKnownFileType = sourcecode.c.h; path = HYPPopoverFormFieldCell.h; sourceTree = "<group>"; };
		4408F16319E81EA6005AE53F /* HYPPopoverFormFieldCell.m */ = {isa = PBXFileReference; fileEncoding = 4; lastKnownFileType = sourcecode.c.objc; path = HYPPopoverFormFieldCell.m; sourceTree = "<group>"; };
		4408F16419E81EA6005AE53F /* HYPTextFieldTypeManager.h */ = {isa = PBXFileReference; fileEncoding = 4; lastKnownFileType = sourcecode.c.h; path = HYPTextFieldTypeManager.h; sourceTree = "<group>"; };
		4408F16519E81EA6005AE53F /* HYPTextFieldTypeManager.m */ = {isa = PBXFileReference; fileEncoding = 4; lastKnownFileType = sourcecode.c.objc; path = HYPTextFieldTypeManager.m; sourceTree = "<group>"; };
		4408F16619E81EA6005AE53F /* HYPTextFormField.h */ = {isa = PBXFileReference; fileEncoding = 4; lastKnownFileType = sourcecode.c.h; path = HYPTextFormField.h; sourceTree = "<group>"; };
		4408F16719E81EA6005AE53F /* HYPTextFormField.m */ = {isa = PBXFileReference; fileEncoding = 4; lastKnownFileType = sourcecode.c.objc; path = HYPTextFormField.m; sourceTree = "<group>"; };
		4408F16919E81EA6005AE53F /* HYPDateFormFieldCell.h */ = {isa = PBXFileReference; fileEncoding = 4; lastKnownFileType = sourcecode.c.h; path = HYPDateFormFieldCell.h; sourceTree = "<group>"; };
		4408F16A19E81EA6005AE53F /* HYPDateFormFieldCell.m */ = {isa = PBXFileReference; fileEncoding = 4; lastKnownFileType = sourcecode.c.objc; path = HYPDateFormFieldCell.m; sourceTree = "<group>"; };
		4408F16C19E81EA6005AE53F /* HYPDropdownFormFieldCell.h */ = {isa = PBXFileReference; fileEncoding = 4; lastKnownFileType = sourcecode.c.h; path = HYPDropdownFormFieldCell.h; sourceTree = "<group>"; };
		4408F16D19E81EA6005AE53F /* HYPDropdownFormFieldCell.m */ = {isa = PBXFileReference; fileEncoding = 4; lastKnownFileType = sourcecode.c.objc; path = HYPDropdownFormFieldCell.m; sourceTree = "<group>"; };
		4408F16E19E81EA6005AE53F /* HYPFieldValuesTableViewController.h */ = {isa = PBXFileReference; fileEncoding = 4; lastKnownFileType = sourcecode.c.h; path = HYPFieldValuesTableViewController.h; sourceTree = "<group>"; };
		4408F16F19E81EA6005AE53F /* HYPFieldValuesTableViewController.m */ = {isa = PBXFileReference; fileEncoding = 4; lastKnownFileType = sourcecode.c.objc; path = HYPFieldValuesTableViewController.m; sourceTree = "<group>"; };
		4408F17119E81EA6005AE53F /* HYPTextFormFieldCell.h */ = {isa = PBXFileReference; fileEncoding = 4; lastKnownFileType = sourcecode.c.h; path = HYPTextFormFieldCell.h; sourceTree = "<group>"; };
		4408F17219E81EA6005AE53F /* HYPTextFormFieldCell.m */ = {isa = PBXFileReference; fileEncoding = 4; lastKnownFileType = sourcecode.c.objc; path = HYPTextFormFieldCell.m; sourceTree = "<group>"; };
		4408F17319E81EA6005AE53F /* HYPFormBackgroundView.h */ = {isa = PBXFileReference; fileEncoding = 4; lastKnownFileType = sourcecode.c.h; path = HYPFormBackgroundView.h; sourceTree = "<group>"; };
		4408F17419E81EA6005AE53F /* HYPFormBackgroundView.m */ = {isa = PBXFileReference; fileEncoding = 4; lastKnownFileType = sourcecode.c.objc; path = HYPFormBackgroundView.m; sourceTree = "<group>"; };
		4408F17519E81EA6005AE53F /* HYPFormHeaderView.h */ = {isa = PBXFileReference; fileEncoding = 4; lastKnownFileType = sourcecode.c.h; path = HYPFormHeaderView.h; sourceTree = "<group>"; };
		4408F17619E81EA6005AE53F /* HYPFormHeaderView.m */ = {isa = PBXFileReference; fileEncoding = 4; lastKnownFileType = sourcecode.c.objc; path = HYPFormHeaderView.m; sourceTree = "<group>"; };
		4408F17919E81EA6005AE53F /* HYPFormsCollectionViewDataSource.h */ = {isa = PBXFileReference; fileEncoding = 4; lastKnownFileType = sourcecode.c.h; path = HYPFormsCollectionViewDataSource.h; sourceTree = "<group>"; };
		4408F17A19E81EA6005AE53F /* HYPFormsCollectionViewDataSource.m */ = {isa = PBXFileReference; fileEncoding = 4; lastKnownFileType = sourcecode.c.objc; path = HYPFormsCollectionViewDataSource.m; sourceTree = "<group>"; };
		4408F17B19E81EA6005AE53F /* HYPFormsLayout.h */ = {isa = PBXFileReference; fileEncoding = 4; lastKnownFileType = sourcecode.c.h; path = HYPFormsLayout.h; sourceTree = "<group>"; };
		4408F17C19E81EA6005AE53F /* HYPFormsLayout.m */ = {isa = PBXFileReference; fileEncoding = 4; lastKnownFileType = sourcecode.c.objc; path = HYPFormsLayout.m; sourceTree = "<group>"; };
		4408F17E19E81EA6005AE53F /* HYPFieldRule.h */ = {isa = PBXFileReference; fileEncoding = 4; lastKnownFileType = sourcecode.c.h; path = HYPFieldRule.h; sourceTree = "<group>"; };
		4408F17F19E81EA6005AE53F /* HYPFieldRule.m */ = {isa = PBXFileReference; fileEncoding = 4; lastKnownFileType = sourcecode.c.objc; path = HYPFieldRule.m; sourceTree = "<group>"; };
		4408F18019E81EA6005AE53F /* HYPFieldValue.h */ = {isa = PBXFileReference; fileEncoding = 4; lastKnownFileType = sourcecode.c.h; path = HYPFieldValue.h; sourceTree = "<group>"; };
		4408F18119E81EA6005AE53F /* HYPFieldValue.m */ = {isa = PBXFileReference; fileEncoding = 4; lastKnownFileType = sourcecode.c.objc; path = HYPFieldValue.m; sourceTree = "<group>"; };
		4408F18219E81EA6005AE53F /* HYPForm.h */ = {isa = PBXFileReference; fileEncoding = 4; lastKnownFileType = sourcecode.c.h; path = HYPForm.h; sourceTree = "<group>"; };
		4408F18319E81EA6005AE53F /* HYPForm.m */ = {isa = PBXFileReference; fileEncoding = 4; lastKnownFileType = sourcecode.c.objc; path = HYPForm.m; sourceTree = "<group>"; };
		4408F18419E81EA6005AE53F /* HYPFormField.h */ = {isa = PBXFileReference; fileEncoding = 4; lastKnownFileType = sourcecode.c.h; path = HYPFormField.h; sourceTree = "<group>"; };
		4408F18519E81EA6005AE53F /* HYPFormField.m */ = {isa = PBXFileReference; fileEncoding = 4; lastKnownFileType = sourcecode.c.objc; path = HYPFormField.m; sourceTree = "<group>"; };
		4408F18619E81EA6005AE53F /* HYPFormSection.h */ = {isa = PBXFileReference; fileEncoding = 4; lastKnownFileType = sourcecode.c.h; path = HYPFormSection.h; sourceTree = "<group>"; };
		4408F18719E81EA6005AE53F /* HYPFormSection.m */ = {isa = PBXFileReference; fileEncoding = 4; lastKnownFileType = sourcecode.c.objc; path = HYPFormSection.m; sourceTree = "<group>"; };
		4408F18819E81EA6005AE53F /* HYPValidator.h */ = {isa = PBXFileReference; fileEncoding = 4; lastKnownFileType = sourcecode.c.h; path = HYPValidator.h; sourceTree = "<group>"; };
		4408F18919E81EA6005AE53F /* HYPValidator.m */ = {isa = PBXFileReference; fileEncoding = 4; lastKnownFileType = sourcecode.c.objc; path = HYPValidator.m; sourceTree = "<group>"; };
		4408F19F19E81F67005AE53F /* HYPBankAccountNumberFormatter.h */ = {isa = PBXFileReference; fileEncoding = 4; lastKnownFileType = sourcecode.c.h; path = HYPBankAccountNumberFormatter.h; sourceTree = "<group>"; };
		4408F1A019E81F67005AE53F /* HYPBankAccountNumberFormatter.m */ = {isa = PBXFileReference; fileEncoding = 4; lastKnownFileType = sourcecode.c.objc; path = HYPBankAccountNumberFormatter.m; sourceTree = "<group>"; };
		4408F1A119E81F67005AE53F /* HYPFormatter.h */ = {isa = PBXFileReference; fileEncoding = 4; lastKnownFileType = sourcecode.c.h; path = HYPFormatter.h; sourceTree = "<group>"; };
		4408F1A219E81F67005AE53F /* HYPFormatter.m */ = {isa = PBXFileReference; fileEncoding = 4; lastKnownFileType = sourcecode.c.objc; path = HYPFormatter.m; sourceTree = "<group>"; };
		4408F1A319E81F67005AE53F /* HYPPhoneNumberFormatter.h */ = {isa = PBXFileReference; fileEncoding = 4; lastKnownFileType = sourcecode.c.h; path = HYPPhoneNumberFormatter.h; sourceTree = "<group>"; };
		4408F1A419E81F67005AE53F /* HYPPhoneNumberFormatter.m */ = {isa = PBXFileReference; fileEncoding = 4; lastKnownFileType = sourcecode.c.objc; path = HYPPhoneNumberFormatter.m; sourceTree = "<group>"; };
		4408F1A519E81F67005AE53F /* HYPSocialSecurityNumberFormatter.h */ = {isa = PBXFileReference; fileEncoding = 4; lastKnownFileType = sourcecode.c.h; path = HYPSocialSecurityNumberFormatter.h; sourceTree = "<group>"; };
		4408F1A619E81F67005AE53F /* HYPSocialSecurityNumberFormatter.m */ = {isa = PBXFileReference; fileEncoding = 4; lastKnownFileType = sourcecode.c.objc; path = HYPSocialSecurityNumberFormatter.m; sourceTree = "<group>"; };
		4408F1A819E81F67005AE53F /* HYPBankAccountNumberInputValidator.h */ = {isa = PBXFileReference; fileEncoding = 4; lastKnownFileType = sourcecode.c.h; path = HYPBankAccountNumberInputValidator.h; sourceTree = "<group>"; };
		4408F1A919E81F67005AE53F /* HYPBankAccountNumberInputValidator.m */ = {isa = PBXFileReference; fileEncoding = 4; lastKnownFileType = sourcecode.c.objc; path = HYPBankAccountNumberInputValidator.m; sourceTree = "<group>"; };
		4408F1AA19E81F67005AE53F /* HYPFloatInputValidator.h */ = {isa = PBXFileReference; fileEncoding = 4; lastKnownFileType = sourcecode.c.h; path = HYPFloatInputValidator.h; sourceTree = "<group>"; };
		4408F1AB19E81F67005AE53F /* HYPFloatInputValidator.m */ = {isa = PBXFileReference; fileEncoding = 4; lastKnownFileType = sourcecode.c.objc; path = HYPFloatInputValidator.m; sourceTree = "<group>"; };
		4408F1AC19E81F67005AE53F /* HYPInputValidator.h */ = {isa = PBXFileReference; fileEncoding = 4; lastKnownFileType = sourcecode.c.h; path = HYPInputValidator.h; sourceTree = "<group>"; };
		4408F1AD19E81F67005AE53F /* HYPInputValidator.m */ = {isa = PBXFileReference; fileEncoding = 4; lastKnownFileType = sourcecode.c.objc; path = HYPInputValidator.m; sourceTree = "<group>"; };
		4408F1AE19E81F67005AE53F /* HYPNameInputValidator.h */ = {isa = PBXFileReference; fileEncoding = 4; lastKnownFileType = sourcecode.c.h; path = HYPNameInputValidator.h; sourceTree = "<group>"; };
		4408F1AF19E81F67005AE53F /* HYPNameInputValidator.m */ = {isa = PBXFileReference; fileEncoding = 4; lastKnownFileType = sourcecode.c.objc; path = HYPNameInputValidator.m; sourceTree = "<group>"; };
		4408F1B019E81F67005AE53F /* HYPNumberInputValidator.h */ = {isa = PBXFileReference; fileEncoding = 4; lastKnownFileType = sourcecode.c.h; path = HYPNumberInputValidator.h; sourceTree = "<group>"; };
		4408F1B119E81F67005AE53F /* HYPNumberInputValidator.m */ = {isa = PBXFileReference; fileEncoding = 4; lastKnownFileType = sourcecode.c.objc; path = HYPNumberInputValidator.m; sourceTree = "<group>"; };
		4408F1B219E81F67005AE53F /* HYPPhoneNumberInputValidator.h */ = {isa = PBXFileReference; fileEncoding = 4; lastKnownFileType = sourcecode.c.h; path = HYPPhoneNumberInputValidator.h; sourceTree = "<group>"; };
		4408F1B319E81F67005AE53F /* HYPPhoneNumberInputValidator.m */ = {isa = PBXFileReference; fileEncoding = 4; lastKnownFileType = sourcecode.c.objc; path = HYPPhoneNumberInputValidator.m; sourceTree = "<group>"; };
		4408F1B419E81F67005AE53F /* HYPPostalCodeInputValidator.h */ = {isa = PBXFileReference; fileEncoding = 4; lastKnownFileType = sourcecode.c.h; path = HYPPostalCodeInputValidator.h; sourceTree = "<group>"; };
		4408F1B519E81F67005AE53F /* HYPPostalCodeInputValidator.m */ = {isa = PBXFileReference; fileEncoding = 4; lastKnownFileType = sourcecode.c.objc; path = HYPPostalCodeInputValidator.m; sourceTree = "<group>"; };
		4408F1B619E81F67005AE53F /* HYPSocialSecurityNumberInputValidator.h */ = {isa = PBXFileReference; fileEncoding = 4; lastKnownFileType = sourcecode.c.h; path = HYPSocialSecurityNumberInputValidator.h; sourceTree = "<group>"; };
		4408F1B719E81F67005AE53F /* HYPSocialSecurityNumberInputValidator.m */ = {isa = PBXFileReference; fileEncoding = 4; lastKnownFileType = sourcecode.c.objc; path = HYPSocialSecurityNumberInputValidator.m; sourceTree = "<group>"; };
		4408F1C519E8244E005AE53F /* HYPFormsCollectionViewController.h */ = {isa = PBXFileReference; fileEncoding = 4; lastKnownFileType = sourcecode.c.h; path = HYPFormsCollectionViewController.h; sourceTree = "<group>"; };
		4408F1C619E8244E005AE53F /* HYPFormsCollectionViewController.m */ = {isa = PBXFileReference; fileEncoding = 4; lastKnownFileType = sourcecode.c.objc; path = HYPFormsCollectionViewController.m; sourceTree = "<group>"; };
		441B77A019DEC4F3006AF67C /* HYPForms.app */ = {isa = PBXFileReference; explicitFileType = wrapper.application; includeInIndex = 0; path = HYPForms.app; sourceTree = BUILT_PRODUCTS_DIR; };
		441B77A419DEC4F4006AF67C /* Info.plist */ = {isa = PBXFileReference; lastKnownFileType = text.plist.xml; path = Info.plist; sourceTree = "<group>"; };
		441B77A519DEC4F4006AF67C /* main.m */ = {isa = PBXFileReference; lastKnownFileType = sourcecode.c.objc; path = main.m; sourceTree = "<group>"; };
		441B77A719DEC4F4006AF67C /* AppDelegate.h */ = {isa = PBXFileReference; lastKnownFileType = sourcecode.c.h; path = AppDelegate.h; sourceTree = "<group>"; };
		441B77A819DEC4F4006AF67C /* AppDelegate.m */ = {isa = PBXFileReference; lastKnownFileType = sourcecode.c.objc; path = AppDelegate.m; sourceTree = "<group>"; };
		441B77B019DEC4F4006AF67C /* Images.xcassets */ = {isa = PBXFileReference; lastKnownFileType = folder.assetcatalog; path = Images.xcassets; sourceTree = "<group>"; };
		4441A9E319E2BBC50068498D /* DIN-BLAC.OTF */ = {isa = PBXFileReference; lastKnownFileType = file; path = "DIN-BLAC.OTF"; sourceTree = "<group>"; };
		4441A9E419E2BBC50068498D /* DIN-BOLD.OTF */ = {isa = PBXFileReference; lastKnownFileType = file; path = "DIN-BOLD.OTF"; sourceTree = "<group>"; };
		4441A9E519E2BBC50068498D /* DIN-LIGH.OTF */ = {isa = PBXFileReference; lastKnownFileType = file; path = "DIN-LIGH.OTF"; sourceTree = "<group>"; };
		4441A9E619E2BBC50068498D /* DIN-MEDI.OTF */ = {isa = PBXFileReference; lastKnownFileType = file; path = "DIN-MEDI.OTF"; sourceTree = "<group>"; };
		4441A9E719E2BBC50068498D /* DIN-REGU.OTF */ = {isa = PBXFileReference; lastKnownFileType = file; path = "DIN-REGU.OTF"; sourceTree = "<group>"; };
		4441A9ED19E2BC140068498D /* UIFont+Styles.h */ = {isa = PBXFileReference; fileEncoding = 4; lastKnownFileType = sourcecode.c.h; path = "UIFont+Styles.h"; sourceTree = "<group>"; };
		4441A9EE19E2BC140068498D /* UIFont+Styles.m */ = {isa = PBXFileReference; fileEncoding = 4; lastKnownFileType = sourcecode.c.objc; path = "UIFont+Styles.m"; sourceTree = "<group>"; };
		445DAF9319E52D76006F8052 /* ic_mini_arrow_down.png */ = {isa = PBXFileReference; lastKnownFileType = image.png; path = ic_mini_arrow_down.png; sourceTree = "<group>"; };
		445DAF9419E52D76006F8052 /* ic_mini_arrow_down@2x.png */ = {isa = PBXFileReference; lastKnownFileType = image.png; path = "ic_mini_arrow_down@2x.png"; sourceTree = "<group>"; };
		44D6B67D19E578490009BB07 /* HYPTimeViewController.h */ = {isa = PBXFileReference; fileEncoding = 4; lastKnownFileType = sourcecode.c.h; path = HYPTimeViewController.h; sourceTree = "<group>"; };
		44D6B67E19E578490009BB07 /* HYPTimeViewController.m */ = {isa = PBXFileReference; fileEncoding = 4; lastKnownFileType = sourcecode.c.objc; path = HYPTimeViewController.m; sourceTree = "<group>"; };
		B9243ED4871CF70DD889729A /* libPods.a */ = {isa = PBXFileReference; explicitFileType = archive.ar; includeInIndex = 0; path = libPods.a; sourceTree = BUILT_PRODUCTS_DIR; };
		E05BE626FD241721C25276D4 /* Pods.debug.xcconfig */ = {isa = PBXFileReference; includeInIndex = 1; lastKnownFileType = text.xcconfig; name = Pods.debug.xcconfig; path = "Pods/Target Support Files/Pods/Pods.debug.xcconfig"; sourceTree = "<group>"; };
/* End PBXFileReference section */

/* Begin PBXFrameworksBuildPhase section */
		441B779D19DEC4F3006AF67C /* Frameworks */ = {
			isa = PBXFrameworksBuildPhase;
			buildActionMask = 2147483647;
			files = (
				890DF4637B5C51A0210949DE /* libPods.a in Frameworks */,
			);
			runOnlyForDeploymentPostprocessing = 0;
		};
/* End PBXFrameworksBuildPhase section */

/* Begin PBXGroup section */
		146D7ACB19E09953004A31CE /* Categories */ = {
			isa = PBXGroup;
			children = (
				4408F15819E81E2F005AE53F /* NSDate+HYPISO8601.h */,
				4408F15919E81E2F005AE53F /* NSDate+HYPISO8601.m */,
				142E4D3D19E3419900C22B7E /* UIColor+Colors.h */,
				142E4D3E19E3419900C22B7E /* UIColor+Colors.m */,
				4441A9ED19E2BC140068498D /* UIFont+Styles.h */,
				4441A9EE19E2BC140068498D /* UIFont+Styles.m */,
			);
			path = Categories;
			sourceTree = "<group>";
		};
		4408F15B19E81EA6005AE53F /* Source */ = {
			isa = PBXGroup;
			children = (
				4408F19E19E81F67005AE53F /* Formatters */,
				4408F1A719E81F67005AE53F /* Input Validators */,
				4408F15C19E81EA6005AE53F /* Cells */,
				4408F17319E81EA6005AE53F /* HYPFormBackgroundView.h */,
				4408F17419E81EA6005AE53F /* HYPFormBackgroundView.m */,
				4408F17519E81EA6005AE53F /* HYPFormHeaderView.h */,
				4408F17619E81EA6005AE53F /* HYPFormHeaderView.m */,
				4408F17919E81EA6005AE53F /* HYPFormsCollectionViewDataSource.h */,
				4408F17A19E81EA6005AE53F /* HYPFormsCollectionViewDataSource.m */,
				4408F17B19E81EA6005AE53F /* HYPFormsLayout.h */,
				4408F17C19E81EA6005AE53F /* HYPFormsLayout.m */,
				4408F17D19E81EA6005AE53F /* Models */,
			);
			name = Source;
			path = ../Source;
			sourceTree = "<group>";
		};
		4408F15C19E81EA6005AE53F /* Cells */ = {
			isa = PBXGroup;
			children = (
				4408F15D19E81EA6005AE53F /* Base */,
				4408F16819E81EA6005AE53F /* Date */,
				4408F16B19E81EA6005AE53F /* Dropdown */,
				4408F17019E81EA6005AE53F /* Text */,
			);
			path = Cells;
			sourceTree = "<group>";
		};
		4408F15D19E81EA6005AE53F /* Base */ = {
			isa = PBXGroup;
			children = (
				4408F15E19E81EA6005AE53F /* HYPBaseFormFieldCell.h */,
				4408F15F19E81EA6005AE53F /* HYPBaseFormFieldCell.m */,
				4408F16019E81EA6005AE53F /* HYPFormFieldHeadingLabel.h */,
				4408F16119E81EA6005AE53F /* HYPFormFieldHeadingLabel.m */,
				4408F16219E81EA6005AE53F /* HYPPopoverFormFieldCell.h */,
				4408F16319E81EA6005AE53F /* HYPPopoverFormFieldCell.m */,
				4408F16419E81EA6005AE53F /* HYPTextFieldTypeManager.h */,
				4408F16519E81EA6005AE53F /* HYPTextFieldTypeManager.m */,
				4408F16619E81EA6005AE53F /* HYPTextFormField.h */,
				4408F16719E81EA6005AE53F /* HYPTextFormField.m */,
			);
			path = Base;
			sourceTree = "<group>";
		};
		4408F16819E81EA6005AE53F /* Date */ = {
			isa = PBXGroup;
			children = (
				4408F16919E81EA6005AE53F /* HYPDateFormFieldCell.h */,
				4408F16A19E81EA6005AE53F /* HYPDateFormFieldCell.m */,
			);
			path = Date;
			sourceTree = "<group>";
		};
		4408F16B19E81EA6005AE53F /* Dropdown */ = {
			isa = PBXGroup;
			children = (
				4408F16C19E81EA6005AE53F /* HYPDropdownFormFieldCell.h */,
				4408F16D19E81EA6005AE53F /* HYPDropdownFormFieldCell.m */,
				4408F16E19E81EA6005AE53F /* HYPFieldValuesTableViewController.h */,
				4408F16F19E81EA6005AE53F /* HYPFieldValuesTableViewController.m */,
			);
			path = Dropdown;
			sourceTree = "<group>";
		};
		4408F17019E81EA6005AE53F /* Text */ = {
			isa = PBXGroup;
			children = (
				4408F17119E81EA6005AE53F /* HYPTextFormFieldCell.h */,
				4408F17219E81EA6005AE53F /* HYPTextFormFieldCell.m */,
			);
			path = Text;
			sourceTree = "<group>";
		};
		4408F17D19E81EA6005AE53F /* Models */ = {
			isa = PBXGroup;
			children = (
				4408F17E19E81EA6005AE53F /* HYPFieldRule.h */,
				4408F17F19E81EA6005AE53F /* HYPFieldRule.m */,
				4408F18019E81EA6005AE53F /* HYPFieldValue.h */,
				4408F18119E81EA6005AE53F /* HYPFieldValue.m */,
				4408F18219E81EA6005AE53F /* HYPForm.h */,
				4408F18319E81EA6005AE53F /* HYPForm.m */,
				4408F18419E81EA6005AE53F /* HYPFormField.h */,
				4408F18519E81EA6005AE53F /* HYPFormField.m */,
				4408F18619E81EA6005AE53F /* HYPFormSection.h */,
				4408F18719E81EA6005AE53F /* HYPFormSection.m */,
				4408F18819E81EA6005AE53F /* HYPValidator.h */,
				4408F18919E81EA6005AE53F /* HYPValidator.m */,
			);
			path = Models;
			sourceTree = "<group>";
		};
		4408F19E19E81F67005AE53F /* Formatters */ = {
			isa = PBXGroup;
			children = (
				4408F19F19E81F67005AE53F /* HYPBankAccountNumberFormatter.h */,
				4408F1A019E81F67005AE53F /* HYPBankAccountNumberFormatter.m */,
				4408F1A119E81F67005AE53F /* HYPFormatter.h */,
				4408F1A219E81F67005AE53F /* HYPFormatter.m */,
				4408F1A319E81F67005AE53F /* HYPPhoneNumberFormatter.h */,
				4408F1A419E81F67005AE53F /* HYPPhoneNumberFormatter.m */,
				4408F1A519E81F67005AE53F /* HYPSocialSecurityNumberFormatter.h */,
				4408F1A619E81F67005AE53F /* HYPSocialSecurityNumberFormatter.m */,
			);
			path = Formatters;
			sourceTree = "<group>";
		};
		4408F1A719E81F67005AE53F /* Input Validators */ = {
			isa = PBXGroup;
			children = (
				4408F1A819E81F67005AE53F /* HYPBankAccountNumberInputValidator.h */,
				4408F1A919E81F67005AE53F /* HYPBankAccountNumberInputValidator.m */,
				4408F1AA19E81F67005AE53F /* HYPFloatInputValidator.h */,
				4408F1AB19E81F67005AE53F /* HYPFloatInputValidator.m */,
				4408F1AC19E81F67005AE53F /* HYPInputValidator.h */,
				4408F1AD19E81F67005AE53F /* HYPInputValidator.m */,
				4408F1AE19E81F67005AE53F /* HYPNameInputValidator.h */,
				4408F1AF19E81F67005AE53F /* HYPNameInputValidator.m */,
				4408F1B019E81F67005AE53F /* HYPNumberInputValidator.h */,
				4408F1B119E81F67005AE53F /* HYPNumberInputValidator.m */,
				4408F1B219E81F67005AE53F /* HYPPhoneNumberInputValidator.h */,
				4408F1B319E81F67005AE53F /* HYPPhoneNumberInputValidator.m */,
				4408F1B419E81F67005AE53F /* HYPPostalCodeInputValidator.h */,
				4408F1B519E81F67005AE53F /* HYPPostalCodeInputValidator.m */,
				4408F1B619E81F67005AE53F /* HYPSocialSecurityNumberInputValidator.h */,
				4408F1B719E81F67005AE53F /* HYPSocialSecurityNumberInputValidator.m */,
			);
			path = "Input Validators";
			sourceTree = "<group>";
		};
		4408F1C419E8244E005AE53F /* Source */ = {
			isa = PBXGroup;
			children = (
				4408F1C519E8244E005AE53F /* HYPFormsCollectionViewController.h */,
				4408F1C619E8244E005AE53F /* HYPFormsCollectionViewController.m */,
			);
			path = Source;
			sourceTree = "<group>";
		};
		441B779719DEC4F3006AF67C = {
			isa = PBXGroup;
			children = (
				4408F15B19E81EA6005AE53F /* Source */,
				441B77A219DEC4F3006AF67C /* HYPForms */,
				441B77A119DEC4F3006AF67C /* Products */,
				A2614FE9D8D55BAB932782D8 /* Pods */,
				D3A80C2DC008F84358B1594C /* Frameworks */,
			);
			sourceTree = "<group>";
		};
		441B77A119DEC4F3006AF67C /* Products */ = {
			isa = PBXGroup;
			children = (
				441B77A019DEC4F3006AF67C /* HYPForms.app */,
			);
			name = Products;
			sourceTree = "<group>";
		};
		441B77A219DEC4F3006AF67C /* HYPForms */ = {
			isa = PBXGroup;
			children = (
				4408F1C419E8244E005AE53F /* Source */,
				44D6B67C19E578490009BB07 /* Libraries */,
				445DAF9219E52D76006F8052 /* Images */,
				4441A9E219E2BBC50068498D /* Fonts */,
				146D7ACB19E09953004A31CE /* Categories */,
				441B77A719DEC4F4006AF67C /* AppDelegate.h */,
				441B77A819DEC4F4006AF67C /* AppDelegate.m */,
				1478934B19DFCC9000BC2497 /* forms.json */,
				441B77B019DEC4F4006AF67C /* Images.xcassets */,
				441B77A319DEC4F3006AF67C /* Supporting Files */,
			);
			path = HYPForms;
			sourceTree = "<group>";
		};
		441B77A319DEC4F3006AF67C /* Supporting Files */ = {
			isa = PBXGroup;
			children = (
				441B77A419DEC4F4006AF67C /* Info.plist */,
				441B77A519DEC4F4006AF67C /* main.m */,
			);
			name = "Supporting Files";
			sourceTree = "<group>";
		};
		4441A9E219E2BBC50068498D /* Fonts */ = {
			isa = PBXGroup;
			children = (
				4441A9E319E2BBC50068498D /* DIN-BLAC.OTF */,
				4441A9E419E2BBC50068498D /* DIN-BOLD.OTF */,
				4441A9E519E2BBC50068498D /* DIN-LIGH.OTF */,
				4441A9E619E2BBC50068498D /* DIN-MEDI.OTF */,
				4441A9E719E2BBC50068498D /* DIN-REGU.OTF */,
			);
			path = Fonts;
			sourceTree = "<group>";
		};
		445DAF9219E52D76006F8052 /* Images */ = {
			isa = PBXGroup;
			children = (
				445DAF9319E52D76006F8052 /* ic_mini_arrow_down.png */,
				445DAF9419E52D76006F8052 /* ic_mini_arrow_down@2x.png */,
			);
			path = Images;
			sourceTree = "<group>";
		};
		44D6B67C19E578490009BB07 /* Libraries */ = {
			isa = PBXGroup;
			children = (
				44D6B67D19E578490009BB07 /* HYPTimeViewController.h */,
				44D6B67E19E578490009BB07 /* HYPTimeViewController.m */,
			);
			path = Libraries;
			sourceTree = "<group>";
		};
		A2614FE9D8D55BAB932782D8 /* Pods */ = {
			isa = PBXGroup;
			children = (
				E05BE626FD241721C25276D4 /* Pods.debug.xcconfig */,
				07105CF419C6385F89E04B13 /* Pods.release.xcconfig */,
			);
			name = Pods;
			sourceTree = "<group>";
		};
		D3A80C2DC008F84358B1594C /* Frameworks */ = {
			isa = PBXGroup;
			children = (
				B9243ED4871CF70DD889729A /* libPods.a */,
			);
			name = Frameworks;
			sourceTree = "<group>";
		};
/* End PBXGroup section */

/* Begin PBXNativeTarget section */
		441B779F19DEC4F3006AF67C /* HYPForms */ = {
			isa = PBXNativeTarget;
			buildConfigurationList = 441B77C319DEC4F4006AF67C /* Build configuration list for PBXNativeTarget "HYPForms" */;
			buildPhases = (
				D7749FE0D66398DC8D2F431F /* Check Pods Manifest.lock */,
				441B779C19DEC4F3006AF67C /* Sources */,
				441B779D19DEC4F3006AF67C /* Frameworks */,
				441B779E19DEC4F3006AF67C /* Resources */,
				1383001FDEEAEA3C1393FEE6 /* Copy Pods Resources */,
			);
			buildRules = (
			);
			dependencies = (
			);
			name = HYPForms;
			productName = REMAForms;
			productReference = 441B77A019DEC4F3006AF67C /* HYPForms.app */;
			productType = "com.apple.product-type.application";
		};
/* End PBXNativeTarget section */

/* Begin PBXProject section */
		441B779819DEC4F3006AF67C /* Project object */ = {
			isa = PBXProject;
			attributes = {
				LastUpgradeCheck = 0600;
				ORGANIZATIONNAME = Hyper;
				TargetAttributes = {
					441B779F19DEC4F3006AF67C = {
						CreatedOnToolsVersion = 6.0.1;
					};
				};
			};
			buildConfigurationList = 441B779B19DEC4F3006AF67C /* Build configuration list for PBXProject "HYPForms" */;
			compatibilityVersion = "Xcode 3.2";
			developmentRegion = English;
			hasScannedForEncodings = 0;
			knownRegions = (
				en,
				Base,
			);
			mainGroup = 441B779719DEC4F3006AF67C;
			productRefGroup = 441B77A119DEC4F3006AF67C /* Products */;
			projectDirPath = "";
			projectRoot = "";
			targets = (
				441B779F19DEC4F3006AF67C /* HYPForms */,
			);
		};
/* End PBXProject section */

/* Begin PBXResourcesBuildPhase section */
		441B779E19DEC4F3006AF67C /* Resources */ = {
			isa = PBXResourcesBuildPhase;
			buildActionMask = 2147483647;
			files = (
				4441A9E919E2BBC50068498D /* DIN-BOLD.OTF in Resources */,
				4441A9EA19E2BBC50068498D /* DIN-LIGH.OTF in Resources */,
				445DAF9519E52D76006F8052 /* ic_mini_arrow_down.png in Resources */,
				4441A9EC19E2BBC50068498D /* DIN-REGU.OTF in Resources */,
				4441A9EB19E2BBC50068498D /* DIN-MEDI.OTF in Resources */,
				441B77B119DEC4F4006AF67C /* Images.xcassets in Resources */,
				1478934C19DFCC9000BC2497 /* forms.json in Resources */,
				445DAF9619E52D76006F8052 /* ic_mini_arrow_down@2x.png in Resources */,
				4441A9E819E2BBC50068498D /* DIN-BLAC.OTF in Resources */,
			);
			runOnlyForDeploymentPostprocessing = 0;
		};
/* End PBXResourcesBuildPhase section */

/* Begin PBXShellScriptBuildPhase section */
		1383001FDEEAEA3C1393FEE6 /* Copy Pods Resources */ = {
			isa = PBXShellScriptBuildPhase;
			buildActionMask = 2147483647;
			files = (
			);
			inputPaths = (
			);
			name = "Copy Pods Resources";
			outputPaths = (
			);
			runOnlyForDeploymentPostprocessing = 0;
			shellPath = /bin/sh;
			shellScript = "\"${SRCROOT}/Pods/Target Support Files/Pods/Pods-resources.sh\"\n";
			showEnvVarsInLog = 0;
		};
		D7749FE0D66398DC8D2F431F /* Check Pods Manifest.lock */ = {
			isa = PBXShellScriptBuildPhase;
			buildActionMask = 2147483647;
			files = (
			);
			inputPaths = (
			);
			name = "Check Pods Manifest.lock";
			outputPaths = (
			);
			runOnlyForDeploymentPostprocessing = 0;
			shellPath = /bin/sh;
			shellScript = "diff \"${PODS_ROOT}/../Podfile.lock\" \"${PODS_ROOT}/Manifest.lock\" > /dev/null\nif [[ $? != 0 ]] ; then\n    cat << EOM\nerror: The sandbox is not in sync with the Podfile.lock. Run 'pod install' or update your CocoaPods installation.\nEOM\n    exit 1\nfi\n";
			showEnvVarsInLog = 0;
		};
/* End PBXShellScriptBuildPhase section */

/* Begin PBXSourcesBuildPhase section */
		441B779C19DEC4F3006AF67C /* Sources */ = {
			isa = PBXSourcesBuildPhase;
			buildActionMask = 2147483647;
			files = (
				4408F19719E81EA6005AE53F /* HYPFormsLayout.m in Sources */,
				441B77A919DEC4F4006AF67C /* AppDelegate.m in Sources */,
				4408F1C119E81F67005AE53F /* HYPPhoneNumberInputValidator.m in Sources */,
				4408F19B19E81EA6005AE53F /* HYPFormField.m in Sources */,
				4408F19819E81EA6005AE53F /* HYPFieldRule.m in Sources */,
				4408F18B19E81EA6005AE53F /* HYPFormFieldHeadingLabel.m in Sources */,
				4408F1BF19E81F67005AE53F /* HYPNameInputValidator.m in Sources */,
				4408F1B919E81F67005AE53F /* HYPFormatter.m in Sources */,
				4408F19919E81EA6005AE53F /* HYPFieldValue.m in Sources */,
				4408F19219E81EA6005AE53F /* HYPTextFormFieldCell.m in Sources */,
				4408F18A19E81EA6005AE53F /* HYPBaseFormFieldCell.m in Sources */,
				4408F19419E81EA6005AE53F /* HYPFormHeaderView.m in Sources */,
				4408F18E19E81EA6005AE53F /* HYPTextFormField.m in Sources */,
				4408F19C19E81EA6005AE53F /* HYPFormSection.m in Sources */,
				4408F1C219E81F67005AE53F /* HYPPostalCodeInputValidator.m in Sources */,
				4408F19D19E81EA6005AE53F /* HYPValidator.m in Sources */,
				4408F1C319E81F67005AE53F /* HYPSocialSecurityNumberInputValidator.m in Sources */,
				441B77A619DEC4F4006AF67C /* main.m in Sources */,
				4408F1BA19E81F67005AE53F /* HYPPhoneNumberFormatter.m in Sources */,
				4408F1BD19E81F67005AE53F /* HYPFloatInputValidator.m in Sources */,
				4408F19019E81EA6005AE53F /* HYPDropdownFormFieldCell.m in Sources */,
				4408F19619E81EA6005AE53F /* HYPFormsCollectionViewDataSource.m in Sources */,
				4408F1C719E8244E005AE53F /* HYPFormsCollectionViewController.m in Sources */,
				4408F15A19E81E2F005AE53F /* NSDate+HYPISO8601.m in Sources */,
				4408F19319E81EA6005AE53F /* HYPFormBackgroundView.m in Sources */,
				4408F19A19E81EA6005AE53F /* HYPForm.m in Sources */,
				4408F18F19E81EA6005AE53F /* HYPDateFormFieldCell.m in Sources */,
				4408F1BB19E81F67005AE53F /* HYPSocialSecurityNumberFormatter.m in Sources */,
				4441A9EF19E2BC140068498D /* UIFont+Styles.m in Sources */,
				4408F1BE19E81F67005AE53F /* HYPInputValidator.m in Sources */,
				4408F18D19E81EA6005AE53F /* HYPTextFieldTypeManager.m in Sources */,
				4408F1B819E81F67005AE53F /* HYPBankAccountNumberFormatter.m in Sources */,
				4408F1C019E81F67005AE53F /* HYPNumberInputValidator.m in Sources */,
				4408F1BC19E81F67005AE53F /* HYPBankAccountNumberInputValidator.m in Sources */,
				4408F18C19E81EA6005AE53F /* HYPPopoverFormFieldCell.m in Sources */,
				4408F19119E81EA6005AE53F /* HYPFieldValuesTableViewController.m in Sources */,
				44D6B67F19E578490009BB07 /* HYPTimeViewController.m in Sources */,
				142E4D3F19E3419900C22B7E /* UIColor+Colors.m in Sources */,
			);
			runOnlyForDeploymentPostprocessing = 0;
		};
/* End PBXSourcesBuildPhase section */

/* Begin XCBuildConfiguration section */
		441B77C119DEC4F4006AF67C /* Debug */ = {
			isa = XCBuildConfiguration;
			buildSettings = {
				ALWAYS_SEARCH_USER_PATHS = NO;
				CLANG_CXX_LANGUAGE_STANDARD = "gnu++0x";
				CLANG_CXX_LIBRARY = "libc++";
				CLANG_ENABLE_MODULES = YES;
				CLANG_ENABLE_OBJC_ARC = YES;
				CLANG_WARN_BOOL_CONVERSION = YES;
				CLANG_WARN_CONSTANT_CONVERSION = YES;
				CLANG_WARN_DIRECT_OBJC_ISA_USAGE = YES_ERROR;
				CLANG_WARN_EMPTY_BODY = YES;
				CLANG_WARN_ENUM_CONVERSION = YES;
				CLANG_WARN_INT_CONVERSION = YES;
				CLANG_WARN_OBJC_ROOT_CLASS = YES_ERROR;
				CLANG_WARN_UNREACHABLE_CODE = YES;
				CLANG_WARN__DUPLICATE_METHOD_MATCH = YES;
				"CODE_SIGN_IDENTITY[sdk=iphoneos*]" = "iPhone Developer";
				COPY_PHASE_STRIP = NO;
				ENABLE_STRICT_OBJC_MSGSEND = YES;
				GCC_C_LANGUAGE_STANDARD = gnu99;
				GCC_DYNAMIC_NO_PIC = NO;
				GCC_OPTIMIZATION_LEVEL = 0;
				GCC_PREPROCESSOR_DEFINITIONS = (
					"DEBUG=1",
					"$(inherited)",
				);
				GCC_SYMBOLS_PRIVATE_EXTERN = NO;
				GCC_WARN_64_TO_32_BIT_CONVERSION = YES;
				GCC_WARN_ABOUT_RETURN_TYPE = YES_ERROR;
				GCC_WARN_UNDECLARED_SELECTOR = YES;
				GCC_WARN_UNINITIALIZED_AUTOS = YES_AGGRESSIVE;
				GCC_WARN_UNUSED_FUNCTION = YES;
				GCC_WARN_UNUSED_VARIABLE = YES;
				IPHONEOS_DEPLOYMENT_TARGET = 7.0;
				MTL_ENABLE_DEBUG_INFO = YES;
				ONLY_ACTIVE_ARCH = YES;
				SDKROOT = iphoneos;
			};
			name = Debug;
		};
		441B77C219DEC4F4006AF67C /* Release */ = {
			isa = XCBuildConfiguration;
			buildSettings = {
				ALWAYS_SEARCH_USER_PATHS = NO;
				CLANG_CXX_LANGUAGE_STANDARD = "gnu++0x";
				CLANG_CXX_LIBRARY = "libc++";
				CLANG_ENABLE_MODULES = YES;
				CLANG_ENABLE_OBJC_ARC = YES;
				CLANG_WARN_BOOL_CONVERSION = YES;
				CLANG_WARN_CONSTANT_CONVERSION = YES;
				CLANG_WARN_DIRECT_OBJC_ISA_USAGE = YES_ERROR;
				CLANG_WARN_EMPTY_BODY = YES;
				CLANG_WARN_ENUM_CONVERSION = YES;
				CLANG_WARN_INT_CONVERSION = YES;
				CLANG_WARN_OBJC_ROOT_CLASS = YES_ERROR;
				CLANG_WARN_UNREACHABLE_CODE = YES;
				CLANG_WARN__DUPLICATE_METHOD_MATCH = YES;
				"CODE_SIGN_IDENTITY[sdk=iphoneos*]" = "iPhone Developer";
				COPY_PHASE_STRIP = YES;
				ENABLE_NS_ASSERTIONS = NO;
				ENABLE_STRICT_OBJC_MSGSEND = YES;
				GCC_C_LANGUAGE_STANDARD = gnu99;
				GCC_WARN_64_TO_32_BIT_CONVERSION = YES;
				GCC_WARN_ABOUT_RETURN_TYPE = YES_ERROR;
				GCC_WARN_UNDECLARED_SELECTOR = YES;
				GCC_WARN_UNINITIALIZED_AUTOS = YES_AGGRESSIVE;
				GCC_WARN_UNUSED_FUNCTION = YES;
				GCC_WARN_UNUSED_VARIABLE = YES;
				IPHONEOS_DEPLOYMENT_TARGET = 7.0;
				MTL_ENABLE_DEBUG_INFO = NO;
				SDKROOT = iphoneos;
				VALIDATE_PRODUCT = YES;
			};
			name = Release;
		};
		441B77C419DEC4F4006AF67C /* Debug */ = {
			isa = XCBuildConfiguration;
			baseConfigurationReference = E05BE626FD241721C25276D4 /* Pods.debug.xcconfig */;
			buildSettings = {
				ASSETCATALOG_COMPILER_APPICON_NAME = AppIcon;
				ASSETCATALOG_COMPILER_LAUNCHIMAGE_NAME = LaunchImage;
				INFOPLIST_FILE = HYPForms/Info.plist;
				LD_RUNPATH_SEARCH_PATHS = "$(inherited) @executable_path/Frameworks";
				PRODUCT_NAME = HYPForms;
				TARGETED_DEVICE_FAMILY = 2;
			};
			name = Debug;
		};
		441B77C519DEC4F4006AF67C /* Release */ = {
			isa = XCBuildConfiguration;
			baseConfigurationReference = 07105CF419C6385F89E04B13 /* Pods.release.xcconfig */;
			buildSettings = {
				ASSETCATALOG_COMPILER_APPICON_NAME = AppIcon;
				ASSETCATALOG_COMPILER_LAUNCHIMAGE_NAME = LaunchImage;
				INFOPLIST_FILE = HYPForms/Info.plist;
				LD_RUNPATH_SEARCH_PATHS = "$(inherited) @executable_path/Frameworks";
				PRODUCT_NAME = HYPForms;
				TARGETED_DEVICE_FAMILY = 2;
			};
			name = Release;
		};
/* End XCBuildConfiguration section */

/* Begin XCConfigurationList section */
		441B779B19DEC4F3006AF67C /* Build configuration list for PBXProject "HYPForms" */ = {
			isa = XCConfigurationList;
			buildConfigurations = (
				441B77C119DEC4F4006AF67C /* Debug */,
				441B77C219DEC4F4006AF67C /* Release */,
			);
			defaultConfigurationIsVisible = 0;
			defaultConfigurationName = Release;
		};
		441B77C319DEC4F4006AF67C /* Build configuration list for PBXNativeTarget "HYPForms" */ = {
			isa = XCConfigurationList;
			buildConfigurations = (
				441B77C419DEC4F4006AF67C /* Debug */,
				441B77C519DEC4F4006AF67C /* Release */,
			);
			defaultConfigurationIsVisible = 0;
			defaultConfigurationName = Release;
		};
/* End XCConfigurationList section */
	};
	rootObject = 441B779819DEC4F3006AF67C /* Project object */;
}
