// !$*UTF8*$!
{
	archiveVersion = 1;
	classes = {
	};
	objectVersion = 46;
	objects = {

/* Begin PBXBuildFile section */
		142E4D3F19E3419900C22B7E /* UIColor+Colors.m in Sources */ = {isa = PBXBuildFile; fileRef = 142E4D3E19E3419900C22B7E /* UIColor+Colors.m */; };
		146DEA3819E0929B00D9E3FF /* HYPFieldRule.m in Sources */ = {isa = PBXBuildFile; fileRef = 146DEA2D19E0929B00D9E3FF /* HYPFieldRule.m */; };
		146DEA3919E0929B00D9E3FF /* HYPForm.m in Sources */ = {isa = PBXBuildFile; fileRef = 146DEA2F19E0929B00D9E3FF /* HYPForm.m */; };
		146DEA3A19E0929B00D9E3FF /* HYPFieldValue.m in Sources */ = {isa = PBXBuildFile; fileRef = 146DEA3119E0929B00D9E3FF /* HYPFieldValue.m */; };
		146DEA3B19E0929B00D9E3FF /* HYPFormField.m in Sources */ = {isa = PBXBuildFile; fileRef = 146DEA3319E0929B00D9E3FF /* HYPFormField.m */; };
		146DEA3C19E0929B00D9E3FF /* HYPFormSection.m in Sources */ = {isa = PBXBuildFile; fileRef = 146DEA3519E0929B00D9E3FF /* HYPFormSection.m */; };
		1478934C19DFCC9000BC2497 /* forms.json in Resources */ = {isa = PBXBuildFile; fileRef = 1478934B19DFCC9000BC2497 /* forms.json */; };
		4408F15A19E81E2F005AE53F /* NSDate+HYPISO8601.m in Sources */ = {isa = PBXBuildFile; fileRef = 4408F15919E81E2F005AE53F /* NSDate+HYPISO8601.m */; };
		441B77A619DEC4F4006AF67C /* main.m in Sources */ = {isa = PBXBuildFile; fileRef = 441B77A519DEC4F4006AF67C /* main.m */; };
		441B77A919DEC4F4006AF67C /* AppDelegate.m in Sources */ = {isa = PBXBuildFile; fileRef = 441B77A819DEC4F4006AF67C /* AppDelegate.m */; };
		441B77B119DEC4F4006AF67C /* Images.xcassets in Resources */ = {isa = PBXBuildFile; fileRef = 441B77B019DEC4F4006AF67C /* Images.xcassets */; };
		4441A9E819E2BBC50068498D /* DIN-BLAC.OTF in Resources */ = {isa = PBXBuildFile; fileRef = 4441A9E319E2BBC50068498D /* DIN-BLAC.OTF */; };
		4441A9E919E2BBC50068498D /* DIN-BOLD.OTF in Resources */ = {isa = PBXBuildFile; fileRef = 4441A9E419E2BBC50068498D /* DIN-BOLD.OTF */; };
		4441A9EA19E2BBC50068498D /* DIN-LIGH.OTF in Resources */ = {isa = PBXBuildFile; fileRef = 4441A9E519E2BBC50068498D /* DIN-LIGH.OTF */; };
		4441A9EB19E2BBC50068498D /* DIN-MEDI.OTF in Resources */ = {isa = PBXBuildFile; fileRef = 4441A9E619E2BBC50068498D /* DIN-MEDI.OTF */; };
		4441A9EC19E2BBC50068498D /* DIN-REGU.OTF in Resources */ = {isa = PBXBuildFile; fileRef = 4441A9E719E2BBC50068498D /* DIN-REGU.OTF */; };
		4441A9EF19E2BC140068498D /* UIFont+Styles.m in Sources */ = {isa = PBXBuildFile; fileRef = 4441A9EE19E2BC140068498D /* UIFont+Styles.m */; };
		445DAF9519E52D76006F8052 /* ic_mini_arrow_down.png in Resources */ = {isa = PBXBuildFile; fileRef = 445DAF9319E52D76006F8052 /* ic_mini_arrow_down.png */; };
		445DAF9619E52D76006F8052 /* ic_mini_arrow_down@2x.png in Resources */ = {isa = PBXBuildFile; fileRef = 445DAF9419E52D76006F8052 /* ic_mini_arrow_down@2x.png */; };
		447BCA9119E6CBD100E6838A /* HYPBankAccountNumberFormatter.m in Sources */ = {isa = PBXBuildFile; fileRef = 447BCA7919E6CBD100E6838A /* HYPBankAccountNumberFormatter.m */; };
		447BCA9219E6CBD100E6838A /* HYPFormatter.m in Sources */ = {isa = PBXBuildFile; fileRef = 447BCA7B19E6CBD100E6838A /* HYPFormatter.m */; };
		447BCA9319E6CBD100E6838A /* HYPPhoneNumberFormatter.m in Sources */ = {isa = PBXBuildFile; fileRef = 447BCA7D19E6CBD100E6838A /* HYPPhoneNumberFormatter.m */; };
		447BCA9419E6CBD100E6838A /* HYPSocialSecurityNumberFormatter.m in Sources */ = {isa = PBXBuildFile; fileRef = 447BCA7F19E6CBD100E6838A /* HYPSocialSecurityNumberFormatter.m */; };
		447BCA9519E6CBD100E6838A /* HYPBankAccountNumberInputValidator.m in Sources */ = {isa = PBXBuildFile; fileRef = 447BCA8219E6CBD100E6838A /* HYPBankAccountNumberInputValidator.m */; };
		447BCA9619E6CBD100E6838A /* HYPFloatInputValidator.m in Sources */ = {isa = PBXBuildFile; fileRef = 447BCA8419E6CBD100E6838A /* HYPFloatInputValidator.m */; };
		447BCA9719E6CBD100E6838A /* HYPInputValidator.m in Sources */ = {isa = PBXBuildFile; fileRef = 447BCA8619E6CBD100E6838A /* HYPInputValidator.m */; };
		447BCA9819E6CBD100E6838A /* HYPNameInputValidator.m in Sources */ = {isa = PBXBuildFile; fileRef = 447BCA8819E6CBD100E6838A /* HYPNameInputValidator.m */; };
		447BCA9919E6CBD100E6838A /* HYPNumberInputValidator.m in Sources */ = {isa = PBXBuildFile; fileRef = 447BCA8A19E6CBD100E6838A /* HYPNumberInputValidator.m */; };
		447BCA9A19E6CBD100E6838A /* HYPPhoneNumberInputValidator.m in Sources */ = {isa = PBXBuildFile; fileRef = 447BCA8C19E6CBD100E6838A /* HYPPhoneNumberInputValidator.m */; };
		447BCA9B19E6CBD100E6838A /* HYPPostalCodeInputValidator.m in Sources */ = {isa = PBXBuildFile; fileRef = 447BCA8E19E6CBD100E6838A /* HYPPostalCodeInputValidator.m */; };
		447BCA9C19E6CBD100E6838A /* HYPSocialSecurityNumberInputValidator.m in Sources */ = {isa = PBXBuildFile; fileRef = 447BCA9019E6CBD100E6838A /* HYPSocialSecurityNumberInputValidator.m */; };
		44D6B64519E577A80009BB07 /* HYPValidator.m in Sources */ = {isa = PBXBuildFile; fileRef = 44D6B64419E577A80009BB07 /* HYPValidator.m */; };
		44D6B66C19E5780F0009BB07 /* HYPBaseFormFieldCell.m in Sources */ = {isa = PBXBuildFile; fileRef = 44D6B64A19E5780F0009BB07 /* HYPBaseFormFieldCell.m */; };
		44D6B66E19E5780F0009BB07 /* HYPFormFieldHeadingLabel.m in Sources */ = {isa = PBXBuildFile; fileRef = 44D6B64E19E5780F0009BB07 /* HYPFormFieldHeadingLabel.m */; };
		44D6B66F19E5780F0009BB07 /* HYPPopoverFormFieldCell.m in Sources */ = {isa = PBXBuildFile; fileRef = 44D6B65019E5780F0009BB07 /* HYPPopoverFormFieldCell.m */; };
		44D6B67019E5780F0009BB07 /* HYPTextFieldTypeManager.m in Sources */ = {isa = PBXBuildFile; fileRef = 44D6B65219E5780F0009BB07 /* HYPTextFieldTypeManager.m */; };
		44D6B67119E5780F0009BB07 /* HYPTextFormField.m in Sources */ = {isa = PBXBuildFile; fileRef = 44D6B65419E5780F0009BB07 /* HYPTextFormField.m */; };
		44D6B67319E5780F0009BB07 /* HYPDateFormFieldCell.m in Sources */ = {isa = PBXBuildFile; fileRef = 44D6B65919E5780F0009BB07 /* HYPDateFormFieldCell.m */; };
		44D6B67419E5780F0009BB07 /* HYPDropdownFormFieldCell.m in Sources */ = {isa = PBXBuildFile; fileRef = 44D6B65C19E5780F0009BB07 /* HYPDropdownFormFieldCell.m */; };
		44D6B67519E5780F0009BB07 /* HYPFieldValuesTableViewController.m in Sources */ = {isa = PBXBuildFile; fileRef = 44D6B65E19E5780F0009BB07 /* HYPFieldValuesTableViewController.m */; };
		44D6B67619E5780F0009BB07 /* HYPTextFormFieldCell.m in Sources */ = {isa = PBXBuildFile; fileRef = 44D6B66119E5780F0009BB07 /* HYPTextFormFieldCell.m */; };
		44D6B67719E5780F0009BB07 /* HYPFormHeaderView.m in Sources */ = {isa = PBXBuildFile; fileRef = 44D6B66319E5780F0009BB07 /* HYPFormHeaderView.m */; };
		44D6B67819E5780F0009BB07 /* HYPFormBackgroundView.m in Sources */ = {isa = PBXBuildFile; fileRef = 44D6B66519E5780F0009BB07 /* HYPFormBackgroundView.m */; };
		44D6B67919E5780F0009BB07 /* HYPFormsCollectionViewController.m in Sources */ = {isa = PBXBuildFile; fileRef = 44D6B66719E5780F0009BB07 /* HYPFormsCollectionViewController.m */; };
		44D6B67A19E5780F0009BB07 /* HYPFormsCollectionViewDataSource.m in Sources */ = {isa = PBXBuildFile; fileRef = 44D6B66919E5780F0009BB07 /* HYPFormsCollectionViewDataSource.m */; };
		44D6B67B19E5780F0009BB07 /* HYPFormsLayout.m in Sources */ = {isa = PBXBuildFile; fileRef = 44D6B66B19E5780F0009BB07 /* HYPFormsLayout.m */; };
		44D6B67F19E578490009BB07 /* HYPTimeViewController.m in Sources */ = {isa = PBXBuildFile; fileRef = 44D6B67E19E578490009BB07 /* HYPTimeViewController.m */; };
		890DF4637B5C51A0210949DE /* libPods.a in Frameworks */ = {isa = PBXBuildFile; fileRef = B9243ED4871CF70DD889729A /* libPods.a */; };
/* End PBXBuildFile section */

/* Begin PBXFileReference section */
		07105CF419C6385F89E04B13 /* Pods.release.xcconfig */ = {isa = PBXFileReference; includeInIndex = 1; lastKnownFileType = text.xcconfig; name = Pods.release.xcconfig; path = "Pods/Target Support Files/Pods/Pods.release.xcconfig"; sourceTree = "<group>"; };
		142E4D3D19E3419900C22B7E /* UIColor+Colors.h */ = {isa = PBXFileReference; fileEncoding = 4; lastKnownFileType = sourcecode.c.h; path = "UIColor+Colors.h"; sourceTree = "<group>"; };
		142E4D3E19E3419900C22B7E /* UIColor+Colors.m */ = {isa = PBXFileReference; fileEncoding = 4; lastKnownFileType = sourcecode.c.objc; path = "UIColor+Colors.m"; sourceTree = "<group>"; };
		146DEA2C19E0929B00D9E3FF /* HYPFieldRule.h */ = {isa = PBXFileReference; fileEncoding = 4; lastKnownFileType = sourcecode.c.h; path = HYPFieldRule.h; sourceTree = "<group>"; };
		146DEA2D19E0929B00D9E3FF /* HYPFieldRule.m */ = {isa = PBXFileReference; fileEncoding = 4; lastKnownFileType = sourcecode.c.objc; path = HYPFieldRule.m; sourceTree = "<group>"; };
		146DEA2E19E0929B00D9E3FF /* HYPForm.h */ = {isa = PBXFileReference; fileEncoding = 4; lastKnownFileType = sourcecode.c.h; path = HYPForm.h; sourceTree = "<group>"; };
		146DEA2F19E0929B00D9E3FF /* HYPForm.m */ = {isa = PBXFileReference; fileEncoding = 4; lastKnownFileType = sourcecode.c.objc; path = HYPForm.m; sourceTree = "<group>"; };
		146DEA3019E0929B00D9E3FF /* HYPFieldValue.h */ = {isa = PBXFileReference; fileEncoding = 4; lastKnownFileType = sourcecode.c.h; path = HYPFieldValue.h; sourceTree = "<group>"; };
		146DEA3119E0929B00D9E3FF /* HYPFieldValue.m */ = {isa = PBXFileReference; fileEncoding = 4; lastKnownFileType = sourcecode.c.objc; path = HYPFieldValue.m; sourceTree = "<group>"; };
		146DEA3219E0929B00D9E3FF /* HYPFormField.h */ = {isa = PBXFileReference; fileEncoding = 4; lastKnownFileType = sourcecode.c.h; path = HYPFormField.h; sourceTree = "<group>"; };
		146DEA3319E0929B00D9E3FF /* HYPFormField.m */ = {isa = PBXFileReference; fileEncoding = 4; lastKnownFileType = sourcecode.c.objc; path = HYPFormField.m; sourceTree = "<group>"; };
		146DEA3419E0929B00D9E3FF /* HYPFormSection.h */ = {isa = PBXFileReference; fileEncoding = 4; lastKnownFileType = sourcecode.c.h; path = HYPFormSection.h; sourceTree = "<group>"; };
		146DEA3519E0929B00D9E3FF /* HYPFormSection.m */ = {isa = PBXFileReference; fileEncoding = 4; lastKnownFileType = sourcecode.c.objc; path = HYPFormSection.m; sourceTree = "<group>"; };
		1478934B19DFCC9000BC2497 /* forms.json */ = {isa = PBXFileReference; fileEncoding = 4; lastKnownFileType = text.json; path = forms.json; sourceTree = "<group>"; };
		4408F15819E81E2F005AE53F /* NSDate+HYPISO8601.h */ = {isa = PBXFileReference; fileEncoding = 4; lastKnownFileType = sourcecode.c.h; path = "NSDate+HYPISO8601.h"; sourceTree = "<group>"; };
		4408F15919E81E2F005AE53F /* NSDate+HYPISO8601.m */ = {isa = PBXFileReference; fileEncoding = 4; lastKnownFileType = sourcecode.c.objc; path = "NSDate+HYPISO8601.m"; sourceTree = "<group>"; };
		441B77A019DEC4F3006AF67C /* HYPForms.app */ = {isa = PBXFileReference; explicitFileType = wrapper.application; includeInIndex = 0; path = HYPForms.app; sourceTree = BUILT_PRODUCTS_DIR; };
		441B77A419DEC4F4006AF67C /* Info.plist */ = {isa = PBXFileReference; lastKnownFileType = text.plist.xml; path = Info.plist; sourceTree = "<group>"; };
		441B77A519DEC4F4006AF67C /* main.m */ = {isa = PBXFileReference; lastKnownFileType = sourcecode.c.objc; path = main.m; sourceTree = "<group>"; };
		441B77A719DEC4F4006AF67C /* AppDelegate.h */ = {isa = PBXFileReference; lastKnownFileType = sourcecode.c.h; path = AppDelegate.h; sourceTree = "<group>"; };
		441B77A819DEC4F4006AF67C /* AppDelegate.m */ = {isa = PBXFileReference; lastKnownFileType = sourcecode.c.objc; path = AppDelegate.m; sourceTree = "<group>"; };
		441B77B019DEC4F4006AF67C /* Images.xcassets */ = {isa = PBXFileReference; lastKnownFileType = folder.assetcatalog; path = Images.xcassets; sourceTree = "<group>"; };
		4441A9E319E2BBC50068498D /* DIN-BLAC.OTF */ = {isa = PBXFileReference; lastKnownFileType = file; path = "DIN-BLAC.OTF"; sourceTree = "<group>"; };
		4441A9E419E2BBC50068498D /* DIN-BOLD.OTF */ = {isa = PBXFileReference; lastKnownFileType = file; path = "DIN-BOLD.OTF"; sourceTree = "<group>"; };
		4441A9E519E2BBC50068498D /* DIN-LIGH.OTF */ = {isa = PBXFileReference; lastKnownFileType = file; path = "DIN-LIGH.OTF"; sourceTree = "<group>"; };
		4441A9E619E2BBC50068498D /* DIN-MEDI.OTF */ = {isa = PBXFileReference; lastKnownFileType = file; path = "DIN-MEDI.OTF"; sourceTree = "<group>"; };
		4441A9E719E2BBC50068498D /* DIN-REGU.OTF */ = {isa = PBXFileReference; lastKnownFileType = file; path = "DIN-REGU.OTF"; sourceTree = "<group>"; };
		4441A9ED19E2BC140068498D /* UIFont+Styles.h */ = {isa = PBXFileReference; fileEncoding = 4; lastKnownFileType = sourcecode.c.h; path = "UIFont+Styles.h"; sourceTree = "<group>"; };
		4441A9EE19E2BC140068498D /* UIFont+Styles.m */ = {isa = PBXFileReference; fileEncoding = 4; lastKnownFileType = sourcecode.c.objc; path = "UIFont+Styles.m"; sourceTree = "<group>"; };
		445DAF9319E52D76006F8052 /* ic_mini_arrow_down.png */ = {isa = PBXFileReference; lastKnownFileType = image.png; path = ic_mini_arrow_down.png; sourceTree = "<group>"; };
		445DAF9419E52D76006F8052 /* ic_mini_arrow_down@2x.png */ = {isa = PBXFileReference; lastKnownFileType = image.png; path = "ic_mini_arrow_down@2x.png"; sourceTree = "<group>"; };
		447BCA7819E6CBD100E6838A /* HYPBankAccountNumberFormatter.h */ = {isa = PBXFileReference; fileEncoding = 4; lastKnownFileType = sourcecode.c.h; path = HYPBankAccountNumberFormatter.h; sourceTree = "<group>"; };
		447BCA7919E6CBD100E6838A /* HYPBankAccountNumberFormatter.m */ = {isa = PBXFileReference; fileEncoding = 4; lastKnownFileType = sourcecode.c.objc; path = HYPBankAccountNumberFormatter.m; sourceTree = "<group>"; };
		447BCA7A19E6CBD100E6838A /* HYPFormatter.h */ = {isa = PBXFileReference; fileEncoding = 4; lastKnownFileType = sourcecode.c.h; path = HYPFormatter.h; sourceTree = "<group>"; };
		447BCA7B19E6CBD100E6838A /* HYPFormatter.m */ = {isa = PBXFileReference; fileEncoding = 4; lastKnownFileType = sourcecode.c.objc; path = HYPFormatter.m; sourceTree = "<group>"; };
		447BCA7C19E6CBD100E6838A /* HYPPhoneNumberFormatter.h */ = {isa = PBXFileReference; fileEncoding = 4; lastKnownFileType = sourcecode.c.h; path = HYPPhoneNumberFormatter.h; sourceTree = "<group>"; };
		447BCA7D19E6CBD100E6838A /* HYPPhoneNumberFormatter.m */ = {isa = PBXFileReference; fileEncoding = 4; lastKnownFileType = sourcecode.c.objc; path = HYPPhoneNumberFormatter.m; sourceTree = "<group>"; };
		447BCA7E19E6CBD100E6838A /* HYPSocialSecurityNumberFormatter.h */ = {isa = PBXFileReference; fileEncoding = 4; lastKnownFileType = sourcecode.c.h; path = HYPSocialSecurityNumberFormatter.h; sourceTree = "<group>"; };
		447BCA7F19E6CBD100E6838A /* HYPSocialSecurityNumberFormatter.m */ = {isa = PBXFileReference; fileEncoding = 4; lastKnownFileType = sourcecode.c.objc; path = HYPSocialSecurityNumberFormatter.m; sourceTree = "<group>"; };
		447BCA8119E6CBD100E6838A /* HYPBankAccountNumberInputValidator.h */ = {isa = PBXFileReference; fileEncoding = 4; lastKnownFileType = sourcecode.c.h; path = HYPBankAccountNumberInputValidator.h; sourceTree = "<group>"; };
		447BCA8219E6CBD100E6838A /* HYPBankAccountNumberInputValidator.m */ = {isa = PBXFileReference; fileEncoding = 4; lastKnownFileType = sourcecode.c.objc; path = HYPBankAccountNumberInputValidator.m; sourceTree = "<group>"; };
		447BCA8319E6CBD100E6838A /* HYPFloatInputValidator.h */ = {isa = PBXFileReference; fileEncoding = 4; lastKnownFileType = sourcecode.c.h; path = HYPFloatInputValidator.h; sourceTree = "<group>"; };
		447BCA8419E6CBD100E6838A /* HYPFloatInputValidator.m */ = {isa = PBXFileReference; fileEncoding = 4; lastKnownFileType = sourcecode.c.objc; path = HYPFloatInputValidator.m; sourceTree = "<group>"; };
		447BCA8519E6CBD100E6838A /* HYPInputValidator.h */ = {isa = PBXFileReference; fileEncoding = 4; lastKnownFileType = sourcecode.c.h; path = HYPInputValidator.h; sourceTree = "<group>"; };
		447BCA8619E6CBD100E6838A /* HYPInputValidator.m */ = {isa = PBXFileReference; fileEncoding = 4; lastKnownFileType = sourcecode.c.objc; path = HYPInputValidator.m; sourceTree = "<group>"; };
		447BCA8719E6CBD100E6838A /* HYPNameInputValidator.h */ = {isa = PBXFileReference; fileEncoding = 4; lastKnownFileType = sourcecode.c.h; path = HYPNameInputValidator.h; sourceTree = "<group>"; };
		447BCA8819E6CBD100E6838A /* HYPNameInputValidator.m */ = {isa = PBXFileReference; fileEncoding = 4; lastKnownFileType = sourcecode.c.objc; path = HYPNameInputValidator.m; sourceTree = "<group>"; };
		447BCA8919E6CBD100E6838A /* HYPNumberInputValidator.h */ = {isa = PBXFileReference; fileEncoding = 4; lastKnownFileType = sourcecode.c.h; path = HYPNumberInputValidator.h; sourceTree = "<group>"; };
		447BCA8A19E6CBD100E6838A /* HYPNumberInputValidator.m */ = {isa = PBXFileReference; fileEncoding = 4; lastKnownFileType = sourcecode.c.objc; path = HYPNumberInputValidator.m; sourceTree = "<group>"; };
		447BCA8B19E6CBD100E6838A /* HYPPhoneNumberInputValidator.h */ = {isa = PBXFileReference; fileEncoding = 4; lastKnownFileType = sourcecode.c.h; path = HYPPhoneNumberInputValidator.h; sourceTree = "<group>"; };
		447BCA8C19E6CBD100E6838A /* HYPPhoneNumberInputValidator.m */ = {isa = PBXFileReference; fileEncoding = 4; lastKnownFileType = sourcecode.c.objc; path = HYPPhoneNumberInputValidator.m; sourceTree = "<group>"; };
		447BCA8D19E6CBD100E6838A /* HYPPostalCodeInputValidator.h */ = {isa = PBXFileReference; fileEncoding = 4; lastKnownFileType = sourcecode.c.h; path = HYPPostalCodeInputValidator.h; sourceTree = "<group>"; };
		447BCA8E19E6CBD100E6838A /* HYPPostalCodeInputValidator.m */ = {isa = PBXFileReference; fileEncoding = 4; lastKnownFileType = sourcecode.c.objc; path = HYPPostalCodeInputValidator.m; sourceTree = "<group>"; };
		447BCA8F19E6CBD100E6838A /* HYPSocialSecurityNumberInputValidator.h */ = {isa = PBXFileReference; fileEncoding = 4; lastKnownFileType = sourcecode.c.h; path = HYPSocialSecurityNumberInputValidator.h; sourceTree = "<group>"; };
		447BCA9019E6CBD100E6838A /* HYPSocialSecurityNumberInputValidator.m */ = {isa = PBXFileReference; fileEncoding = 4; lastKnownFileType = sourcecode.c.objc; path = HYPSocialSecurityNumberInputValidator.m; sourceTree = "<group>"; };
		44D6B64319E577A80009BB07 /* HYPValidator.h */ = {isa = PBXFileReference; fileEncoding = 4; lastKnownFileType = sourcecode.c.h; path = HYPValidator.h; sourceTree = "<group>"; };
		44D6B64419E577A80009BB07 /* HYPValidator.m */ = {isa = PBXFileReference; fileEncoding = 4; lastKnownFileType = sourcecode.c.objc; path = HYPValidator.m; sourceTree = "<group>"; };
		44D6B64919E5780F0009BB07 /* HYPBaseFormFieldCell.h */ = {isa = PBXFileReference; fileEncoding = 4; lastKnownFileType = sourcecode.c.h; path = HYPBaseFormFieldCell.h; sourceTree = "<group>"; };
		44D6B64A19E5780F0009BB07 /* HYPBaseFormFieldCell.m */ = {isa = PBXFileReference; fileEncoding = 4; lastKnownFileType = sourcecode.c.objc; path = HYPBaseFormFieldCell.m; sourceTree = "<group>"; };
		44D6B64D19E5780F0009BB07 /* HYPFormFieldHeadingLabel.h */ = {isa = PBXFileReference; fileEncoding = 4; lastKnownFileType = sourcecode.c.h; path = HYPFormFieldHeadingLabel.h; sourceTree = "<group>"; };
		44D6B64E19E5780F0009BB07 /* HYPFormFieldHeadingLabel.m */ = {isa = PBXFileReference; fileEncoding = 4; lastKnownFileType = sourcecode.c.objc; path = HYPFormFieldHeadingLabel.m; sourceTree = "<group>"; };
		44D6B64F19E5780F0009BB07 /* HYPPopoverFormFieldCell.h */ = {isa = PBXFileReference; fileEncoding = 4; lastKnownFileType = sourcecode.c.h; path = HYPPopoverFormFieldCell.h; sourceTree = "<group>"; };
		44D6B65019E5780F0009BB07 /* HYPPopoverFormFieldCell.m */ = {isa = PBXFileReference; fileEncoding = 4; lastKnownFileType = sourcecode.c.objc; path = HYPPopoverFormFieldCell.m; sourceTree = "<group>"; };
		44D6B65119E5780F0009BB07 /* HYPTextFieldTypeManager.h */ = {isa = PBXFileReference; fileEncoding = 4; lastKnownFileType = sourcecode.c.h; path = HYPTextFieldTypeManager.h; sourceTree = "<group>"; };
		44D6B65219E5780F0009BB07 /* HYPTextFieldTypeManager.m */ = {isa = PBXFileReference; fileEncoding = 4; lastKnownFileType = sourcecode.c.objc; path = HYPTextFieldTypeManager.m; sourceTree = "<group>"; };
		44D6B65319E5780F0009BB07 /* HYPTextFormField.h */ = {isa = PBXFileReference; fileEncoding = 4; lastKnownFileType = sourcecode.c.h; path = HYPTextFormField.h; sourceTree = "<group>"; };
		44D6B65419E5780F0009BB07 /* HYPTextFormField.m */ = {isa = PBXFileReference; fileEncoding = 4; lastKnownFileType = sourcecode.c.objc; path = HYPTextFormField.m; sourceTree = "<group>"; };
		44D6B65819E5780F0009BB07 /* HYPDateFormFieldCell.h */ = {isa = PBXFileReference; fileEncoding = 4; lastKnownFileType = sourcecode.c.h; path = HYPDateFormFieldCell.h; sourceTree = "<group>"; };
		44D6B65919E5780F0009BB07 /* HYPDateFormFieldCell.m */ = {isa = PBXFileReference; fileEncoding = 4; lastKnownFileType = sourcecode.c.objc; path = HYPDateFormFieldCell.m; sourceTree = "<group>"; };
		44D6B65B19E5780F0009BB07 /* HYPDropdownFormFieldCell.h */ = {isa = PBXFileReference; fileEncoding = 4; lastKnownFileType = sourcecode.c.h; path = HYPDropdownFormFieldCell.h; sourceTree = "<group>"; };
		44D6B65C19E5780F0009BB07 /* HYPDropdownFormFieldCell.m */ = {isa = PBXFileReference; fileEncoding = 4; lastKnownFileType = sourcecode.c.objc; path = HYPDropdownFormFieldCell.m; sourceTree = "<group>"; };
		44D6B65D19E5780F0009BB07 /* HYPFieldValuesTableViewController.h */ = {isa = PBXFileReference; fileEncoding = 4; lastKnownFileType = sourcecode.c.h; path = HYPFieldValuesTableViewController.h; sourceTree = "<group>"; };
		44D6B65E19E5780F0009BB07 /* HYPFieldValuesTableViewController.m */ = {isa = PBXFileReference; fileEncoding = 4; lastKnownFileType = sourcecode.c.objc; path = HYPFieldValuesTableViewController.m; sourceTree = "<group>"; };
		44D6B66019E5780F0009BB07 /* HYPTextFormFieldCell.h */ = {isa = PBXFileReference; fileEncoding = 4; lastKnownFileType = sourcecode.c.h; path = HYPTextFormFieldCell.h; sourceTree = "<group>"; };
		44D6B66119E5780F0009BB07 /* HYPTextFormFieldCell.m */ = {isa = PBXFileReference; fileEncoding = 4; lastKnownFileType = sourcecode.c.objc; path = HYPTextFormFieldCell.m; sourceTree = "<group>"; };
		44D6B66219E5780F0009BB07 /* HYPFormHeaderView.h */ = {isa = PBXFileReference; fileEncoding = 4; lastKnownFileType = sourcecode.c.h; path = HYPFormHeaderView.h; sourceTree = "<group>"; };
		44D6B66319E5780F0009BB07 /* HYPFormHeaderView.m */ = {isa = PBXFileReference; fileEncoding = 4; lastKnownFileType = sourcecode.c.objc; path = HYPFormHeaderView.m; sourceTree = "<group>"; };
		44D6B66419E5780F0009BB07 /* HYPFormBackgroundView.h */ = {isa = PBXFileReference; fileEncoding = 4; lastKnownFileType = sourcecode.c.h; path = HYPFormBackgroundView.h; sourceTree = "<group>"; };
		44D6B66519E5780F0009BB07 /* HYPFormBackgroundView.m */ = {isa = PBXFileReference; fileEncoding = 4; lastKnownFileType = sourcecode.c.objc; path = HYPFormBackgroundView.m; sourceTree = "<group>"; };
		44D6B66619E5780F0009BB07 /* HYPFormsCollectionViewController.h */ = {isa = PBXFileReference; fileEncoding = 4; lastKnownFileType = sourcecode.c.h; path = HYPFormsCollectionViewController.h; sourceTree = "<group>"; };
		44D6B66719E5780F0009BB07 /* HYPFormsCollectionViewController.m */ = {isa = PBXFileReference; fileEncoding = 4; lastKnownFileType = sourcecode.c.objc; path = HYPFormsCollectionViewController.m; sourceTree = "<group>"; };
		44D6B66819E5780F0009BB07 /* HYPFormsCollectionViewDataSource.h */ = {isa = PBXFileReference; fileEncoding = 4; lastKnownFileType = sourcecode.c.h; path = HYPFormsCollectionViewDataSource.h; sourceTree = "<group>"; };
		44D6B66919E5780F0009BB07 /* HYPFormsCollectionViewDataSource.m */ = {isa = PBXFileReference; fileEncoding = 4; lastKnownFileType = sourcecode.c.objc; path = HYPFormsCollectionViewDataSource.m; sourceTree = "<group>"; };
		44D6B66A19E5780F0009BB07 /* HYPFormsLayout.h */ = {isa = PBXFileReference; fileEncoding = 4; lastKnownFileType = sourcecode.c.h; path = HYPFormsLayout.h; sourceTree = "<group>"; };
		44D6B66B19E5780F0009BB07 /* HYPFormsLayout.m */ = {isa = PBXFileReference; fileEncoding = 4; lastKnownFileType = sourcecode.c.objc; path = HYPFormsLayout.m; sourceTree = "<group>"; };
		44D6B67D19E578490009BB07 /* HYPTimeViewController.h */ = {isa = PBXFileReference; fileEncoding = 4; lastKnownFileType = sourcecode.c.h; path = HYPTimeViewController.h; sourceTree = "<group>"; };
		44D6B67E19E578490009BB07 /* HYPTimeViewController.m */ = {isa = PBXFileReference; fileEncoding = 4; lastKnownFileType = sourcecode.c.objc; path = HYPTimeViewController.m; sourceTree = "<group>"; };
		B9243ED4871CF70DD889729A /* libPods.a */ = {isa = PBXFileReference; explicitFileType = archive.ar; includeInIndex = 0; path = libPods.a; sourceTree = BUILT_PRODUCTS_DIR; };
		E05BE626FD241721C25276D4 /* Pods.debug.xcconfig */ = {isa = PBXFileReference; includeInIndex = 1; lastKnownFileType = text.xcconfig; name = Pods.debug.xcconfig; path = "Pods/Target Support Files/Pods/Pods.debug.xcconfig"; sourceTree = "<group>"; };
/* End PBXFileReference section */

/* Begin PBXFrameworksBuildPhase section */
		441B779D19DEC4F3006AF67C /* Frameworks */ = {
			isa = PBXFrameworksBuildPhase;
			buildActionMask = 2147483647;
			files = (
				890DF4637B5C51A0210949DE /* libPods.a in Frameworks */,
			);
			runOnlyForDeploymentPostprocessing = 0;
		};
/* End PBXFrameworksBuildPhase section */

/* Begin PBXGroup section */
		146D7ACB19E09953004A31CE /* Categories */ = {
			isa = PBXGroup;
			children = (
				4408F15819E81E2F005AE53F /* NSDate+HYPISO8601.h */,
				4408F15919E81E2F005AE53F /* NSDate+HYPISO8601.m */,
				142E4D3D19E3419900C22B7E /* UIColor+Colors.h */,
				142E4D3E19E3419900C22B7E /* UIColor+Colors.m */,
				4441A9ED19E2BC140068498D /* UIFont+Styles.h */,
				4441A9EE19E2BC140068498D /* UIFont+Styles.m */,
			);
			path = Categories;
			sourceTree = "<group>";
		};
		146DEA2B19E0929B00D9E3FF /* Form */ = {
			isa = PBXGroup;
			children = (
				44D6B64319E577A80009BB07 /* HYPValidator.h */,
				44D6B64419E577A80009BB07 /* HYPValidator.m */,
				146DEA2C19E0929B00D9E3FF /* HYPFieldRule.h */,
				146DEA2D19E0929B00D9E3FF /* HYPFieldRule.m */,
				146DEA2E19E0929B00D9E3FF /* HYPForm.h */,
				146DEA2F19E0929B00D9E3FF /* HYPForm.m */,
				146DEA3019E0929B00D9E3FF /* HYPFieldValue.h */,
				146DEA3119E0929B00D9E3FF /* HYPFieldValue.m */,
				146DEA3219E0929B00D9E3FF /* HYPFormField.h */,
				146DEA3319E0929B00D9E3FF /* HYPFormField.m */,
				146DEA3419E0929B00D9E3FF /* HYPFormSection.h */,
				146DEA3519E0929B00D9E3FF /* HYPFormSection.m */,
			);
			path = Form;
			sourceTree = "<group>";
		};
		441B779719DEC4F3006AF67C = {
			isa = PBXGroup;
			children = (
				441B77A219DEC4F3006AF67C /* HYPForms */,
				441B77A119DEC4F3006AF67C /* Products */,
				A2614FE9D8D55BAB932782D8 /* Pods */,
				D3A80C2DC008F84358B1594C /* Frameworks */,
			);
			sourceTree = "<group>";
		};
		441B77A119DEC4F3006AF67C /* Products */ = {
			isa = PBXGroup;
			children = (
				441B77A019DEC4F3006AF67C /* HYPForms.app */,
			);
			name = Products;
			sourceTree = "<group>";
		};
		441B77A219DEC4F3006AF67C /* HYPForms */ = {
			isa = PBXGroup;
			children = (
				44D6B64619E577CC0009BB07 /* Source */,
				447BCA7719E6CBD100E6838A /* Formatters */,
				447BCA8019E6CBD100E6838A /* Input Validators */,
				44D6B67C19E578490009BB07 /* Libraries */,
				445DAF9219E52D76006F8052 /* Images */,
				4441A9E219E2BBC50068498D /* Fonts */,
				146D7ACB19E09953004A31CE /* Categories */,
				146DEA2B19E0929B00D9E3FF /* Form */,
				441B77A719DEC4F4006AF67C /* AppDelegate.h */,
				441B77A819DEC4F4006AF67C /* AppDelegate.m */,
				1478934B19DFCC9000BC2497 /* forms.json */,
				441B77B019DEC4F4006AF67C /* Images.xcassets */,
				441B77A319DEC4F3006AF67C /* Supporting Files */,
			);
			path = HYPForms;
			sourceTree = "<group>";
		};
		441B77A319DEC4F3006AF67C /* Supporting Files */ = {
			isa = PBXGroup;
			children = (
				441B77A419DEC4F4006AF67C /* Info.plist */,
				441B77A519DEC4F4006AF67C /* main.m */,
			);
			name = "Supporting Files";
			sourceTree = "<group>";
		};
		4441A9E219E2BBC50068498D /* Fonts */ = {
			isa = PBXGroup;
			children = (
				4441A9E319E2BBC50068498D /* DIN-BLAC.OTF */,
				4441A9E419E2BBC50068498D /* DIN-BOLD.OTF */,
				4441A9E519E2BBC50068498D /* DIN-LIGH.OTF */,
				4441A9E619E2BBC50068498D /* DIN-MEDI.OTF */,
				4441A9E719E2BBC50068498D /* DIN-REGU.OTF */,
			);
			path = Fonts;
			sourceTree = "<group>";
		};
		445DAF9219E52D76006F8052 /* Images */ = {
			isa = PBXGroup;
			children = (
				445DAF9319E52D76006F8052 /* ic_mini_arrow_down.png */,
				445DAF9419E52D76006F8052 /* ic_mini_arrow_down@2x.png */,
			);
			path = Images;
			sourceTree = "<group>";
		};
		447BCA7719E6CBD100E6838A /* Formatters */ = {
			isa = PBXGroup;
			children = (
				447BCA7819E6CBD100E6838A /* HYPBankAccountNumberFormatter.h */,
				447BCA7919E6CBD100E6838A /* HYPBankAccountNumberFormatter.m */,
				447BCA7A19E6CBD100E6838A /* HYPFormatter.h */,
				447BCA7B19E6CBD100E6838A /* HYPFormatter.m */,
				447BCA7C19E6CBD100E6838A /* HYPPhoneNumberFormatter.h */,
				447BCA7D19E6CBD100E6838A /* HYPPhoneNumberFormatter.m */,
				447BCA7E19E6CBD100E6838A /* HYPSocialSecurityNumberFormatter.h */,
				447BCA7F19E6CBD100E6838A /* HYPSocialSecurityNumberFormatter.m */,
			);
			path = Formatters;
			sourceTree = "<group>";
		};
		447BCA8019E6CBD100E6838A /* Input Validators */ = {
			isa = PBXGroup;
			children = (
				447BCA8119E6CBD100E6838A /* HYPBankAccountNumberInputValidator.h */,
				447BCA8219E6CBD100E6838A /* HYPBankAccountNumberInputValidator.m */,
				447BCA8319E6CBD100E6838A /* HYPFloatInputValidator.h */,
				447BCA8419E6CBD100E6838A /* HYPFloatInputValidator.m */,
				447BCA8519E6CBD100E6838A /* HYPInputValidator.h */,
				447BCA8619E6CBD100E6838A /* HYPInputValidator.m */,
				447BCA8719E6CBD100E6838A /* HYPNameInputValidator.h */,
				447BCA8819E6CBD100E6838A /* HYPNameInputValidator.m */,
				447BCA8919E6CBD100E6838A /* HYPNumberInputValidator.h */,
				447BCA8A19E6CBD100E6838A /* HYPNumberInputValidator.m */,
				447BCA8B19E6CBD100E6838A /* HYPPhoneNumberInputValidator.h */,
				447BCA8C19E6CBD100E6838A /* HYPPhoneNumberInputValidator.m */,
				447BCA8D19E6CBD100E6838A /* HYPPostalCodeInputValidator.h */,
				447BCA8E19E6CBD100E6838A /* HYPPostalCodeInputValidator.m */,
				447BCA8F19E6CBD100E6838A /* HYPSocialSecurityNumberInputValidator.h */,
				447BCA9019E6CBD100E6838A /* HYPSocialSecurityNumberInputValidator.m */,
			);
			path = "Input Validators";
			sourceTree = "<group>";
		};
		44D6B64619E577CC0009BB07 /* Source */ = {
			isa = PBXGroup;
			children = (
				44D6B64719E5780F0009BB07 /* Cells */,
				44D6B66219E5780F0009BB07 /* HYPFormHeaderView.h */,
				44D6B66319E5780F0009BB07 /* HYPFormHeaderView.m */,
				44D6B66419E5780F0009BB07 /* HYPFormBackgroundView.h */,
				44D6B66519E5780F0009BB07 /* HYPFormBackgroundView.m */,
				44D6B66619E5780F0009BB07 /* HYPFormsCollectionViewController.h */,
				44D6B66719E5780F0009BB07 /* HYPFormsCollectionViewController.m */,
				44D6B66819E5780F0009BB07 /* HYPFormsCollectionViewDataSource.h */,
				44D6B66919E5780F0009BB07 /* HYPFormsCollectionViewDataSource.m */,
				44D6B66A19E5780F0009BB07 /* HYPFormsLayout.h */,
				44D6B66B19E5780F0009BB07 /* HYPFormsLayout.m */,
			);
			path = Source;
			sourceTree = "<group>";
		};
		44D6B64719E5780F0009BB07 /* Cells */ = {
			isa = PBXGroup;
			children = (
				44D6B64819E5780F0009BB07 /* Base */,
				44D6B65519E5780F0009BB07 /* Date */,
				44D6B65A19E5780F0009BB07 /* Dropdown */,
				44D6B65F19E5780F0009BB07 /* Text */,
			);
			path = Cells;
			sourceTree = "<group>";
		};
		44D6B64819E5780F0009BB07 /* Base */ = {
			isa = PBXGroup;
			children = (
				44D6B64919E5780F0009BB07 /* HYPBaseFormFieldCell.h */,
				44D6B64A19E5780F0009BB07 /* HYPBaseFormFieldCell.m */,
				44D6B64D19E5780F0009BB07 /* HYPFormFieldHeadingLabel.h */,
				44D6B64E19E5780F0009BB07 /* HYPFormFieldHeadingLabel.m */,
				44D6B64F19E5780F0009BB07 /* HYPPopoverFormFieldCell.h */,
				44D6B65019E5780F0009BB07 /* HYPPopoverFormFieldCell.m */,
				44D6B65119E5780F0009BB07 /* HYPTextFieldTypeManager.h */,
				44D6B65219E5780F0009BB07 /* HYPTextFieldTypeManager.m */,
				44D6B65319E5780F0009BB07 /* HYPTextFormField.h */,
				44D6B65419E5780F0009BB07 /* HYPTextFormField.m */,
			);
			path = Base;
			sourceTree = "<group>";
		};
		44D6B65519E5780F0009BB07 /* Date */ = {
			isa = PBXGroup;
			children = (
				44D6B65819E5780F0009BB07 /* HYPDateFormFieldCell.h */,
				44D6B65919E5780F0009BB07 /* HYPDateFormFieldCell.m */,
			);
			path = Date;
			sourceTree = "<group>";
		};
		44D6B65A19E5780F0009BB07 /* Dropdown */ = {
			isa = PBXGroup;
			children = (
				44D6B65B19E5780F0009BB07 /* HYPDropdownFormFieldCell.h */,
				44D6B65C19E5780F0009BB07 /* HYPDropdownFormFieldCell.m */,
				44D6B65D19E5780F0009BB07 /* HYPFieldValuesTableViewController.h */,
				44D6B65E19E5780F0009BB07 /* HYPFieldValuesTableViewController.m */,
			);
			path = Dropdown;
			sourceTree = "<group>";
		};
		44D6B65F19E5780F0009BB07 /* Text */ = {
			isa = PBXGroup;
			children = (
				44D6B66019E5780F0009BB07 /* HYPTextFormFieldCell.h */,
				44D6B66119E5780F0009BB07 /* HYPTextFormFieldCell.m */,
			);
			path = Text;
			sourceTree = "<group>";
		};
		44D6B67C19E578490009BB07 /* Libraries */ = {
			isa = PBXGroup;
			children = (
				44D6B67D19E578490009BB07 /* HYPTimeViewController.h */,
				44D6B67E19E578490009BB07 /* HYPTimeViewController.m */,
			);
			path = Libraries;
			sourceTree = "<group>";
		};
		A2614FE9D8D55BAB932782D8 /* Pods */ = {
			isa = PBXGroup;
			children = (
				E05BE626FD241721C25276D4 /* Pods.debug.xcconfig */,
				07105CF419C6385F89E04B13 /* Pods.release.xcconfig */,
			);
			name = Pods;
			sourceTree = "<group>";
		};
		D3A80C2DC008F84358B1594C /* Frameworks */ = {
			isa = PBXGroup;
			children = (
				B9243ED4871CF70DD889729A /* libPods.a */,
			);
			name = Frameworks;
			sourceTree = "<group>";
		};
/* End PBXGroup section */

/* Begin PBXNativeTarget section */
		441B779F19DEC4F3006AF67C /* HYPForms */ = {
			isa = PBXNativeTarget;
			buildConfigurationList = 441B77C319DEC4F4006AF67C /* Build configuration list for PBXNativeTarget "HYPForms" */;
			buildPhases = (
				D7749FE0D66398DC8D2F431F /* Check Pods Manifest.lock */,
				441B779C19DEC4F3006AF67C /* Sources */,
				441B779D19DEC4F3006AF67C /* Frameworks */,
				441B779E19DEC4F3006AF67C /* Resources */,
				1383001FDEEAEA3C1393FEE6 /* Copy Pods Resources */,
			);
			buildRules = (
			);
			dependencies = (
			);
			name = HYPForms;
			productName = REMAForms;
			productReference = 441B77A019DEC4F3006AF67C /* HYPForms.app */;
			productType = "com.apple.product-type.application";
		};
/* End PBXNativeTarget section */

/* Begin PBXProject section */
		441B779819DEC4F3006AF67C /* Project object */ = {
			isa = PBXProject;
			attributes = {
				LastUpgradeCheck = 0600;
				ORGANIZATIONNAME = Hyper;
				TargetAttributes = {
					441B779F19DEC4F3006AF67C = {
						CreatedOnToolsVersion = 6.0.1;
					};
				};
			};
			buildConfigurationList = 441B779B19DEC4F3006AF67C /* Build configuration list for PBXProject "HYPForms" */;
			compatibilityVersion = "Xcode 3.2";
			developmentRegion = English;
			hasScannedForEncodings = 0;
			knownRegions = (
				en,
				Base,
			);
			mainGroup = 441B779719DEC4F3006AF67C;
			productRefGroup = 441B77A119DEC4F3006AF67C /* Products */;
			projectDirPath = "";
			projectRoot = "";
			targets = (
				441B779F19DEC4F3006AF67C /* HYPForms */,
			);
		};
/* End PBXProject section */

/* Begin PBXResourcesBuildPhase section */
		441B779E19DEC4F3006AF67C /* Resources */ = {
			isa = PBXResourcesBuildPhase;
			buildActionMask = 2147483647;
			files = (
				4441A9E919E2BBC50068498D /* DIN-BOLD.OTF in Resources */,
				4441A9EA19E2BBC50068498D /* DIN-LIGH.OTF in Resources */,
				445DAF9519E52D76006F8052 /* ic_mini_arrow_down.png in Resources */,
				4441A9EC19E2BBC50068498D /* DIN-REGU.OTF in Resources */,
				4441A9EB19E2BBC50068498D /* DIN-MEDI.OTF in Resources */,
				441B77B119DEC4F4006AF67C /* Images.xcassets in Resources */,
				1478934C19DFCC9000BC2497 /* forms.json in Resources */,
				445DAF9619E52D76006F8052 /* ic_mini_arrow_down@2x.png in Resources */,
				4441A9E819E2BBC50068498D /* DIN-BLAC.OTF in Resources */,
			);
			runOnlyForDeploymentPostprocessing = 0;
		};
/* End PBXResourcesBuildPhase section */

/* Begin PBXShellScriptBuildPhase section */
		1383001FDEEAEA3C1393FEE6 /* Copy Pods Resources */ = {
			isa = PBXShellScriptBuildPhase;
			buildActionMask = 2147483647;
			files = (
			);
			inputPaths = (
			);
			name = "Copy Pods Resources";
			outputPaths = (
			);
			runOnlyForDeploymentPostprocessing = 0;
			shellPath = /bin/sh;
			shellScript = "\"${SRCROOT}/Pods/Target Support Files/Pods/Pods-resources.sh\"\n";
			showEnvVarsInLog = 0;
		};
		D7749FE0D66398DC8D2F431F /* Check Pods Manifest.lock */ = {
			isa = PBXShellScriptBuildPhase;
			buildActionMask = 2147483647;
			files = (
			);
			inputPaths = (
			);
			name = "Check Pods Manifest.lock";
			outputPaths = (
			);
			runOnlyForDeploymentPostprocessing = 0;
			shellPath = /bin/sh;
			shellScript = "diff \"${PODS_ROOT}/../Podfile.lock\" \"${PODS_ROOT}/Manifest.lock\" > /dev/null\nif [[ $? != 0 ]] ; then\n    cat << EOM\nerror: The sandbox is not in sync with the Podfile.lock. Run 'pod install' or update your CocoaPods installation.\nEOM\n    exit 1\nfi\n";
			showEnvVarsInLog = 0;
		};
/* End PBXShellScriptBuildPhase section */

/* Begin PBXSourcesBuildPhase section */
		441B779C19DEC4F3006AF67C /* Sources */ = {
			isa = PBXSourcesBuildPhase;
			buildActionMask = 2147483647;
			files = (
				44D6B67919E5780F0009BB07 /* HYPFormsCollectionViewController.m in Sources */,
				44D6B67419E5780F0009BB07 /* HYPDropdownFormFieldCell.m in Sources */,
				447BCA9219E6CBD100E6838A /* HYPFormatter.m in Sources */,
				44D6B67619E5780F0009BB07 /* HYPTextFormFieldCell.m in Sources */,
				44D6B66F19E5780F0009BB07 /* HYPPopoverFormFieldCell.m in Sources */,
				441B77A919DEC4F4006AF67C /* AppDelegate.m in Sources */,
				447BCA9619E6CBD100E6838A /* HYPFloatInputValidator.m in Sources */,
				44D6B67319E5780F0009BB07 /* HYPDateFormFieldCell.m in Sources */,
				146DEA3819E0929B00D9E3FF /* HYPFieldRule.m in Sources */,
				447BCA9519E6CBD100E6838A /* HYPBankAccountNumberInputValidator.m in Sources */,
				44D6B67A19E5780F0009BB07 /* HYPFormsCollectionViewDataSource.m in Sources */,
				447BCA9C19E6CBD100E6838A /* HYPSocialSecurityNumberInputValidator.m in Sources */,
				447BCA9A19E6CBD100E6838A /* HYPPhoneNumberInputValidator.m in Sources */,
				44D6B66E19E5780F0009BB07 /* HYPFormFieldHeadingLabel.m in Sources */,
				447BCA9B19E6CBD100E6838A /* HYPPostalCodeInputValidator.m in Sources */,
				146DEA3C19E0929B00D9E3FF /* HYPFormSection.m in Sources */,
				447BCA9719E6CBD100E6838A /* HYPInputValidator.m in Sources */,
				146DEA3A19E0929B00D9E3FF /* HYPFieldValue.m in Sources */,
				447BCA9819E6CBD100E6838A /* HYPNameInputValidator.m in Sources */,
				44D6B67B19E5780F0009BB07 /* HYPFormsLayout.m in Sources */,
				44D6B67719E5780F0009BB07 /* HYPFormHeaderView.m in Sources */,
				146DEA3B19E0929B00D9E3FF /* HYPFormField.m in Sources */,
				44D6B66C19E5780F0009BB07 /* HYPBaseFormFieldCell.m in Sources */,
				447BCA9919E6CBD100E6838A /* HYPNumberInputValidator.m in Sources */,
				44D6B67519E5780F0009BB07 /* HYPFieldValuesTableViewController.m in Sources */,
				44D6B67119E5780F0009BB07 /* HYPTextFormField.m in Sources */,
				441B77A619DEC4F4006AF67C /* main.m in Sources */,
				4408F15A19E81E2F005AE53F /* NSDate+HYPISO8601.m in Sources */,
				447BCA9419E6CBD100E6838A /* HYPSocialSecurityNumberFormatter.m in Sources */,
				44D6B64519E577A80009BB07 /* HYPValidator.m in Sources */,
				447BCA9119E6CBD100E6838A /* HYPBankAccountNumberFormatter.m in Sources */,
				4441A9EF19E2BC140068498D /* UIFont+Styles.m in Sources */,
				447BCA9319E6CBD100E6838A /* HYPPhoneNumberFormatter.m in Sources */,
				44D6B67819E5780F0009BB07 /* HYPFormBackgroundView.m in Sources */,
				44D6B67F19E578490009BB07 /* HYPTimeViewController.m in Sources */,
				146DEA3919E0929B00D9E3FF /* HYPForm.m in Sources */,
				44D6B67019E5780F0009BB07 /* HYPTextFieldTypeManager.m in Sources */,
				142E4D3F19E3419900C22B7E /* UIColor+Colors.m in Sources */,
			);
			runOnlyForDeploymentPostprocessing = 0;
		};
/* End PBXSourcesBuildPhase section */

/* Begin XCBuildConfiguration section */
		441B77C119DEC4F4006AF67C /* Debug */ = {
			isa = XCBuildConfiguration;
			buildSettings = {
				ALWAYS_SEARCH_USER_PATHS = NO;
				CLANG_CXX_LANGUAGE_STANDARD = "gnu++0x";
				CLANG_CXX_LIBRARY = "libc++";
				CLANG_ENABLE_MODULES = YES;
				CLANG_ENABLE_OBJC_ARC = YES;
				CLANG_WARN_BOOL_CONVERSION = YES;
				CLANG_WARN_CONSTANT_CONVERSION = YES;
				CLANG_WARN_DIRECT_OBJC_ISA_USAGE = YES_ERROR;
				CLANG_WARN_EMPTY_BODY = YES;
				CLANG_WARN_ENUM_CONVERSION = YES;
				CLANG_WARN_INT_CONVERSION = YES;
				CLANG_WARN_OBJC_ROOT_CLASS = YES_ERROR;
				CLANG_WARN_UNREACHABLE_CODE = YES;
				CLANG_WARN__DUPLICATE_METHOD_MATCH = YES;
				"CODE_SIGN_IDENTITY[sdk=iphoneos*]" = "iPhone Developer";
				COPY_PHASE_STRIP = NO;
				ENABLE_STRICT_OBJC_MSGSEND = YES;
				GCC_C_LANGUAGE_STANDARD = gnu99;
				GCC_DYNAMIC_NO_PIC = NO;
				GCC_OPTIMIZATION_LEVEL = 0;
				GCC_PREPROCESSOR_DEFINITIONS = (
					"DEBUG=1",
					"$(inherited)",
				);
				GCC_SYMBOLS_PRIVATE_EXTERN = NO;
				GCC_WARN_64_TO_32_BIT_CONVERSION = YES;
				GCC_WARN_ABOUT_RETURN_TYPE = YES_ERROR;
				GCC_WARN_UNDECLARED_SELECTOR = YES;
				GCC_WARN_UNINITIALIZED_AUTOS = YES_AGGRESSIVE;
				GCC_WARN_UNUSED_FUNCTION = YES;
				GCC_WARN_UNUSED_VARIABLE = YES;
				IPHONEOS_DEPLOYMENT_TARGET = 7.0;
				MTL_ENABLE_DEBUG_INFO = YES;
				ONLY_ACTIVE_ARCH = YES;
				SDKROOT = iphoneos;
			};
			name = Debug;
		};
		441B77C219DEC4F4006AF67C /* Release */ = {
			isa = XCBuildConfiguration;
			buildSettings = {
				ALWAYS_SEARCH_USER_PATHS = NO;
				CLANG_CXX_LANGUAGE_STANDARD = "gnu++0x";
				CLANG_CXX_LIBRARY = "libc++";
				CLANG_ENABLE_MODULES = YES;
				CLANG_ENABLE_OBJC_ARC = YES;
				CLANG_WARN_BOOL_CONVERSION = YES;
				CLANG_WARN_CONSTANT_CONVERSION = YES;
				CLANG_WARN_DIRECT_OBJC_ISA_USAGE = YES_ERROR;
				CLANG_WARN_EMPTY_BODY = YES;
				CLANG_WARN_ENUM_CONVERSION = YES;
				CLANG_WARN_INT_CONVERSION = YES;
				CLANG_WARN_OBJC_ROOT_CLASS = YES_ERROR;
				CLANG_WARN_UNREACHABLE_CODE = YES;
				CLANG_WARN__DUPLICATE_METHOD_MATCH = YES;
				"CODE_SIGN_IDENTITY[sdk=iphoneos*]" = "iPhone Developer";
				COPY_PHASE_STRIP = YES;
				ENABLE_NS_ASSERTIONS = NO;
				ENABLE_STRICT_OBJC_MSGSEND = YES;
				GCC_C_LANGUAGE_STANDARD = gnu99;
				GCC_WARN_64_TO_32_BIT_CONVERSION = YES;
				GCC_WARN_ABOUT_RETURN_TYPE = YES_ERROR;
				GCC_WARN_UNDECLARED_SELECTOR = YES;
				GCC_WARN_UNINITIALIZED_AUTOS = YES_AGGRESSIVE;
				GCC_WARN_UNUSED_FUNCTION = YES;
				GCC_WARN_UNUSED_VARIABLE = YES;
				IPHONEOS_DEPLOYMENT_TARGET = 7.0;
				MTL_ENABLE_DEBUG_INFO = NO;
				SDKROOT = iphoneos;
				VALIDATE_PRODUCT = YES;
			};
			name = Release;
		};
		441B77C419DEC4F4006AF67C /* Debug */ = {
			isa = XCBuildConfiguration;
			baseConfigurationReference = E05BE626FD241721C25276D4 /* Pods.debug.xcconfig */;
			buildSettings = {
				ASSETCATALOG_COMPILER_APPICON_NAME = AppIcon;
				ASSETCATALOG_COMPILER_LAUNCHIMAGE_NAME = LaunchImage;
				INFOPLIST_FILE = HYPForms/Info.plist;
				LD_RUNPATH_SEARCH_PATHS = "$(inherited) @executable_path/Frameworks";
				PRODUCT_NAME = HYPForms;
				TARGETED_DEVICE_FAMILY = 2;
			};
			name = Debug;
		};
		441B77C519DEC4F4006AF67C /* Release */ = {
			isa = XCBuildConfiguration;
			baseConfigurationReference = 07105CF419C6385F89E04B13 /* Pods.release.xcconfig */;
			buildSettings = {
				ASSETCATALOG_COMPILER_APPICON_NAME = AppIcon;
				ASSETCATALOG_COMPILER_LAUNCHIMAGE_NAME = LaunchImage;
				INFOPLIST_FILE = HYPForms/Info.plist;
				LD_RUNPATH_SEARCH_PATHS = "$(inherited) @executable_path/Frameworks";
				PRODUCT_NAME = HYPForms;
				TARGETED_DEVICE_FAMILY = 2;
			};
			name = Release;
		};
/* End XCBuildConfiguration section */

/* Begin XCConfigurationList section */
		441B779B19DEC4F3006AF67C /* Build configuration list for PBXProject "HYPForms" */ = {
			isa = XCConfigurationList;
			buildConfigurations = (
				441B77C119DEC4F4006AF67C /* Debug */,
				441B77C219DEC4F4006AF67C /* Release */,
			);
			defaultConfigurationIsVisible = 0;
			defaultConfigurationName = Release;
		};
		441B77C319DEC4F4006AF67C /* Build configuration list for PBXNativeTarget "HYPForms" */ = {
			isa = XCConfigurationList;
			buildConfigurations = (
				441B77C419DEC4F4006AF67C /* Debug */,
				441B77C519DEC4F4006AF67C /* Release */,
			);
			defaultConfigurationIsVisible = 0;
			defaultConfigurationName = Release;
		};
/* End XCConfigurationList section */
	};
	rootObject = 441B779819DEC4F3006AF67C /* Project object */;
}
